
Microsoft Visual Studio Solution File, Format Version 11.00
# Visual Studio 2010
Project("{F184B08F-C81C-45F6-A57F-5ABD9991F28F}") = "CustomImageEx_VB.Net_2010", "CustomImageEx_VB.Net_2010.vbproj", "{F1C8FF7F-B281-4086-B73D-44961587F65E}"
EndProject
Global
	GlobalSection(SolutionConfigurationPlatforms) = preSolution
		Debug|Any CPU = Debug|Any CPU
		Debug|x64 = Debug|x64
		Debug|x86 = Debug|x86
		Release|Any CPU = Release|Any CPU
		Release|x64 = Release|x64
		Release|x86 = Release|x86
	EndGlobalSection
	GlobalSection(ProjectConfigurationPlatforms) = postSolution
		{F1C8FF7F-B281-4086-B73D-44961587F65E}.Debug|Any CPU.ActiveCfg = Debug|Any CPU
		{F1C8FF7F-B281-4086-B73D-44961587F65E}.Debug|Any CPU.Build.0 = Debug|Any CPU
		{F1C8FF7F-B281-4086-B73D-44961587F65E}.Debug|x64.ActiveCfg = Debug|x64
		{F1C8FF7F-B281-4086-B73D-44961587F65E}.Debug|x64.Build.0 = Debug|x64
		{F1C8FF7F-B281-4086-B73D-44961587F65E}.Debug|x86.ActiveCfg = Debug|x86
		{F1C8FF7F-B281-4086-B73D-44961587F65E}.Debug|x86.Build.0 = Debug|x86
		{F1C8FF7F-B281-4086-B73D-44961587F65E}.Release|Any CPU.ActiveCfg = Release|Any CPU
		{F1C8FF7F-B281-4086-B73D-44961587F65E}.Release|Any CPU.Build.0 = Release|Any CPU
		{F1C8FF7F-B281-4086-B73D-44961587F65E}.Release|x64.ActiveCfg = Release|x64
		{F1C8FF7F-B281-4086-B73D-44961587F65E}.Release|x64.Build.0 = Release|x64
		{F1C8FF7F-B281-4086-B73D-44961587F65E}.Release|x86.ActiveCfg = Release|x86
		{F1C8FF7F-B281-4086-B73D-44961587F65E}.Release|x86.Build.0 = Release|x86
	EndGlobalSection
	GlobalSection(SolutionProperties) = preSolution
		HideSolutionNode = FALSE
	EndGlobalSection
EndGlobal
