Microsoft Visual Studio Solution File, Format Version 12.00
# Visual Studio 2015
Project("{FAE04EC0-301F-11D3-BF4B-00C04F79EFBC}") = "MultipleCameraEx_CSharp", "MultipleCameraEx_CSharp_vs2015.csproj", "{57B7008B-C3EE-4822-CCF8-AC4538AF6F1B}"
EndProject
Global
	GlobalSection(SolutionConfigurationPlatforms) = preSolution
		Debug|x64 = Debug|x64
		Debug|x86 = Debug|x86
		Release|x64 = Release|x64
		Release|x86 = Release|x86
	EndGlobalSection
	GlobalSection(ProjectConfigurationPlatforms) = postSolution
		{57B7008B-C3EE-4822-CCF8-AC4538AF6F1B}.Debug|x64.ActiveCfg = Debug|x64
		{57B7008B-C3EE-4822-CCF8-AC4538AF6F1B}.Debug|x64.Build.0 = Debug|x64
		{57B7008B-C3EE-4822-CCF8-AC4538AF6F1B}.Debug|x86.ActiveCfg = Debug|x86
		{57B7008B-C3EE-4822-CCF8-AC4538AF6F1B}.Debug|x86.Build.0 = Debug|x86
		{57B7008B-C3EE-4822-CCF8-AC4538AF6F1B}.Release|x64.ActiveCfg = Release|x64
		{57B7008B-C3EE-4822-CCF8-AC4538AF6F1B}.Release|x64.Build.0 = Release|x64
		{57B7008B-C3EE-4822-CCF8-AC4538AF6F1B}.Release|x86.ActiveCfg = Release|x86
		{57B7008B-C3EE-4822-CCF8-AC4538AF6F1B}.Release|x86.Build.0 = Release|x86
	EndGlobalSection
	GlobalSection(SolutionProperties) = preSolution
		HideSolutionNode = FALSE
	EndGlobalSection
EndGlobal
