
Microsoft Visual Studio Solution File, Format Version 12.00
# Visual Studio 15
VisualStudioVersion = 15.0.28307.902
MinimumVisualStudioVersion = 10.0.40219.1
Project("{2150E333-8FDC-42A3-9474-1A3956D46DE8}") = "C++ Examples", "C++ Examples", "{DD197E79-C97C-0D1E-7202-46D45E44D9A0}"
EndProject
Project("{8BC9CEB8-8B4A-11D0-8D11-00A0C91BC942}") = "AsyncTriggerEx", "AsyncTriggerEx\AsyncTriggerEx_vs2015.vcxproj", "{1456E6B8-0024-DABE-E9B7-4AE5D524B623}"
	ProjectSection(ProjectDependencies) = postProject
		{E05A1B0C-CCE9-A4D5-7508-B9D06176B57B} = {E05A1B0C-CCE9-A4D5-7508-B9D06176B57B}
		{194D450D-0531-0663-6E91-00B65A94F0E4} = {194D450D-0531-0663-6E91-00B65A94F0E4}
		{B419BF0F-A0FD-7F65-095E-7AB8F5606AE7} = {B419BF0F-A0FD-7F65-095E-7AB8F5606AE7}
		{B65BCD14-223B-4CB0-2B53-D78697B1B211} = {B65BCD14-223B-4CB0-2B53-D78697B1B211}
		{FACD0E19-66E4-0CAF-AF5B-98D01BB1DD36} = {FACD0E19-66E4-0CAF-AF5B-98D01BB1DD36}
		{77F0351B-63E9-546D-8C1B-3AF278733479} = {77F0351B-63E9-546D-8C1B-3AF278733479}
		{383CB821-A452-B6B7-EDC9-41D9591F873F} = {383CB821-A452-B6B7-EDC9-41D9591F873F}
		{789F7D49-E454-F63E-6D49-F015D9FDEC42} = {789F7D49-E454-F63E-6D49-F015D9FDEC42}
		{7C9BFD5B-68FE-8C00-1184-C5B6FDC55883} = {7C9BFD5B-68FE-8C00-1184-C5B6FDC55883}
		{5977415E-452F-83AB-AE36-5C079A0D1E9C} = {5977415E-452F-83AB-AE36-5C079A0D1E9C}
		{206C3362-8C2C-AF98-5567-F815C1E6F374} = {206C3362-8C2C-AF98-5567-F815C1E6F374}
		{CB8FA864-37FC-635F-00F0-FBBC6C1B86C7} = {CB8FA864-37FC-635F-00F0-FBBC6C1B86C7}
		{0A5AEF6F-03E9-4E9C-8A24-5D831D620270} = {0A5AEF6F-03E9-4E9C-8A24-5D831D620270}
		{6A6F7F70-D624-F865-5F19-F23CCBCDEE69} = {6A6F7F70-D624-F865-5F19-F23CCBCDEE69}
		{3644F772-223E-20C5-0BAB-B6D5F7438631} = {3644F772-223E-20C5-0BAB-B6D5F7438631}
		{C5145D76-B1F8-1DCC-1A59-181F065C084E} = {C5145D76-B1F8-1DCC-1A59-181F065C084E}
		{F1C8FF7F-B281-4086-B73D-44961587F65E} = {F1C8FF7F-B281-4086-B73D-44961587F65E}
		{57B7008B-C3EE-4822-CCF8-AC4538AF6F1B} = {57B7008B-C3EE-4822-CCF8-AC4538AF6F1B}
		{2711A28C-1374-3131-BCF9-69E7A83BFDB3} = {2711A28C-1374-3131-BCF9-69E7A83BFDB3}
		{6CFE188E-D8BE-94C4-A1F9-DD410D79D9A0} = {6CFE188E-D8BE-94C4-A1F9-DD410D79D9A0}
		{22FDA591-8E13-A427-D78A-2F4943E074AF} = {22FDA591-8E13-A427-D78A-2F4943E074AF}
		{FB5F2992-E72D-1D98-D0C1-8DBEBC2EF9FC} = {FB5F2992-E72D-1D98-D0C1-8DBEBC2EF9FC}
		{4119C396-ADCE-3B8C-36C3-3563A2773290} = {4119C396-ADCE-3B8C-36C3-3563A2773290}
		{7A887997-6640-BBE4-CF47-9440BB1E56D5} = {7A887997-6640-BBE4-CF47-9440BB1E56D5}
		{17C96A98-0396-C5A3-2CAF-B34B18DBFA31} = {17C96A98-0396-C5A3-2CAF-B34B18DBFA31}
		{E1D8229B-CDBC-E3F0-361D-DE432220CE72} = {E1D8229B-CDBC-E3F0-361D-DE432220CE72}
		{EA866D9D-D66A-2EF3-3FCB-28462BCE1875} = {EA866D9D-D66A-2EF3-3FCB-28462BCE1875}
		{8EA01BA2-F0B0-42E1-9077-580314174432} = {8EA01BA2-F0B0-42E1-9077-580314174432}
		{787B31AF-8AD5-4ACE-8F9F-A18D204B4392} = {787B31AF-8AD5-4ACE-8F9F-A18D204B4392}
		{6B232BB0-57F1-1EB6-4085-8FDC2CF2FA1A} = {6B232BB0-57F1-1EB6-4085-8FDC2CF2FA1A}
		{4D470DBD-0A48-4CC7-ACC0-26AE3A531E81} = {4D470DBD-0A48-4CC7-ACC0-26AE3A531E81}
		{540A0DC0-C076-C8BA-896A-6018F595EA22} = {540A0DC0-C076-C8BA-896A-6018F595EA22}
		{BAF436D3-A619-8653-CF64-6BE3BBE88471} = {BAF436D3-A619-8653-CF64-6BE3BBE88471}
		{912037D3-7D45-8653-A690-6BE392148571} = {912037D3-7D45-8653-A690-6BE392148571}
		{D72EFED4-C327-1D27-EC59-02ACD8B1FC32} = {D72EFED4-C327-1D27-EC59-02ACD8B1FC32}
		{0E2291D6-937C-47C6-992A-33035FBAC8CC} = {0E2291D6-937C-47C6-992A-33035FBAC8CC}
		{36CA5CD7-A255-CA9B-AB66-4D901771269C} = {36CA5CD7-A255-CA9B-AB66-4D901771269C}
		{F79B77DA-6327-E59E-6C38-6893D842419F} = {F79B77DA-6327-E59E-6C38-6893D842419F}
		{306C09F1-9C79-37D7-2560-33C2916C038E} = {306C09F1-9C79-37D7-2560-33C2916C038E}
		{C0179BF5-ACA6-24BF-55C5-38BA41333565} = {C0179BF5-ACA6-24BF-55C5-38BA41333565}
		{B70907FE-2341-4F95-2C4B-B3B89801768E} = {B70907FE-2341-4F95-2C4B-B3B89801768E}
		{851056FF-F11D-84E5-7A04-80D0E610509C} = {851056FF-F11D-84E5-7A04-80D0E610509C}
	EndProjectSection
EndProject
Project("{8BC9CEB8-8B4A-11D0-8D11-00A0C91BC942}") = "BusEventsEx", "BusEventsEx\BusEventsEx_vs2015.vcxproj", "{4119C396-ADCE-3B8C-36C3-3563A2773290}"
EndProject
Project("{8BC9CEB8-8B4A-11D0-8D11-00A0C91BC942}") = "CustomImageEx", "CustomImageEx\CustomImageEx_vs2015.vcxproj", "{206C3362-8C2C-AF98-5567-F815C1E6F374}"
EndProject
Project("{8BC9CEB8-8B4A-11D0-8D11-00A0C91BC942}") = "ExtendedShutterEx", "ExtendedShutterEx\ExtendedShutterEx_vs2015.vcxproj", "{22FDA591-8E13-A427-D78A-2F4943E074AF}"
EndProject
Project("{8BC9CEB8-8B4A-11D0-8D11-00A0C91BC942}") = "FlyCap2", "FlyCap2\FlyCap2_vs2015.vcxproj", "{B65BCD14-223B-4CB0-2B53-D78697B1B211}"
	ProjectSection(ProjectDependencies) = postProject
		{FB5F2992-E72D-1D98-D0C1-8DBEBC2EF9FC} = {FB5F2992-E72D-1D98-D0C1-8DBEBC2EF9FC}
		{C0179BF5-ACA6-24BF-55C5-38BA41333565} = {C0179BF5-ACA6-24BF-55C5-38BA41333565}
	EndProjectSection
EndProject
Project("{8BC9CEB8-8B4A-11D0-8D11-00A0C91BC942}") = "FlyCapture2GUI", "FlyCapture2GUI\FlyCapture2GUI_vs2015.vcxproj", "{FB5F2992-E72D-1D98-D0C1-8DBEBC2EF9FC}"
EndProject
Project("{8BC9CEB8-8B4A-11D0-8D11-00A0C91BC942}") = "FlyCapture2SimpleGUI_MFC", "FlyCapture2SimpleGUI_MFC\FlyCapture2SimpleGUI_MFC_vs2015.vcxproj", "{BAF436D3-A619-8653-CF64-6BE3BBE88471}"
	ProjectSection(ProjectDependencies) = postProject
		{FB5F2992-E72D-1D98-D0C1-8DBEBC2EF9FC} = {FB5F2992-E72D-1D98-D0C1-8DBEBC2EF9FC}
		{C0179BF5-ACA6-24BF-55C5-38BA41333565} = {C0179BF5-ACA6-24BF-55C5-38BA41333565}
	EndProjectSection
EndProject
Project("{8BC9CEB8-8B4A-11D0-8D11-00A0C91BC942}") = "FlyCapture2Test", "FlyCapture2Test\FlyCapture2Test_vs2015.vcxproj", "{36CA5CD7-A255-CA9B-AB66-4D901771269C}"
EndProject
Project("{8BC9CEB8-8B4A-11D0-8D11-00A0C91BC942}") = "GigEGrabEx", "GigEGrabEx\GigEGrabEx_vs2015.vcxproj", "{7A887997-6640-BBE4-CF47-9440BB1E56D5}"
EndProject
Project("{8BC9CEB8-8B4A-11D0-8D11-00A0C91BC942}") = "GrabCallbackEx", "GrabCallbackEx\GrabCallbackEx_vs2015.vcxproj", "{6B232BB0-57F1-1EB6-4085-8FDC2CF2FA1A}"
EndProject
Project("{8BC9CEB8-8B4A-11D0-8D11-00A0C91BC942}") = "HighDynamicRangeEx", "HighDynamicRangeEx\HighDynamicRangeEx_vs2015.vcxproj", "{B419BF0F-A0FD-7F65-095E-7AB8F5606AE7}"
EndProject
Project("{8BC9CEB8-8B4A-11D0-8D11-00A0C91BC942}") = "ImageEventEx", "ImageEventEx\ImageEventEx_vs2015.vcxproj", "{2711A28C-1374-3131-BCF9-69E7A83BFDB3}"
EndProject
Project("{8BC9CEB8-8B4A-11D0-8D11-00A0C91BC942}") = "MultiCastEx", "MultiCastEx\MultiCastEx_vs2015.vcxproj", "{789F7D49-E454-F63E-6D49-F015D9FDEC42}"
EndProject
Project("{8BC9CEB8-8B4A-11D0-8D11-00A0C91BC942}") = "MultipleCameraEx", "MultipleCameraEx\MultipleCameraEx_vs2015.vcxproj", "{77F0351B-63E9-546D-8C1B-3AF278733479}"
EndProject
Project("{8BC9CEB8-8B4A-11D0-8D11-00A0C91BC942}") = "MultipleCameraWriteToDiskEx", "MultipleCameraWriteToDiskEx\MultipleCameraWriteToDiskEx_vs2015.vcxproj", "{306C09F1-9C79-37D7-2560-33C2916C038E}"
EndProject
Project("{8BC9CEB8-8B4A-11D0-8D11-00A0C91BC942}") = "SaveImageToAviEx", "SaveImageToAviEx\SaveImageToAviEx_vs2015.vcxproj", "{D72EFED4-C327-1D27-EC59-02ACD8B1FC32}"
EndProject
Project("{8BC9CEB8-8B4A-11D0-8D11-00A0C91BC942}") = "SaveImageToFlashEx", "SaveImageToFlashEx\SaveImageToFlashEx_vs2015.vcxproj", "{C5145D76-B1F8-1DCC-1A59-181F065C084E}"
EndProject
Project("{2150E333-8FDC-42A3-9474-1A3956D46DE8}") = "CSharp Examples", "CSharp Examples", "{252135BA-91AC-A27E-9ABD-257306C8FE7E}"
EndProject
Project("{FAE04EC0-301F-11D3-BF4B-00C04F79EFBC}") = "AsyncTriggerEx_CSharp_vs2015", "AsyncTriggerEx_CSharp\AsyncTriggerEx_CSharp_vs2015.csproj", "{540A0DC0-C076-C8BA-896A-6018F595EA22}"
EndProject
Project("{FAE04EC0-301F-11D3-BF4B-00C04F79EFBC}") = "BusEventsEx_CSharp_vs2015", "BusEventsEx_CSharp\BusEventsEx_CSharp_vs2015.csproj", "{E1D8229B-CDBC-E3F0-361D-DE432220CE72}"
EndProject
Project("{FAE04EC0-301F-11D3-BF4B-00C04F79EFBC}") = "CustomImageEx_CSharp_vs2015", "CustomImageEx_CSharp\CustomImageEx_CSharp_vs2015.csproj", "{E05A1B0C-CCE9-A4D5-7508-B9D06176B57B}"
EndProject
Project("{FAE04EC0-301F-11D3-BF4B-00C04F79EFBC}") = "FlyCap2CameraControl_vs2015", "FlyCap2CameraControl\FlyCap2CameraControl_vs2015.csproj", "{C0179BF5-ACA6-24BF-55C5-38BA41333565}"
	ProjectSection(ProjectDependencies) = postProject
		{FB5F2992-E72D-1D98-D0C1-8DBEBC2EF9FC} = {FB5F2992-E72D-1D98-D0C1-8DBEBC2EF9FC}
	EndProjectSection
EndProject
Project("{FAE04EC0-301F-11D3-BF4B-00C04F79EFBC}") = "FlyCapture2SimpleGUI_CSharp_vs2015", "FlyCapture2SimpleGUI_CSharp\FlyCapture2SimpleGUI_CSharp_vs2015.csproj", "{851056FF-F11D-84E5-7A04-80D0E610509C}"
	ProjectSection(ProjectDependencies) = postProject
		{C0179BF5-ACA6-24BF-55C5-38BA41333565} = {C0179BF5-ACA6-24BF-55C5-38BA41333565}
	EndProjectSection
EndProject
Project("{FAE04EC0-301F-11D3-BF4B-00C04F79EFBC}") = "FlyCapture2SimpleGUI_WPF_vs2015", "FlyCapture2SimpleGUI_WPF\FlyCapture2SimpleGUI_WPF_vs2015.csproj", "{912037D3-7D45-8653-A690-6BE392148571}"
	ProjectSection(ProjectDependencies) = postProject
		{C0179BF5-ACA6-24BF-55C5-38BA41333565} = {C0179BF5-ACA6-24BF-55C5-38BA41333565}
	EndProjectSection
EndProject
Project("{FAE04EC0-301F-11D3-BF4B-00C04F79EFBC}") = "FlyCapture2Test_CSharp_vs2015", "FlyCapture2Test_CSharp\FlyCapture2Test_CSharp_vs2015.csproj", "{3644F772-223E-20C5-0BAB-B6D5F7438631}"
EndProject
Project("{FAE04EC0-301F-11D3-BF4B-00C04F79EFBC}") = "GigEGrabEx_CSharp_vs2015", "GigEGrabEx_CSharp\GigEGrabEx_CSharp_vs2015.csproj", "{FACD0E19-66E4-0CAF-AF5B-98D01BB1DD36}"
EndProject
Project("{FAE04EC0-301F-11D3-BF4B-00C04F79EFBC}") = "GrabCallbackEx_CSharp_vs2015", "GrabCallbackEx_CSharp\GrabCallbackEx_CSharp_vs2015.csproj", "{CB8FA864-37FC-635F-00F0-FBBC6C1B86C7}"
EndProject
Project("{FAE04EC0-301F-11D3-BF4B-00C04F79EFBC}") = "MultipleCameraEx_CSharp_vs2015", "MultipleCameraEx_CSharp\MultipleCameraEx_CSharp_vs2015.csproj", "{57B7008B-C3EE-4822-CCF8-AC4538AF6F1B}"
EndProject
Project("{FAE04EC0-301F-11D3-BF4B-00C04F79EFBC}") = "SaveImageToAviEx_CSharp_vs2015", "SaveImageToAviEx_CSharp\SaveImageToAviEx_CSharp_vs2015.csproj", "{B70907FE-2341-4F95-2C4B-B3B89801768E}"
EndProject
Project("{2150E333-8FDC-42A3-9474-1A3956D46DE8}") = "C Examples", "C Examples", "{67ED4281-53A5-84CE-BCAC-5D2AA8831FBF}"
EndProject
Project("{8BC9CEB8-8B4A-11D0-8D11-00A0C91BC942}") = "FlyCapture2Test_C", "FlyCapture2Test_C\FlyCapture2Test_C_vs2015.vcxproj", "{383CB821-A452-B6B7-EDC9-41D9591F873F}"
EndProject
Project("{8BC9CEB8-8B4A-11D0-8D11-00A0C91BC942}") = "GigEGrabEx_C", "GigEGrabEx_C\GigEGrabEx_C_vs2015.vcxproj", "{7C9BFD5B-68FE-8C00-1184-C5B6FDC55883}"
EndProject
Project("{8BC9CEB8-8B4A-11D0-8D11-00A0C91BC942}") = "SaveImageToAviEx_C", "SaveImageToAviEx_C\SaveImageToAviEx_C_vs2015.vcxproj", "{194D450D-0531-0663-6E91-00B65A94F0E4}"
EndProject
Project("{2150E333-8FDC-42A3-9474-1A3956D46DE8}") = "VB.Net Examples", "VB.Net Examples", "{A93F02CF-02C4-40FD-942D-CF8A6DAEEDAC}"
EndProject
Project("{F184B08F-C81C-45F6-A57F-5ABD9991F28F}") = "FlyCapture2Test_VB.Net_vs2015", "FlyCapture2Test_VB.Net\FlyCapture2Test_VB.Net_vs2015.vbproj", "{4D470DBD-0A48-4CC7-ACC0-26AE3A531E81}"
EndProject
Project("{F184B08F-C81C-45F6-A57F-5ABD9991F28F}") = "AsyncTriggerEx_VB.Net_vs2015", "AsyncTriggerEx_VB.Net\AsyncTriggerEx_VB.Net_vs2015.vbproj", "{0E2291D6-937C-47C6-992A-33035FBAC8CC}"
EndProject
Project("{F184B08F-C81C-45F6-A57F-5ABD9991F28F}") = "CustomImageEx_VB.Net_vs2015", "CustomImageEx_VB.Net\CustomImageEx_VB.Net_vs2015.vbproj", "{F1C8FF7F-B281-4086-B73D-44961587F65E}"
EndProject
Project("{F184B08F-C81C-45F6-A57F-5ABD9991F28F}") = "BusEventsEx_VB.Net_vs2015", "BusEventsEx_VB.Net\BusEventsEx_VB.Net_vs2015.vbproj", "{8EA01BA2-F0B0-42E1-9077-580314174432}"
EndProject
Project("{F184B08F-C81C-45F6-A57F-5ABD9991F28F}") = "GigEGrabEx_VB.Net_vs2015", "GigEGrabEx_VB.Net\GigEGrabEx_VB.Net_vs2015.vbproj", "{0A5AEF6F-03E9-4E9C-8A24-5D831D620270}"
EndProject
Project("{F184B08F-C81C-45F6-A57F-5ABD9991F28F}") = "GrabCallbackEx_VB.Net_vs2015", "GrabCallbackEx_VB.Net\GrabCallbackEx_VB.Net_vs2015.vbproj", "{787B31AF-8AD5-4ACE-8F9F-A18D204B4392}"
EndProject
Project("{8BC9CEB8-8B4A-11D0-8D11-00A0C91BC942}") = "EventsEx_C", "EventsEx_C\EventsEx_C_vs2015.vcxproj", "{5977415E-452F-83AB-AE36-5C079A0D1E9C}"
EndProject
Project("{8BC9CEB8-8B4A-11D0-8D11-00A0C91BC942}") = "EventsEx", "EventsEx\EventsEx_vs2015.vcxproj", "{17C96A98-0396-C5A3-2CAF-B34B18DBFA31}"
EndProject
Project("{FAE04EC0-301F-11D3-BF4B-00C04F79EFBC}") = "EventsEx_CSharp_vs2015", "EventsEx_CSharp\EventsEx_CSharp_vs2015.csproj", "{F79B77DA-6327-E59E-6C38-6893D842419F}"
EndProject
Project("{8BC9CEB8-8B4A-11D0-8D11-00A0C91BC942}") = "MultiSyncEx_C", "MultiSyncEx_C\MultiSyncEx_C_vs2015.vcxproj", "{6CFE188E-D8BE-94C4-A1F9-DD410D79D9A0}"
EndProject
Project("{8BC9CEB8-8B4A-11D0-8D11-00A0C91BC942}") = "MultiSyncEx", "MultiSyncEx\MultiSyncEx_vs2015.vcxproj", "{6A6F7F70-D624-F865-5F19-F23CCBCDEE69}"
EndProject
Project("{FAE04EC0-301F-11D3-BF4B-00C04F79EFBC}") = "MultiSyncEx_CSharp_vs2015", "MultiSyncEx_CSharp\MultiSyncEx_CSharp_vs2015.csproj", "{EA866D9D-D66A-2EF3-3FCB-28462BCE1875}"
EndProject
Global
	GlobalSection(SolutionConfigurationPlatforms) = preSolution
		Debug|Any CPU = Debug|Any CPU
		Debug|x64 = Debug|x64
		Debug|x86 = Debug|x86
		Release|Any CPU = Release|Any CPU
		Release|x64 = Release|x64
		Release|x86 = Release|x86
	EndGlobalSection
	GlobalSection(ProjectConfigurationPlatforms) = postSolution
		{1456E6B8-0024-DABE-E9B7-4AE5D524B623}.Debug|Any CPU.ActiveCfg = Debug|Win32
		{1456E6B8-0024-DABE-E9B7-4AE5D524B623}.Debug|x64.ActiveCfg = Debug|x64
		{1456E6B8-0024-DABE-E9B7-4AE5D524B623}.Debug|x64.Build.0 = Debug|x64
		{1456E6B8-0024-DABE-E9B7-4AE5D524B623}.Debug|x86.ActiveCfg = Debug|Win32
		{1456E6B8-0024-DABE-E9B7-4AE5D524B623}.Debug|x86.Build.0 = Debug|Win32
		{1456E6B8-0024-DABE-E9B7-4AE5D524B623}.Release|Any CPU.ActiveCfg = Release|Win32
		{1456E6B8-0024-DABE-E9B7-4AE5D524B623}.Release|x64.ActiveCfg = Release|x64
		{1456E6B8-0024-DABE-E9B7-4AE5D524B623}.Release|x64.Build.0 = Release|x64
		{1456E6B8-0024-DABE-E9B7-4AE5D524B623}.Release|x86.ActiveCfg = Release|Win32
		{1456E6B8-0024-DABE-E9B7-4AE5D524B623}.Release|x86.Build.0 = Release|Win32
		{4119C396-ADCE-3B8C-36C3-3563A2773290}.Debug|Any CPU.ActiveCfg = Debug|Win32
		{4119C396-ADCE-3B8C-36C3-3563A2773290}.Debug|x64.ActiveCfg = Debug|x64
		{4119C396-ADCE-3B8C-36C3-3563A2773290}.Debug|x64.Build.0 = Debug|x64
		{4119C396-ADCE-3B8C-36C3-3563A2773290}.Debug|x86.ActiveCfg = Debug|Win32
		{4119C396-ADCE-3B8C-36C3-3563A2773290}.Debug|x86.Build.0 = Debug|Win32
		{4119C396-ADCE-3B8C-36C3-3563A2773290}.Release|Any CPU.ActiveCfg = Release|Win32
		{4119C396-ADCE-3B8C-36C3-3563A2773290}.Release|x64.ActiveCfg = Release|x64
		{4119C396-ADCE-3B8C-36C3-3563A2773290}.Release|x64.Build.0 = Release|x64
		{4119C396-ADCE-3B8C-36C3-3563A2773290}.Release|x86.ActiveCfg = Release|Win32
		{4119C396-ADCE-3B8C-36C3-3563A2773290}.Release|x86.Build.0 = Release|Win32
		{206C3362-8C2C-AF98-5567-F815C1E6F374}.Debug|Any CPU.ActiveCfg = Debug|Win32
		{206C3362-8C2C-AF98-5567-F815C1E6F374}.Debug|x64.ActiveCfg = Debug|x64
		{206C3362-8C2C-AF98-5567-F815C1E6F374}.Debug|x64.Build.0 = Debug|x64
		{206C3362-8C2C-AF98-5567-F815C1E6F374}.Debug|x86.ActiveCfg = Debug|Win32
		{206C3362-8C2C-AF98-5567-F815C1E6F374}.Debug|x86.Build.0 = Debug|Win32
		{206C3362-8C2C-AF98-5567-F815C1E6F374}.Release|Any CPU.ActiveCfg = Release|Win32
		{206C3362-8C2C-AF98-5567-F815C1E6F374}.Release|x64.ActiveCfg = Release|x64
		{206C3362-8C2C-AF98-5567-F815C1E6F374}.Release|x64.Build.0 = Release|x64
		{206C3362-8C2C-AF98-5567-F815C1E6F374}.Release|x86.ActiveCfg = Release|Win32
		{206C3362-8C2C-AF98-5567-F815C1E6F374}.Release|x86.Build.0 = Release|Win32
		{22FDA591-8E13-A427-D78A-2F4943E074AF}.Debug|Any CPU.ActiveCfg = Debug|Win32
		{22FDA591-8E13-A427-D78A-2F4943E074AF}.Debug|x64.ActiveCfg = Debug|x64
		{22FDA591-8E13-A427-D78A-2F4943E074AF}.Debug|x64.Build.0 = Debug|x64
		{22FDA591-8E13-A427-D78A-2F4943E074AF}.Debug|x86.ActiveCfg = Debug|Win32
		{22FDA591-8E13-A427-D78A-2F4943E074AF}.Debug|x86.Build.0 = Debug|Win32
		{22FDA591-8E13-A427-D78A-2F4943E074AF}.Release|Any CPU.ActiveCfg = Release|Win32
		{22FDA591-8E13-A427-D78A-2F4943E074AF}.Release|x64.ActiveCfg = Release|x64
		{22FDA591-8E13-A427-D78A-2F4943E074AF}.Release|x64.Build.0 = Release|x64
		{22FDA591-8E13-A427-D78A-2F4943E074AF}.Release|x86.ActiveCfg = Release|Win32
		{22FDA591-8E13-A427-D78A-2F4943E074AF}.Release|x86.Build.0 = Release|Win32
		{B65BCD14-223B-4CB0-2B53-D78697B1B211}.Debug|Any CPU.ActiveCfg = Debug|Win32
		{B65BCD14-223B-4CB0-2B53-D78697B1B211}.Debug|x64.ActiveCfg = Debug|x64
		{B65BCD14-223B-4CB0-2B53-D78697B1B211}.Debug|x64.Build.0 = Debug|x64
		{B65BCD14-223B-4CB0-2B53-D78697B1B211}.Debug|x86.ActiveCfg = Debug|Win32
		{B65BCD14-223B-4CB0-2B53-D78697B1B211}.Debug|x86.Build.0 = Debug|Win32
		{B65BCD14-223B-4CB0-2B53-D78697B1B211}.Release|Any CPU.ActiveCfg = Release|Win32
		{B65BCD14-223B-4CB0-2B53-D78697B1B211}.Release|x64.ActiveCfg = Release|x64
		{B65BCD14-223B-4CB0-2B53-D78697B1B211}.Release|x64.Build.0 = Release|x64
		{B65BCD14-223B-4CB0-2B53-D78697B1B211}.Release|x86.ActiveCfg = Release|Win32
		{B65BCD14-223B-4CB0-2B53-D78697B1B211}.Release|x86.Build.0 = Release|Win32
		{FB5F2992-E72D-1D98-D0C1-8DBEBC2EF9FC}.Debug|Any CPU.ActiveCfg = Debug|Win32
		{FB5F2992-E72D-1D98-D0C1-8DBEBC2EF9FC}.Debug|x64.ActiveCfg = Debug|x64
		{FB5F2992-E72D-1D98-D0C1-8DBEBC2EF9FC}.Debug|x64.Build.0 = Debug|x64
		{FB5F2992-E72D-1D98-D0C1-8DBEBC2EF9FC}.Debug|x86.ActiveCfg = Debug|Win32
		{FB5F2992-E72D-1D98-D0C1-8DBEBC2EF9FC}.Debug|x86.Build.0 = Debug|Win32
		{FB5F2992-E72D-1D98-D0C1-8DBEBC2EF9FC}.Release|Any CPU.ActiveCfg = Release|Win32
		{FB5F2992-E72D-1D98-D0C1-8DBEBC2EF9FC}.Release|x64.ActiveCfg = Release|x64
		{FB5F2992-E72D-1D98-D0C1-8DBEBC2EF9FC}.Release|x64.Build.0 = Release|x64
		{FB5F2992-E72D-1D98-D0C1-8DBEBC2EF9FC}.Release|x86.ActiveCfg = Release|Win32
		{FB5F2992-E72D-1D98-D0C1-8DBEBC2EF9FC}.Release|x86.Build.0 = Release|Win32
		{BAF436D3-A619-8653-CF64-6BE3BBE88471}.Debug|Any CPU.ActiveCfg = Debug|Win32
		{BAF436D3-A619-8653-CF64-6BE3BBE88471}.Debug|x64.ActiveCfg = Debug|x64
		{BAF436D3-A619-8653-CF64-6BE3BBE88471}.Debug|x64.Build.0 = Debug|x64
		{BAF436D3-A619-8653-CF64-6BE3BBE88471}.Debug|x86.ActiveCfg = Debug|Win32
		{BAF436D3-A619-8653-CF64-6BE3BBE88471}.Debug|x86.Build.0 = Debug|Win32
		{BAF436D3-A619-8653-CF64-6BE3BBE88471}.Release|Any CPU.ActiveCfg = Release|Win32
		{BAF436D3-A619-8653-CF64-6BE3BBE88471}.Release|x64.ActiveCfg = Release|x64
		{BAF436D3-A619-8653-CF64-6BE3BBE88471}.Release|x64.Build.0 = Release|x64
		{BAF436D3-A619-8653-CF64-6BE3BBE88471}.Release|x86.ActiveCfg = Release|Win32
		{BAF436D3-A619-8653-CF64-6BE3BBE88471}.Release|x86.Build.0 = Release|Win32
		{36CA5CD7-A255-CA9B-AB66-4D901771269C}.Debug|Any CPU.ActiveCfg = Debug|Win32
		{36CA5CD7-A255-CA9B-AB66-4D901771269C}.Debug|x64.ActiveCfg = Debug|x64
		{36CA5CD7-A255-CA9B-AB66-4D901771269C}.Debug|x64.Build.0 = Debug|x64
		{36CA5CD7-A255-CA9B-AB66-4D901771269C}.Debug|x86.ActiveCfg = Debug|Win32
		{36CA5CD7-A255-CA9B-AB66-4D901771269C}.Debug|x86.Build.0 = Debug|Win32
		{36CA5CD7-A255-CA9B-AB66-4D901771269C}.Release|Any CPU.ActiveCfg = Release|Win32
		{36CA5CD7-A255-CA9B-AB66-4D901771269C}.Release|x64.ActiveCfg = Release|x64
		{36CA5CD7-A255-CA9B-AB66-4D901771269C}.Release|x64.Build.0 = Release|x64
		{36CA5CD7-A255-CA9B-AB66-4D901771269C}.Release|x86.ActiveCfg = Release|Win32
		{36CA5CD7-A255-CA9B-AB66-4D901771269C}.Release|x86.Build.0 = Release|Win32
		{7A887997-6640-BBE4-CF47-9440BB1E56D5}.Debug|Any CPU.ActiveCfg = Debug|Win32
		{7A887997-6640-BBE4-CF47-9440BB1E56D5}.Debug|x64.ActiveCfg = Debug|x64
		{7A887997-6640-BBE4-CF47-9440BB1E56D5}.Debug|x64.Build.0 = Debug|x64
		{7A887997-6640-BBE4-CF47-9440BB1E56D5}.Debug|x86.ActiveCfg = Debug|Win32
		{7A887997-6640-BBE4-CF47-9440BB1E56D5}.Debug|x86.Build.0 = Debug|Win32
		{7A887997-6640-BBE4-CF47-9440BB1E56D5}.Release|Any CPU.ActiveCfg = Release|Win32
		{7A887997-6640-BBE4-CF47-9440BB1E56D5}.Release|x64.ActiveCfg = Release|x64
		{7A887997-6640-BBE4-CF47-9440BB1E56D5}.Release|x64.Build.0 = Release|x64
		{7A887997-6640-BBE4-CF47-9440BB1E56D5}.Release|x86.ActiveCfg = Release|Win32
		{7A887997-6640-BBE4-CF47-9440BB1E56D5}.Release|x86.Build.0 = Release|Win32
		{6B232BB0-57F1-1EB6-4085-8FDC2CF2FA1A}.Debug|Any CPU.ActiveCfg = Debug|Win32
		{6B232BB0-57F1-1EB6-4085-8FDC2CF2FA1A}.Debug|x64.ActiveCfg = Debug|x64
		{6B232BB0-57F1-1EB6-4085-8FDC2CF2FA1A}.Debug|x64.Build.0 = Debug|x64
		{6B232BB0-57F1-1EB6-4085-8FDC2CF2FA1A}.Debug|x86.ActiveCfg = Debug|Win32
		{6B232BB0-57F1-1EB6-4085-8FDC2CF2FA1A}.Debug|x86.Build.0 = Debug|Win32
		{6B232BB0-57F1-1EB6-4085-8FDC2CF2FA1A}.Release|Any CPU.ActiveCfg = Release|Win32
		{6B232BB0-57F1-1EB6-4085-8FDC2CF2FA1A}.Release|x64.ActiveCfg = Release|x64
		{6B232BB0-57F1-1EB6-4085-8FDC2CF2FA1A}.Release|x64.Build.0 = Release|x64
		{6B232BB0-57F1-1EB6-4085-8FDC2CF2FA1A}.Release|x86.ActiveCfg = Release|Win32
		{6B232BB0-57F1-1EB6-4085-8FDC2CF2FA1A}.Release|x86.Build.0 = Release|Win32
		{B419BF0F-A0FD-7F65-095E-7AB8F5606AE7}.Debug|Any CPU.ActiveCfg = Debug|Win32
		{B419BF0F-A0FD-7F65-095E-7AB8F5606AE7}.Debug|x64.ActiveCfg = Debug|x64
		{B419BF0F-A0FD-7F65-095E-7AB8F5606AE7}.Debug|x64.Build.0 = Debug|x64
		{B419BF0F-A0FD-7F65-095E-7AB8F5606AE7}.Debug|x86.ActiveCfg = Debug|Win32
		{B419BF0F-A0FD-7F65-095E-7AB8F5606AE7}.Debug|x86.Build.0 = Debug|Win32
		{B419BF0F-A0FD-7F65-095E-7AB8F5606AE7}.Release|Any CPU.ActiveCfg = Release|Win32
		{B419BF0F-A0FD-7F65-095E-7AB8F5606AE7}.Release|x64.ActiveCfg = Release|x64
		{B419BF0F-A0FD-7F65-095E-7AB8F5606AE7}.Release|x64.Build.0 = Release|x64
		{B419BF0F-A0FD-7F65-095E-7AB8F5606AE7}.Release|x86.ActiveCfg = Release|Win32
		{B419BF0F-A0FD-7F65-095E-7AB8F5606AE7}.Release|x86.Build.0 = Release|Win32
		{2711A28C-1374-3131-BCF9-69E7A83BFDB3}.Debug|Any CPU.ActiveCfg = Debug|Win32
		{2711A28C-1374-3131-BCF9-69E7A83BFDB3}.Debug|x64.ActiveCfg = Debug|x64
		{2711A28C-1374-3131-BCF9-69E7A83BFDB3}.Debug|x64.Build.0 = Debug|x64
		{2711A28C-1374-3131-BCF9-69E7A83BFDB3}.Debug|x86.ActiveCfg = Debug|Win32
		{2711A28C-1374-3131-BCF9-69E7A83BFDB3}.Debug|x86.Build.0 = Debug|Win32
		{2711A28C-1374-3131-BCF9-69E7A83BFDB3}.Release|Any CPU.ActiveCfg = Release|Win32
		{2711A28C-1374-3131-BCF9-69E7A83BFDB3}.Release|x64.ActiveCfg = Release|x64
		{2711A28C-1374-3131-BCF9-69E7A83BFDB3}.Release|x64.Build.0 = Release|x64
		{2711A28C-1374-3131-BCF9-69E7A83BFDB3}.Release|x86.ActiveCfg = Release|Win32
		{2711A28C-1374-3131-BCF9-69E7A83BFDB3}.Release|x86.Build.0 = Release|Win32
		{789F7D49-E454-F63E-6D49-F015D9FDEC42}.Debug|Any CPU.ActiveCfg = Debug|Win32
		{789F7D49-E454-F63E-6D49-F015D9FDEC42}.Debug|x64.ActiveCfg = Debug|x64
		{789F7D49-E454-F63E-6D49-F015D9FDEC42}.Debug|x64.Build.0 = Debug|x64
		{789F7D49-E454-F63E-6D49-F015D9FDEC42}.Debug|x86.ActiveCfg = Debug|Win32
		{789F7D49-E454-F63E-6D49-F015D9FDEC42}.Debug|x86.Build.0 = Debug|Win32
		{789F7D49-E454-F63E-6D49-F015D9FDEC42}.Release|Any CPU.ActiveCfg = Release|Win32
		{789F7D49-E454-F63E-6D49-F015D9FDEC42}.Release|x64.ActiveCfg = Release|x64
		{789F7D49-E454-F63E-6D49-F015D9FDEC42}.Release|x64.Build.0 = Release|x64
		{789F7D49-E454-F63E-6D49-F015D9FDEC42}.Release|x86.ActiveCfg = Release|Win32
		{789F7D49-E454-F63E-6D49-F015D9FDEC42}.Release|x86.Build.0 = Release|Win32
		{77F0351B-63E9-546D-8C1B-3AF278733479}.Debug|Any CPU.ActiveCfg = Debug|Win32
		{77F0351B-63E9-546D-8C1B-3AF278733479}.Debug|x64.ActiveCfg = Debug|x64
		{77F0351B-63E9-546D-8C1B-3AF278733479}.Debug|x64.Build.0 = Debug|x64
		{77F0351B-63E9-546D-8C1B-3AF278733479}.Debug|x86.ActiveCfg = Debug|Win32
		{77F0351B-63E9-546D-8C1B-3AF278733479}.Debug|x86.Build.0 = Debug|Win32
		{77F0351B-63E9-546D-8C1B-3AF278733479}.Release|Any CPU.ActiveCfg = Release|Win32
		{77F0351B-63E9-546D-8C1B-3AF278733479}.Release|x64.ActiveCfg = Release|x64
		{77F0351B-63E9-546D-8C1B-3AF278733479}.Release|x64.Build.0 = Release|x64
		{77F0351B-63E9-546D-8C1B-3AF278733479}.Release|x86.ActiveCfg = Release|Win32
		{77F0351B-63E9-546D-8C1B-3AF278733479}.Release|x86.Build.0 = Release|Win32
		{306C09F1-9C79-37D7-2560-33C2916C038E}.Debug|Any CPU.ActiveCfg = Debug|Win32
		{306C09F1-9C79-37D7-2560-33C2916C038E}.Debug|x64.ActiveCfg = Debug|x64
		{306C09F1-9C79-37D7-2560-33C2916C038E}.Debug|x64.Build.0 = Debug|x64
		{306C09F1-9C79-37D7-2560-33C2916C038E}.Debug|x86.ActiveCfg = Debug|Win32
		{306C09F1-9C79-37D7-2560-33C2916C038E}.Debug|x86.Build.0 = Debug|Win32
		{306C09F1-9C79-37D7-2560-33C2916C038E}.Release|Any CPU.ActiveCfg = Release|Win32
		{306C09F1-9C79-37D7-2560-33C2916C038E}.Release|x64.ActiveCfg = Release|x64
		{306C09F1-9C79-37D7-2560-33C2916C038E}.Release|x64.Build.0 = Release|x64
		{306C09F1-9C79-37D7-2560-33C2916C038E}.Release|x86.ActiveCfg = Release|Win32
		{306C09F1-9C79-37D7-2560-33C2916C038E}.Release|x86.Build.0 = Release|Win32
		{D72EFED4-C327-1D27-EC59-02ACD8B1FC32}.Debug|Any CPU.ActiveCfg = Debug|Win32
		{D72EFED4-C327-1D27-EC59-02ACD8B1FC32}.Debug|x64.ActiveCfg = Debug|x64
		{D72EFED4-C327-1D27-EC59-02ACD8B1FC32}.Debug|x64.Build.0 = Debug|x64
		{D72EFED4-C327-1D27-EC59-02ACD8B1FC32}.Debug|x86.ActiveCfg = Debug|Win32
		{D72EFED4-C327-1D27-EC59-02ACD8B1FC32}.Debug|x86.Build.0 = Debug|Win32
		{D72EFED4-C327-1D27-EC59-02ACD8B1FC32}.Release|Any CPU.ActiveCfg = Release|Win32
		{D72EFED4-C327-1D27-EC59-02ACD8B1FC32}.Release|x64.ActiveCfg = Release|x64
		{D72EFED4-C327-1D27-EC59-02ACD8B1FC32}.Release|x64.Build.0 = Release|x64
		{D72EFED4-C327-1D27-EC59-02ACD8B1FC32}.Release|x86.ActiveCfg = Release|Win32
		{D72EFED4-C327-1D27-EC59-02ACD8B1FC32}.Release|x86.Build.0 = Release|Win32
		{C5145D76-B1F8-1DCC-1A59-181F065C084E}.Debug|Any CPU.ActiveCfg = Debug|Win32
		{C5145D76-B1F8-1DCC-1A59-181F065C084E}.Debug|x64.ActiveCfg = Debug|x64
		{C5145D76-B1F8-1DCC-1A59-181F065C084E}.Debug|x64.Build.0 = Debug|x64
		{C5145D76-B1F8-1DCC-1A59-181F065C084E}.Debug|x86.ActiveCfg = Debug|Win32
		{C5145D76-B1F8-1DCC-1A59-181F065C084E}.Debug|x86.Build.0 = Debug|Win32
		{C5145D76-B1F8-1DCC-1A59-181F065C084E}.Release|Any CPU.ActiveCfg = Release|Win32
		{C5145D76-B1F8-1DCC-1A59-181F065C084E}.Release|x64.ActiveCfg = Release|x64
		{C5145D76-B1F8-1DCC-1A59-181F065C084E}.Release|x64.Build.0 = Release|x64
		{C5145D76-B1F8-1DCC-1A59-181F065C084E}.Release|x86.ActiveCfg = Release|Win32
		{C5145D76-B1F8-1DCC-1A59-181F065C084E}.Release|x86.Build.0 = Release|Win32
		{540A0DC0-C076-C8BA-896A-6018F595EA22}.Debug|Any CPU.ActiveCfg = Debug|Any CPU
		{540A0DC0-C076-C8BA-896A-6018F595EA22}.Debug|Any CPU.Build.0 = Debug|Any CPU
		{540A0DC0-C076-C8BA-896A-6018F595EA22}.Debug|x64.ActiveCfg = Debug|x64
		{540A0DC0-C076-C8BA-896A-6018F595EA22}.Debug|x64.Build.0 = Debug|x64
		{540A0DC0-C076-C8BA-896A-6018F595EA22}.Debug|x86.ActiveCfg = Debug|x86
		{540A0DC0-C076-C8BA-896A-6018F595EA22}.Debug|x86.Build.0 = Debug|x86
		{540A0DC0-C076-C8BA-896A-6018F595EA22}.Release|Any CPU.ActiveCfg = Release|Any CPU
		{540A0DC0-C076-C8BA-896A-6018F595EA22}.Release|Any CPU.Build.0 = Release|Any CPU
		{540A0DC0-C076-C8BA-896A-6018F595EA22}.Release|x64.ActiveCfg = Release|x64
		{540A0DC0-C076-C8BA-896A-6018F595EA22}.Release|x64.Build.0 = Release|x64
		{540A0DC0-C076-C8BA-896A-6018F595EA22}.Release|x86.ActiveCfg = Release|x86
		{540A0DC0-C076-C8BA-896A-6018F595EA22}.Release|x86.Build.0 = Release|x86
		{E1D8229B-CDBC-E3F0-361D-DE432220CE72}.Debug|Any CPU.ActiveCfg = Debug|Any CPU
		{E1D8229B-CDBC-E3F0-361D-DE432220CE72}.Debug|Any CPU.Build.0 = Debug|Any CPU
		{E1D8229B-CDBC-E3F0-361D-DE432220CE72}.Debug|x64.ActiveCfg = Debug|x64
		{E1D8229B-CDBC-E3F0-361D-DE432220CE72}.Debug|x64.Build.0 = Debug|x64
		{E1D8229B-CDBC-E3F0-361D-DE432220CE72}.Debug|x86.ActiveCfg = Debug|x86
		{E1D8229B-CDBC-E3F0-361D-DE432220CE72}.Debug|x86.Build.0 = Debug|x86
		{E1D8229B-CDBC-E3F0-361D-DE432220CE72}.Release|Any CPU.ActiveCfg = Release|Any CPU
		{E1D8229B-CDBC-E3F0-361D-DE432220CE72}.Release|Any CPU.Build.0 = Release|Any CPU
		{E1D8229B-CDBC-E3F0-361D-DE432220CE72}.Release|x64.ActiveCfg = Release|x64
		{E1D8229B-CDBC-E3F0-361D-DE432220CE72}.Release|x64.Build.0 = Release|x64
		{E1D8229B-CDBC-E3F0-361D-DE432220CE72}.Release|x86.ActiveCfg = Release|x86
		{E1D8229B-CDBC-E3F0-361D-DE432220CE72}.Release|x86.Build.0 = Release|x86
		{E05A1B0C-CCE9-A4D5-7508-B9D06176B57B}.Debug|Any CPU.ActiveCfg = Debug|Any CPU
		{E05A1B0C-CCE9-A4D5-7508-B9D06176B57B}.Debug|Any CPU.Build.0 = Debug|Any CPU
		{E05A1B0C-CCE9-A4D5-7508-B9D06176B57B}.Debug|x64.ActiveCfg = Debug|x64
		{E05A1B0C-CCE9-A4D5-7508-B9D06176B57B}.Debug|x64.Build.0 = Debug|x64
		{E05A1B0C-CCE9-A4D5-7508-B9D06176B57B}.Debug|x86.ActiveCfg = Debug|x86
		{E05A1B0C-CCE9-A4D5-7508-B9D06176B57B}.Debug|x86.Build.0 = Debug|x86
		{E05A1B0C-CCE9-A4D5-7508-B9D06176B57B}.Release|Any CPU.ActiveCfg = Release|Any CPU
		{E05A1B0C-CCE9-A4D5-7508-B9D06176B57B}.Release|Any CPU.Build.0 = Release|Any CPU
		{E05A1B0C-CCE9-A4D5-7508-B9D06176B57B}.Release|x64.ActiveCfg = Release|x64
		{E05A1B0C-CCE9-A4D5-7508-B9D06176B57B}.Release|x64.Build.0 = Release|x64
		{E05A1B0C-CCE9-A4D5-7508-B9D06176B57B}.Release|x86.ActiveCfg = Release|x86
		{E05A1B0C-CCE9-A4D5-7508-B9D06176B57B}.Release|x86.Build.0 = Release|x86
		{C0179BF5-ACA6-24BF-55C5-38BA41333565}.Debug|Any CPU.ActiveCfg = Debug|Any CPU
		{C0179BF5-ACA6-24BF-55C5-38BA41333565}.Debug|Any CPU.Build.0 = Debug|Any CPU
		{C0179BF5-ACA6-24BF-55C5-38BA41333565}.Debug|x64.ActiveCfg = Debug|x64
		{C0179BF5-ACA6-24BF-55C5-38BA41333565}.Debug|x64.Build.0 = Debug|x64
		{C0179BF5-ACA6-24BF-55C5-38BA41333565}.Debug|x86.ActiveCfg = Debug|x86
		{C0179BF5-ACA6-24BF-55C5-38BA41333565}.Debug|x86.Build.0 = Debug|x86
		{C0179BF5-ACA6-24BF-55C5-38BA41333565}.Release|Any CPU.ActiveCfg = Release|Any CPU
		{C0179BF5-ACA6-24BF-55C5-38BA41333565}.Release|Any CPU.Build.0 = Release|Any CPU
		{C0179BF5-ACA6-24BF-55C5-38BA41333565}.Release|x64.ActiveCfg = Release|x64
		{C0179BF5-ACA6-24BF-55C5-38BA41333565}.Release|x64.Build.0 = Release|x64
		{C0179BF5-ACA6-24BF-55C5-38BA41333565}.Release|x86.ActiveCfg = Release|x86
		{C0179BF5-ACA6-24BF-55C5-38BA41333565}.Release|x86.Build.0 = Release|x86
		{851056FF-F11D-84E5-7A04-80D0E610509C}.Debug|Any CPU.ActiveCfg = Debug|Any CPU
		{851056FF-F11D-84E5-7A04-80D0E610509C}.Debug|Any CPU.Build.0 = Debug|Any CPU
		{851056FF-F11D-84E5-7A04-80D0E610509C}.Debug|x64.ActiveCfg = Debug|x64
		{851056FF-F11D-84E5-7A04-80D0E610509C}.Debug|x64.Build.0 = Debug|x64
		{851056FF-F11D-84E5-7A04-80D0E610509C}.Debug|x86.ActiveCfg = Debug|x86
		{851056FF-F11D-84E5-7A04-80D0E610509C}.Debug|x86.Build.0 = Debug|x86
		{851056FF-F11D-84E5-7A04-80D0E610509C}.Release|Any CPU.ActiveCfg = Release|Any CPU
		{851056FF-F11D-84E5-7A04-80D0E610509C}.Release|Any CPU.Build.0 = Release|Any CPU
		{851056FF-F11D-84E5-7A04-80D0E610509C}.Release|x64.ActiveCfg = Release|x64
		{851056FF-F11D-84E5-7A04-80D0E610509C}.Release|x64.Build.0 = Release|x64
		{851056FF-F11D-84E5-7A04-80D0E610509C}.Release|x86.ActiveCfg = Release|x86
		{851056FF-F11D-84E5-7A04-80D0E610509C}.Release|x86.Build.0 = Release|x86
		{912037D3-7D45-8653-A690-6BE392148571}.Debug|Any CPU.ActiveCfg = Debug|Any CPU
		{912037D3-7D45-8653-A690-6BE392148571}.Debug|Any CPU.Build.0 = Debug|Any CPU
		{912037D3-7D45-8653-A690-6BE392148571}.Debug|x64.ActiveCfg = Debug|x64
		{912037D3-7D45-8653-A690-6BE392148571}.Debug|x64.Build.0 = Debug|x64
		{912037D3-7D45-8653-A690-6BE392148571}.Debug|x86.ActiveCfg = Debug|x86
		{912037D3-7D45-8653-A690-6BE392148571}.Debug|x86.Build.0 = Debug|x86
		{912037D3-7D45-8653-A690-6BE392148571}.Release|Any CPU.ActiveCfg = Release|Any CPU
		{912037D3-7D45-8653-A690-6BE392148571}.Release|Any CPU.Build.0 = Release|Any CPU
		{912037D3-7D45-8653-A690-6BE392148571}.Release|x64.ActiveCfg = Release|x64
		{912037D3-7D45-8653-A690-6BE392148571}.Release|x64.Build.0 = Release|x64
		{912037D3-7D45-8653-A690-6BE392148571}.Release|x86.ActiveCfg = Release|x86
		{912037D3-7D45-8653-A690-6BE392148571}.Release|x86.Build.0 = Release|x86
		{3644F772-223E-20C5-0BAB-B6D5F7438631}.Debug|Any CPU.ActiveCfg = Debug|Any CPU
		{3644F772-223E-20C5-0BAB-B6D5F7438631}.Debug|Any CPU.Build.0 = Debug|Any CPU
		{3644F772-223E-20C5-0BAB-B6D5F7438631}.Debug|x64.ActiveCfg = Debug|x64
		{3644F772-223E-20C5-0BAB-B6D5F7438631}.Debug|x64.Build.0 = Debug|x64
		{3644F772-223E-20C5-0BAB-B6D5F7438631}.Debug|x86.ActiveCfg = Debug|x86
		{3644F772-223E-20C5-0BAB-B6D5F7438631}.Debug|x86.Build.0 = Debug|x86
		{3644F772-223E-20C5-0BAB-B6D5F7438631}.Release|Any CPU.ActiveCfg = Release|Any CPU
		{3644F772-223E-20C5-0BAB-B6D5F7438631}.Release|Any CPU.Build.0 = Release|Any CPU
		{3644F772-223E-20C5-0BAB-B6D5F7438631}.Release|x64.ActiveCfg = Release|x64
		{3644F772-223E-20C5-0BAB-B6D5F7438631}.Release|x64.Build.0 = Release|x64
		{3644F772-223E-20C5-0BAB-B6D5F7438631}.Release|x86.ActiveCfg = Release|x86
		{3644F772-223E-20C5-0BAB-B6D5F7438631}.Release|x86.Build.0 = Release|x86
		{FACD0E19-66E4-0CAF-AF5B-98D01BB1DD36}.Debug|Any CPU.ActiveCfg = Debug|Any CPU
		{FACD0E19-66E4-0CAF-AF5B-98D01BB1DD36}.Debug|Any CPU.Build.0 = Debug|Any CPU
		{FACD0E19-66E4-0CAF-AF5B-98D01BB1DD36}.Debug|x64.ActiveCfg = Debug|x64
		{FACD0E19-66E4-0CAF-AF5B-98D01BB1DD36}.Debug|x64.Build.0 = Debug|x64
		{FACD0E19-66E4-0CAF-AF5B-98D01BB1DD36}.Debug|x86.ActiveCfg = Debug|x86
		{FACD0E19-66E4-0CAF-AF5B-98D01BB1DD36}.Debug|x86.Build.0 = Debug|x86
		{FACD0E19-66E4-0CAF-AF5B-98D01BB1DD36}.Release|Any CPU.ActiveCfg = Release|Any CPU
		{FACD0E19-66E4-0CAF-AF5B-98D01BB1DD36}.Release|Any CPU.Build.0 = Release|Any CPU
		{FACD0E19-66E4-0CAF-AF5B-98D01BB1DD36}.Release|x64.ActiveCfg = Release|x64
		{FACD0E19-66E4-0CAF-AF5B-98D01BB1DD36}.Release|x64.Build.0 = Release|x64
		{FACD0E19-66E4-0CAF-AF5B-98D01BB1DD36}.Release|x86.ActiveCfg = Release|x86
		{FACD0E19-66E4-0CAF-AF5B-98D01BB1DD36}.Release|x86.Build.0 = Release|x86
		{CB8FA864-37FC-635F-00F0-FBBC6C1B86C7}.Debug|Any CPU.ActiveCfg = Debug|Any CPU
		{CB8FA864-37FC-635F-00F0-FBBC6C1B86C7}.Debug|Any CPU.Build.0 = Debug|Any CPU
		{CB8FA864-37FC-635F-00F0-FBBC6C1B86C7}.Debug|x64.ActiveCfg = Debug|x64
		{CB8FA864-37FC-635F-00F0-FBBC6C1B86C7}.Debug|x64.Build.0 = Debug|x64
		{CB8FA864-37FC-635F-00F0-FBBC6C1B86C7}.Debug|x86.ActiveCfg = Debug|x86
		{CB8FA864-37FC-635F-00F0-FBBC6C1B86C7}.Debug|x86.Build.0 = Debug|x86
		{CB8FA864-37FC-635F-00F0-FBBC6C1B86C7}.Release|Any CPU.ActiveCfg = Release|Any CPU
		{CB8FA864-37FC-635F-00F0-FBBC6C1B86C7}.Release|Any CPU.Build.0 = Release|Any CPU
		{CB8FA864-37FC-635F-00F0-FBBC6C1B86C7}.Release|x64.ActiveCfg = Release|x64
		{CB8FA864-37FC-635F-00F0-FBBC6C1B86C7}.Release|x64.Build.0 = Release|x64
		{CB8FA864-37FC-635F-00F0-FBBC6C1B86C7}.Release|x86.ActiveCfg = Release|x86
		{CB8FA864-37FC-635F-00F0-FBBC6C1B86C7}.Release|x86.Build.0 = Release|x86
		{57B7008B-C3EE-4822-CCF8-AC4538AF6F1B}.Debug|Any CPU.ActiveCfg = Debug|Any CPU
		{57B7008B-C3EE-4822-CCF8-AC4538AF6F1B}.Debug|Any CPU.Build.0 = Debug|Any CPU
		{57B7008B-C3EE-4822-CCF8-AC4538AF6F1B}.Debug|x64.ActiveCfg = Debug|x64
		{57B7008B-C3EE-4822-CCF8-AC4538AF6F1B}.Debug|x64.Build.0 = Debug|x64
		{57B7008B-C3EE-4822-CCF8-AC4538AF6F1B}.Debug|x86.ActiveCfg = Debug|x86
		{57B7008B-C3EE-4822-CCF8-AC4538AF6F1B}.Debug|x86.Build.0 = Debug|x86
		{57B7008B-C3EE-4822-CCF8-AC4538AF6F1B}.Release|Any CPU.ActiveCfg = Release|Any CPU
		{57B7008B-C3EE-4822-CCF8-AC4538AF6F1B}.Release|Any CPU.Build.0 = Release|Any CPU
		{57B7008B-C3EE-4822-CCF8-AC4538AF6F1B}.Release|x64.ActiveCfg = Release|x64
		{57B7008B-C3EE-4822-CCF8-AC4538AF6F1B}.Release|x64.Build.0 = Release|x64
		{57B7008B-C3EE-4822-CCF8-AC4538AF6F1B}.Release|x86.ActiveCfg = Release|x86
		{57B7008B-C3EE-4822-CCF8-AC4538AF6F1B}.Release|x86.Build.0 = Release|x86
		{B70907FE-2341-4F95-2C4B-B3B89801768E}.Debug|Any CPU.ActiveCfg = Debug|Any CPU
		{B70907FE-2341-4F95-2C4B-B3B89801768E}.Debug|Any CPU.Build.0 = Debug|Any CPU
		{B70907FE-2341-4F95-2C4B-B3B89801768E}.Debug|x64.ActiveCfg = Debug|x64
		{B70907FE-2341-4F95-2C4B-B3B89801768E}.Debug|x64.Build.0 = Debug|x64
		{B70907FE-2341-4F95-2C4B-B3B89801768E}.Debug|x86.ActiveCfg = Debug|x86
		{B70907FE-2341-4F95-2C4B-B3B89801768E}.Debug|x86.Build.0 = Debug|x86
		{B70907FE-2341-4F95-2C4B-B3B89801768E}.Release|Any CPU.ActiveCfg = Release|Any CPU
		{B70907FE-2341-4F95-2C4B-B3B89801768E}.Release|Any CPU.Build.0 = Release|Any CPU
		{B70907FE-2341-4F95-2C4B-B3B89801768E}.Release|x64.ActiveCfg = Release|x64
		{B70907FE-2341-4F95-2C4B-B3B89801768E}.Release|x64.Build.0 = Release|x64
		{B70907FE-2341-4F95-2C4B-B3B89801768E}.Release|x86.ActiveCfg = Release|x86
		{B70907FE-2341-4F95-2C4B-B3B89801768E}.Release|x86.Build.0 = Release|x86
		{383CB821-A452-B6B7-EDC9-41D9591F873F}.Debug|Any CPU.ActiveCfg = Debug|Win32
		{383CB821-A452-B6B7-EDC9-41D9591F873F}.Debug|x64.ActiveCfg = Debug|x64
		{383CB821-A452-B6B7-EDC9-41D9591F873F}.Debug|x64.Build.0 = Debug|x64
		{383CB821-A452-B6B7-EDC9-41D9591F873F}.Debug|x86.ActiveCfg = Debug|Win32
		{383CB821-A452-B6B7-EDC9-41D9591F873F}.Debug|x86.Build.0 = Debug|Win32
		{383CB821-A452-B6B7-EDC9-41D9591F873F}.Release|Any CPU.ActiveCfg = Release|Win32
		{383CB821-A452-B6B7-EDC9-41D9591F873F}.Release|x64.ActiveCfg = Release|x64
		{383CB821-A452-B6B7-EDC9-41D9591F873F}.Release|x64.Build.0 = Release|x64
		{383CB821-A452-B6B7-EDC9-41D9591F873F}.Release|x86.ActiveCfg = Release|Win32
		{383CB821-A452-B6B7-EDC9-41D9591F873F}.Release|x86.Build.0 = Release|Win32
		{7C9BFD5B-68FE-8C00-1184-C5B6FDC55883}.Debug|Any CPU.ActiveCfg = Debug|Win32
		{7C9BFD5B-68FE-8C00-1184-C5B6FDC55883}.Debug|x64.ActiveCfg = Debug|x64
		{7C9BFD5B-68FE-8C00-1184-C5B6FDC55883}.Debug|x64.Build.0 = Debug|x64
		{7C9BFD5B-68FE-8C00-1184-C5B6FDC55883}.Debug|x86.ActiveCfg = Debug|Win32
		{7C9BFD5B-68FE-8C00-1184-C5B6FDC55883}.Debug|x86.Build.0 = Debug|Win32
		{7C9BFD5B-68FE-8C00-1184-C5B6FDC55883}.Release|Any CPU.ActiveCfg = Release|Win32
		{7C9BFD5B-68FE-8C00-1184-C5B6FDC55883}.Release|x64.ActiveCfg = Release|x64
		{7C9BFD5B-68FE-8C00-1184-C5B6FDC55883}.Release|x64.Build.0 = Release|x64
		{7C9BFD5B-68FE-8C00-1184-C5B6FDC55883}.Release|x86.ActiveCfg = Release|Win32
		{7C9BFD5B-68FE-8C00-1184-C5B6FDC55883}.Release|x86.Build.0 = Release|Win32
		{194D450D-0531-0663-6E91-00B65A94F0E4}.Debug|Any CPU.ActiveCfg = Debug|Win32
		{194D450D-0531-0663-6E91-00B65A94F0E4}.Debug|x64.ActiveCfg = Debug|x64
		{194D450D-0531-0663-6E91-00B65A94F0E4}.Debug|x64.Build.0 = Debug|x64
		{194D450D-0531-0663-6E91-00B65A94F0E4}.Debug|x86.ActiveCfg = Debug|Win32
		{194D450D-0531-0663-6E91-00B65A94F0E4}.Debug|x86.Build.0 = Debug|Win32
		{194D450D-0531-0663-6E91-00B65A94F0E4}.Release|Any CPU.ActiveCfg = Release|Win32
		{194D450D-0531-0663-6E91-00B65A94F0E4}.Release|x64.ActiveCfg = Release|x64
		{194D450D-0531-0663-6E91-00B65A94F0E4}.Release|x64.Build.0 = Release|x64
		{194D450D-0531-0663-6E91-00B65A94F0E4}.Release|x86.ActiveCfg = Release|Win32
		{194D450D-0531-0663-6E91-00B65A94F0E4}.Release|x86.Build.0 = Release|Win32
		{4D470DBD-0A48-4CC7-ACC0-26AE3A531E81}.Debug|Any CPU.ActiveCfg = Debug|Any CPU
		{4D470DBD-0A48-4CC7-ACC0-26AE3A531E81}.Debug|Any CPU.Build.0 = Debug|Any CPU
		{4D470DBD-0A48-4CC7-ACC0-26AE3A531E81}.Debug|x64.ActiveCfg = Debug|x64
		{4D470DBD-0A48-4CC7-ACC0-26AE3A531E81}.Debug|x64.Build.0 = Debug|x64
		{4D470DBD-0A48-4CC7-ACC0-26AE3A531E81}.Debug|x86.ActiveCfg = Debug|x86
		{4D470DBD-0A48-4CC7-ACC0-26AE3A531E81}.Debug|x86.Build.0 = Debug|x86
		{4D470DBD-0A48-4CC7-ACC0-26AE3A531E81}.Release|Any CPU.ActiveCfg = Release|Any CPU
		{4D470DBD-0A48-4CC7-ACC0-26AE3A531E81}.Release|Any CPU.Build.0 = Release|Any CPU
		{4D470DBD-0A48-4CC7-ACC0-26AE3A531E81}.Release|x64.ActiveCfg = Release|x64
		{4D470DBD-0A48-4CC7-ACC0-26AE3A531E81}.Release|x64.Build.0 = Release|x64
		{4D470DBD-0A48-4CC7-ACC0-26AE3A531E81}.Release|x86.ActiveCfg = Release|x86
		{4D470DBD-0A48-4CC7-ACC0-26AE3A531E81}.Release|x86.Build.0 = Release|x86
		{0E2291D6-937C-47C6-992A-33035FBAC8CC}.Debug|Any CPU.ActiveCfg = Debug|Any CPU
		{0E2291D6-937C-47C6-992A-33035FBAC8CC}.Debug|Any CPU.Build.0 = Debug|Any CPU
		{0E2291D6-937C-47C6-992A-33035FBAC8CC}.Debug|x64.ActiveCfg = Debug|x64
		{0E2291D6-937C-47C6-992A-33035FBAC8CC}.Debug|x64.Build.0 = Debug|x64
		{0E2291D6-937C-47C6-992A-33035FBAC8CC}.Debug|x86.ActiveCfg = Debug|x86
		{0E2291D6-937C-47C6-992A-33035FBAC8CC}.Debug|x86.Build.0 = Debug|x86
		{0E2291D6-937C-47C6-992A-33035FBAC8CC}.Release|Any CPU.ActiveCfg = Release|Any CPU
		{0E2291D6-937C-47C6-992A-33035FBAC8CC}.Release|Any CPU.Build.0 = Release|Any CPU
		{0E2291D6-937C-47C6-992A-33035FBAC8CC}.Release|x64.ActiveCfg = Release|x64
		{0E2291D6-937C-47C6-992A-33035FBAC8CC}.Release|x64.Build.0 = Release|x64
		{0E2291D6-937C-47C6-992A-33035FBAC8CC}.Release|x86.ActiveCfg = Release|x86
		{0E2291D6-937C-47C6-992A-33035FBAC8CC}.Release|x86.Build.0 = Release|x86
		{F1C8FF7F-B281-4086-B73D-44961587F65E}.Debug|Any CPU.ActiveCfg = Debug|Any CPU
		{F1C8FF7F-B281-4086-B73D-44961587F65E}.Debug|Any CPU.Build.0 = Debug|Any CPU
		{F1C8FF7F-B281-4086-B73D-44961587F65E}.Debug|x64.ActiveCfg = Debug|x64
		{F1C8FF7F-B281-4086-B73D-44961587F65E}.Debug|x64.Build.0 = Debug|x64
		{F1C8FF7F-B281-4086-B73D-44961587F65E}.Debug|x86.ActiveCfg = Debug|x86
		{F1C8FF7F-B281-4086-B73D-44961587F65E}.Debug|x86.Build.0 = Debug|x86
		{F1C8FF7F-B281-4086-B73D-44961587F65E}.Release|Any CPU.ActiveCfg = Release|Any CPU
		{F1C8FF7F-B281-4086-B73D-44961587F65E}.Release|Any CPU.Build.0 = Release|Any CPU
		{F1C8FF7F-B281-4086-B73D-44961587F65E}.Release|x64.ActiveCfg = Release|x64
		{F1C8FF7F-B281-4086-B73D-44961587F65E}.Release|x64.Build.0 = Release|x64
		{F1C8FF7F-B281-4086-B73D-44961587F65E}.Release|x86.ActiveCfg = Release|x86
		{F1C8FF7F-B281-4086-B73D-44961587F65E}.Release|x86.Build.0 = Release|x86
		{8EA01BA2-F0B0-42E1-9077-580314174432}.Debug|Any CPU.ActiveCfg = Debug|Any CPU
		{8EA01BA2-F0B0-42E1-9077-580314174432}.Debug|Any CPU.Build.0 = Debug|Any CPU
		{8EA01BA2-F0B0-42E1-9077-580314174432}.Debug|x64.ActiveCfg = Debug|x64
		{8EA01BA2-F0B0-42E1-9077-580314174432}.Debug|x64.Build.0 = Debug|x64
		{8EA01BA2-F0B0-42E1-9077-580314174432}.Debug|x86.ActiveCfg = Debug|x86
		{8EA01BA2-F0B0-42E1-9077-580314174432}.Debug|x86.Build.0 = Debug|x86
		{8EA01BA2-F0B0-42E1-9077-580314174432}.Release|Any CPU.ActiveCfg = Release|Any CPU
		{8EA01BA2-F0B0-42E1-9077-580314174432}.Release|Any CPU.Build.0 = Release|Any CPU
		{8EA01BA2-F0B0-42E1-9077-580314174432}.Release|x64.ActiveCfg = Release|x64
		{8EA01BA2-F0B0-42E1-9077-580314174432}.Release|x64.Build.0 = Release|x64
		{8EA01BA2-F0B0-42E1-9077-580314174432}.Release|x86.ActiveCfg = Release|x86
		{8EA01BA2-F0B0-42E1-9077-580314174432}.Release|x86.Build.0 = Release|x86
		{0A5AEF6F-03E9-4E9C-8A24-5D831D620270}.Debug|Any CPU.ActiveCfg = Debug|Any CPU
		{0A5AEF6F-03E9-4E9C-8A24-5D831D620270}.Debug|Any CPU.Build.0 = Debug|Any CPU
		{0A5AEF6F-03E9-4E9C-8A24-5D831D620270}.Debug|x64.ActiveCfg = Debug|x64
		{0A5AEF6F-03E9-4E9C-8A24-5D831D620270}.Debug|x64.Build.0 = Debug|x64
		{0A5AEF6F-03E9-4E9C-8A24-5D831D620270}.Debug|x86.ActiveCfg = Debug|x86
		{0A5AEF6F-03E9-4E9C-8A24-5D831D620270}.Debug|x86.Build.0 = Debug|x86
		{0A5AEF6F-03E9-4E9C-8A24-5D831D620270}.Release|Any CPU.ActiveCfg = Release|Any CPU
		{0A5AEF6F-03E9-4E9C-8A24-5D831D620270}.Release|Any CPU.Build.0 = Release|Any CPU
		{0A5AEF6F-03E9-4E9C-8A24-5D831D620270}.Release|x64.ActiveCfg = Release|x64
		{0A5AEF6F-03E9-4E9C-8A24-5D831D620270}.Release|x64.Build.0 = Release|x64
		{0A5AEF6F-03E9-4E9C-8A24-5D831D620270}.Release|x86.ActiveCfg = Release|x86
		{0A5AEF6F-03E9-4E9C-8A24-5D831D620270}.Release|x86.Build.0 = Release|x86
		{787B31AF-8AD5-4ACE-8F9F-A18D204B4392}.Debug|Any CPU.ActiveCfg = Debug|Any CPU
		{787B31AF-8AD5-4ACE-8F9F-A18D204B4392}.Debug|Any CPU.Build.0 = Debug|Any CPU
		{787B31AF-8AD5-4ACE-8F9F-A18D204B4392}.Debug|x64.ActiveCfg = Debug|x64
		{787B31AF-8AD5-4ACE-8F9F-A18D204B4392}.Debug|x64.Build.0 = Debug|x64
		{787B31AF-8AD5-4ACE-8F9F-A18D204B4392}.Debug|x86.ActiveCfg = Debug|x86
		{787B31AF-8AD5-4ACE-8F9F-A18D204B4392}.Debug|x86.Build.0 = Debug|x86
		{787B31AF-8AD5-4ACE-8F9F-A18D204B4392}.Release|Any CPU.ActiveCfg = Release|Any CPU
		{787B31AF-8AD5-4ACE-8F9F-A18D204B4392}.Release|Any CPU.Build.0 = Release|Any CPU
		{787B31AF-8AD5-4ACE-8F9F-A18D204B4392}.Release|x64.ActiveCfg = Release|x64
		{787B31AF-8AD5-4ACE-8F9F-A18D204B4392}.Release|x64.Build.0 = Release|x64
		{787B31AF-8AD5-4ACE-8F9F-A18D204B4392}.Release|x86.ActiveCfg = Release|x86
		{787B31AF-8AD5-4ACE-8F9F-A18D204B4392}.Release|x86.Build.0 = Release|x86
		{5977415E-452F-83AB-AE36-5C079A0D1E9C}.Debug|Any CPU.ActiveCfg = Debug|Win32
		{5977415E-452F-83AB-AE36-5C079A0D1E9C}.Debug|x64.ActiveCfg = Debug|x64
		{5977415E-452F-83AB-AE36-5C079A0D1E9C}.Debug|x64.Build.0 = Debug|x64
		{5977415E-452F-83AB-AE36-5C079A0D1E9C}.Debug|x86.ActiveCfg = Debug|Win32
		{5977415E-452F-83AB-AE36-5C079A0D1E9C}.Debug|x86.Build.0 = Debug|Win32
		{5977415E-452F-83AB-AE36-5C079A0D1E9C}.Release|Any CPU.ActiveCfg = Release|Win32
		{5977415E-452F-83AB-AE36-5C079A0D1E9C}.Release|x64.ActiveCfg = Release|x64
		{5977415E-452F-83AB-AE36-5C079A0D1E9C}.Release|x64.Build.0 = Release|x64
		{5977415E-452F-83AB-AE36-5C079A0D1E9C}.Release|x86.ActiveCfg = Release|Win32
		{5977415E-452F-83AB-AE36-5C079A0D1E9C}.Release|x86.Build.0 = Release|Win32
		{17C96A98-0396-C5A3-2CAF-B34B18DBFA31}.Debug|Any CPU.ActiveCfg = Debug|Win32
		{17C96A98-0396-C5A3-2CAF-B34B18DBFA31}.Debug|x64.ActiveCfg = Debug|x64
		{17C96A98-0396-C5A3-2CAF-B34B18DBFA31}.Debug|x64.Build.0 = Debug|x64
		{17C96A98-0396-C5A3-2CAF-B34B18DBFA31}.Debug|x86.ActiveCfg = Debug|Win32
		{17C96A98-0396-C5A3-2CAF-B34B18DBFA31}.Debug|x86.Build.0 = Debug|Win32
		{17C96A98-0396-C5A3-2CAF-B34B18DBFA31}.Release|Any CPU.ActiveCfg = Release|Win32
		{17C96A98-0396-C5A3-2CAF-B34B18DBFA31}.Release|x64.ActiveCfg = Release|x64
		{17C96A98-0396-C5A3-2CAF-B34B18DBFA31}.Release|x64.Build.0 = Release|x64
		{17C96A98-0396-C5A3-2CAF-B34B18DBFA31}.Release|x86.ActiveCfg = Release|Win32
		{17C96A98-0396-C5A3-2CAF-B34B18DBFA31}.Release|x86.Build.0 = Release|Win32
		{F79B77DA-6327-E59E-6C38-6893D842419F}.Debug|Any CPU.ActiveCfg = Debug|Any CPU
		{F79B77DA-6327-E59E-6C38-6893D842419F}.Debug|Any CPU.Build.0 = Debug|Any CPU
		{F79B77DA-6327-E59E-6C38-6893D842419F}.Debug|x64.ActiveCfg = Debug|x64
		{F79B77DA-6327-E59E-6C38-6893D842419F}.Debug|x64.Build.0 = Debug|x64
		{F79B77DA-6327-E59E-6C38-6893D842419F}.Debug|x86.ActiveCfg = Debug|x86
		{F79B77DA-6327-E59E-6C38-6893D842419F}.Debug|x86.Build.0 = Debug|x86
		{F79B77DA-6327-E59E-6C38-6893D842419F}.Release|Any CPU.ActiveCfg = Release|Any CPU
		{F79B77DA-6327-E59E-6C38-6893D842419F}.Release|Any CPU.Build.0 = Release|Any CPU
		{F79B77DA-6327-E59E-6C38-6893D842419F}.Release|x64.ActiveCfg = Release|x64
		{F79B77DA-6327-E59E-6C38-6893D842419F}.Release|x64.Build.0 = Release|x64
		{F79B77DA-6327-E59E-6C38-6893D842419F}.Release|x86.ActiveCfg = Release|x86
		{F79B77DA-6327-E59E-6C38-6893D842419F}.Release|x86.Build.0 = Release|x86
		{6CFE188E-D8BE-94C4-A1F9-DD410D79D9A0}.Debug|Any CPU.ActiveCfg = Debug|Win32
		{6CFE188E-D8BE-94C4-A1F9-DD410D79D9A0}.Debug|x64.ActiveCfg = Debug|x64
		{6CFE188E-D8BE-94C4-A1F9-DD410D79D9A0}.Debug|x64.Build.0 = Debug|x64
		{6CFE188E-D8BE-94C4-A1F9-DD410D79D9A0}.Debug|x86.ActiveCfg = Debug|Win32
		{6CFE188E-D8BE-94C4-A1F9-DD410D79D9A0}.Debug|x86.Build.0 = Debug|Win32
		{6CFE188E-D8BE-94C4-A1F9-DD410D79D9A0}.Release|Any CPU.ActiveCfg = Release|Win32
		{6CFE188E-D8BE-94C4-A1F9-DD410D79D9A0}.Release|x64.ActiveCfg = Release|x64
		{6CFE188E-D8BE-94C4-A1F9-DD410D79D9A0}.Release|x64.Build.0 = Release|x64
		{6CFE188E-D8BE-94C4-A1F9-DD410D79D9A0}.Release|x86.ActiveCfg = Release|Win32
		{6CFE188E-D8BE-94C4-A1F9-DD410D79D9A0}.Release|x86.Build.0 = Release|Win32
		{6A6F7F70-D624-F865-5F19-F23CCBCDEE69}.Debug|Any CPU.ActiveCfg = Debug|Win32
		{6A6F7F70-D624-F865-5F19-F23CCBCDEE69}.Debug|x64.ActiveCfg = Debug|x64
		{6A6F7F70-D624-F865-5F19-F23CCBCDEE69}.Debug|x64.Build.0 = Debug|x64
		{6A6F7F70-D624-F865-5F19-F23CCBCDEE69}.Debug|x86.ActiveCfg = Debug|Win32
		{6A6F7F70-D624-F865-5F19-F23CCBCDEE69}.Debug|x86.Build.0 = Debug|Win32
		{6A6F7F70-D624-F865-5F19-F23CCBCDEE69}.Release|Any CPU.ActiveCfg = Release|Win32
		{6A6F7F70-D624-F865-5F19-F23CCBCDEE69}.Release|x64.ActiveCfg = Release|x64
		{6A6F7F70-D624-F865-5F19-F23CCBCDEE69}.Release|x64.Build.0 = Release|x64
		{6A6F7F70-D624-F865-5F19-F23CCBCDEE69}.Release|x86.ActiveCfg = Release|Win32
		{6A6F7F70-D624-F865-5F19-F23CCBCDEE69}.Release|x86.Build.0 = Release|Win32
		{EA866D9D-D66A-2EF3-3FCB-28462BCE1875}.Debug|Any CPU.ActiveCfg = Debug|Any CPU
		{EA866D9D-D66A-2EF3-3FCB-28462BCE1875}.Debug|Any CPU.Build.0 = Debug|Any CPU
		{EA866D9D-D66A-2EF3-3FCB-28462BCE1875}.Debug|x64.ActiveCfg = Debug|x64
		{EA866D9D-D66A-2EF3-3FCB-28462BCE1875}.Debug|x64.Build.0 = Debug|x64
		{EA866D9D-D66A-2EF3-3FCB-28462BCE1875}.Debug|x86.ActiveCfg = Debug|x86
		{EA866D9D-D66A-2EF3-3FCB-28462BCE1875}.Debug|x86.Build.0 = Debug|x86
		{EA866D9D-D66A-2EF3-3FCB-28462BCE1875}.Release|Any CPU.ActiveCfg = Release|Any CPU
		{EA866D9D-D66A-2EF3-3FCB-28462BCE1875}.Release|Any CPU.Build.0 = Release|Any CPU
		{EA866D9D-D66A-2EF3-3FCB-28462BCE1875}.Release|x64.ActiveCfg = Release|x64
		{EA866D9D-D66A-2EF3-3FCB-28462BCE1875}.Release|x64.Build.0 = Release|x64
		{EA866D9D-D66A-2EF3-3FCB-28462BCE1875}.Release|x86.ActiveCfg = Release|x86
		{EA866D9D-D66A-2EF3-3FCB-28462BCE1875}.Release|x86.Build.0 = Release|x86
	EndGlobalSection
	GlobalSection(SolutionProperties) = preSolution
		HideSolutionNode = FALSE
	EndGlobalSection
	GlobalSection(NestedProjects) = preSolution
		{1456E6B8-0024-DABE-E9B7-4AE5D524B623} = {DD197E79-C97C-0D1E-7202-46D45E44D9A0}
		{4119C396-ADCE-3B8C-36C3-3563A2773290} = {DD197E79-C97C-0D1E-7202-46D45E44D9A0}
		{206C3362-8C2C-AF98-5567-F815C1E6F374} = {DD197E79-C97C-0D1E-7202-46D45E44D9A0}
		{22FDA591-8E13-A427-D78A-2F4943E074AF} = {DD197E79-C97C-0D1E-7202-46D45E44D9A0}
		{B65BCD14-223B-4CB0-2B53-D78697B1B211} = {DD197E79-C97C-0D1E-7202-46D45E44D9A0}
		{FB5F2992-E72D-1D98-D0C1-8DBEBC2EF9FC} = {DD197E79-C97C-0D1E-7202-46D45E44D9A0}
		{BAF436D3-A619-8653-CF64-6BE3BBE88471} = {DD197E79-C97C-0D1E-7202-46D45E44D9A0}
		{36CA5CD7-A255-CA9B-AB66-4D901771269C} = {DD197E79-C97C-0D1E-7202-46D45E44D9A0}
		{7A887997-6640-BBE4-CF47-9440BB1E56D5} = {DD197E79-C97C-0D1E-7202-46D45E44D9A0}
		{6B232BB0-57F1-1EB6-4085-8FDC2CF2FA1A} = {DD197E79-C97C-0D1E-7202-46D45E44D9A0}
		{B419BF0F-A0FD-7F65-095E-7AB8F5606AE7} = {DD197E79-C97C-0D1E-7202-46D45E44D9A0}
		{2711A28C-1374-3131-BCF9-69E7A83BFDB3} = {DD197E79-C97C-0D1E-7202-46D45E44D9A0}
		{789F7D49-E454-F63E-6D49-F015D9FDEC42} = {DD197E79-C97C-0D1E-7202-46D45E44D9A0}
		{77F0351B-63E9-546D-8C1B-3AF278733479} = {DD197E79-C97C-0D1E-7202-46D45E44D9A0}
		{306C09F1-9C79-37D7-2560-33C2916C038E} = {DD197E79-C97C-0D1E-7202-46D45E44D9A0}
		{D72EFED4-C327-1D27-EC59-02ACD8B1FC32} = {DD197E79-C97C-0D1E-7202-46D45E44D9A0}
		{C5145D76-B1F8-1DCC-1A59-181F065C084E} = {DD197E79-C97C-0D1E-7202-46D45E44D9A0}
		{540A0DC0-C076-C8BA-896A-6018F595EA22} = {252135BA-91AC-A27E-9ABD-257306C8FE7E}
		{E1D8229B-CDBC-E3F0-361D-DE432220CE72} = {252135BA-91AC-A27E-9ABD-257306C8FE7E}
		{E05A1B0C-CCE9-A4D5-7508-B9D06176B57B} = {252135BA-91AC-A27E-9ABD-257306C8FE7E}
		{C0179BF5-ACA6-24BF-55C5-38BA41333565} = {252135BA-91AC-A27E-9ABD-257306C8FE7E}
		{851056FF-F11D-84E5-7A04-80D0E610509C} = {252135BA-91AC-A27E-9ABD-257306C8FE7E}
		{912037D3-7D45-8653-A690-6BE392148571} = {252135BA-91AC-A27E-9ABD-257306C8FE7E}
		{3644F772-223E-20C5-0BAB-B6D5F7438631} = {252135BA-91AC-A27E-9ABD-257306C8FE7E}
		{FACD0E19-66E4-0CAF-AF5B-98D01BB1DD36} = {252135BA-91AC-A27E-9ABD-257306C8FE7E}
		{CB8FA864-37FC-635F-00F0-FBBC6C1B86C7} = {252135BA-91AC-A27E-9ABD-257306C8FE7E}
		{57B7008B-C3EE-4822-CCF8-AC4538AF6F1B} = {252135BA-91AC-A27E-9ABD-257306C8FE7E}
		{B70907FE-2341-4F95-2C4B-B3B89801768E} = {252135BA-91AC-A27E-9ABD-257306C8FE7E}
		{383CB821-A452-B6B7-EDC9-41D9591F873F} = {67ED4281-53A5-84CE-BCAC-5D2AA8831FBF}
		{7C9BFD5B-68FE-8C00-1184-C5B6FDC55883} = {67ED4281-53A5-84CE-BCAC-5D2AA8831FBF}
		{194D450D-0531-0663-6E91-00B65A94F0E4} = {67ED4281-53A5-84CE-BCAC-5D2AA8831FBF}
		{4D470DBD-0A48-4CC7-ACC0-26AE3A531E81} = {A93F02CF-02C4-40FD-942D-CF8A6DAEEDAC}
		{0E2291D6-937C-47C6-992A-33035FBAC8CC} = {A93F02CF-02C4-40FD-942D-CF8A6DAEEDAC}
		{F1C8FF7F-B281-4086-B73D-44961587F65E} = {A93F02CF-02C4-40FD-942D-CF8A6DAEEDAC}
		{8EA01BA2-F0B0-42E1-9077-580314174432} = {A93F02CF-02C4-40FD-942D-CF8A6DAEEDAC}
		{0A5AEF6F-03E9-4E9C-8A24-5D831D620270} = {A93F02CF-02C4-40FD-942D-CF8A6DAEEDAC}
		{787B31AF-8AD5-4ACE-8F9F-A18D204B4392} = {A93F02CF-02C4-40FD-942D-CF8A6DAEEDAC}
		{5977415E-452F-83AB-AE36-5C079A0D1E9C} = {67ED4281-53A5-84CE-BCAC-5D2AA8831FBF}
		{17C96A98-0396-C5A3-2CAF-B34B18DBFA31} = {DD197E79-C97C-0D1E-7202-46D45E44D9A0}
		{F79B77DA-6327-E59E-6C38-6893D842419F} = {252135BA-91AC-A27E-9ABD-257306C8FE7E}
		{6CFE188E-D8BE-94C4-A1F9-DD410D79D9A0} = {67ED4281-53A5-84CE-BCAC-5D2AA8831FBF}
		{6A6F7F70-D624-F865-5F19-F23CCBCDEE69} = {DD197E79-C97C-0D1E-7202-46D45E44D9A0}
		{EA866D9D-D66A-2EF3-3FCB-28462BCE1875} = {252135BA-91AC-A27E-9ABD-257306C8FE7E}
	EndGlobalSection
	GlobalSection(ExtensibilityGlobals) = postSolution
		SolutionGuid = {32FBB3F3-134D-4476-AEEA-D4DF54A1E3C7}
	EndGlobalSection
EndGlobal
