
Microsoft Visual Studio Solution File, Format Version 11.00
# Visual Studio 2010
Project("{2150E333-8FDC-42A3-9474-1A3956D46DE8}") = "C++ Examples", "C++ Examples", "{9C1FABDE-5CEC-4A3B-9E75-EB06BA1892B6}"
EndProject
Project("{2150E333-8FDC-42A3-9474-1A3956D46DE8}") = "CSharp Examples", "CSharp Examples", "{D5F09DD5-98D0-4389-BE3F-1B6779F306BD}"
EndProject
Project("{2150E333-8FDC-42A3-9474-1A3956D46DE8}") = "VB.Net Examples", "VB.Net Examples", "{BECA5205-2F89-4AA9-8300-2D6E3296353B}"
EndProject
Project("{2150E333-8FDC-42A3-9474-1A3956D46DE8}") = "C Examples", "C Examples", "{54258C88-C30D-43AB-B7AF-98DEA1D73711}"
EndProject
Project("{8BC9CEB8-8B4A-11D0-8D11-00A0C91BC942}") = "FlyCapture2Test_C", "FlyCapture2Test_C\FlyCapture2Test_C_2010.vcxproj", "{A522A710-4B96-4B5B-895A-D47EBCF04A67}"
EndProject
Project("{8BC9CEB8-8B4A-11D0-8D11-00A0C91BC942}") = "AsyncTriggerEx", "AsyncTriggerEx\AsyncTriggerEx_2010.vcxproj", "{6821A4E0-62F3-4955-8A20-2F10A7A35571}"
EndProject
Project("{FAE04EC0-301F-11D3-BF4B-00C04F79EFBC}") = "AsyncTriggerEx_CSharp_2010", "AsyncTriggerEx_CSharp\AsyncTriggerEx_CSharp_2010.csproj", "{9DDCEE88-2D96-491E-8D64-876AE183C7CC}"
EndProject
Project("{F184B08F-C81C-45F6-A57F-5ABD9991F28F}") = "AsyncTriggerEx_VB.Net_2010", "AsyncTriggerEx_VB.Net\AsyncTriggerEx_VB.Net_2010.vbproj", "{0E2291D6-937C-47C6-992A-33035FBAC8CC}"
EndProject
Project("{8BC9CEB8-8B4A-11D0-8D11-00A0C91BC942}") = "GigEGrabEx_C", "GigEGrabEx_C\GigEGrabEx_C_2010.vcxproj", "{A59B57AC-651D-4B6F-B112-0AD31668106A}"
EndProject
Project("{8BC9CEB8-8B4A-11D0-8D11-00A0C91BC942}") = "SaveImageToAviEx_C", "SaveImageToAviEx_C\SaveImageToAviEx_C_2010.vcxproj", "{5D5FF269-7D43-4616-9AD4-3FE00B6F94F0}"
EndProject
Project("{8BC9CEB8-8B4A-11D0-8D11-00A0C91BC942}") = "CustomImageEx", "CustomImageEx\CustomImageEx_2010.vcxproj", "{D53CA513-DA98-4F45-894F-6A2A509A6F61}"
EndProject
Project("{8BC9CEB8-8B4A-11D0-8D11-00A0C91BC942}") = "ExtendedShutterEx", "ExtendedShutterEx\ExtendedShutterEx_2010.vcxproj", "{589E34A5-DDE7-4AFF-9D53-EAB88F9F389F}"
EndProject
Project("{8BC9CEB8-8B4A-11D0-8D11-00A0C91BC942}") = "FlyCap2", "FlyCap2\FlyCap2_2010.vcxproj", "{E683D03A-0B1C-4430-B223-763F4B47F04F}"
	ProjectSection(ProjectDependencies) = postProject
		{79A21F36-8D38-447B-B475-BF6E8BC97F55} = {79A21F36-8D38-447B-B475-BF6E8BC97F55}
		{70E18C43-9E62-4D64-91E2-747A239BF9B4} = {70E18C43-9E62-4D64-91E2-747A239BF9B4}
	EndProjectSection
EndProject
Project("{8BC9CEB8-8B4A-11D0-8D11-00A0C91BC942}") = "FlyCap2_GTKmm", "FlyCap2_Gtkmm\FlyCap2_GTKmm_2010.vcxproj", "{A823EADD-2E45-4D0A-A4FA-E6D989709752}"
	ProjectSection(ProjectDependencies) = postProject
		{B20C445B-DA40-4AC1-A524-7BD8CFF46055} = {B20C445B-DA40-4AC1-A524-7BD8CFF46055}
	EndProjectSection
EndProject
Project("{8BC9CEB8-8B4A-11D0-8D11-00A0C91BC942}") = "FlyCapture2GUI", "FlyCapture2GUI\FlyCapture2GUI_2010.vcxproj", "{79A21F36-8D38-447B-B475-BF6E8BC97F55}"
EndProject
Project("{8BC9CEB8-8B4A-11D0-8D11-00A0C91BC942}") = "FlyCapture2GUI_GTKmm", "FlyCapture2GUI_GTKmm\FlyCapture2GUI_GTKmm_2010.vcxproj", "{B20C445B-DA40-4AC1-A524-7BD8CFF46055}"
EndProject
Project("{8BC9CEB8-8B4A-11D0-8D11-00A0C91BC942}") = "FlyCapture2SimpleGUI_MFC", "FlyCapture2SimpleGUI_MFC\FlyCapture2SimpleGUI_MFC_2010.vcxproj", "{79BD5B89-FAFE-4F2E-BC9C-A448174F28EE}"
	ProjectSection(ProjectDependencies) = postProject
		{79A21F36-8D38-447B-B475-BF6E8BC97F55} = {79A21F36-8D38-447B-B475-BF6E8BC97F55}
		{70E18C43-9E62-4D64-91E2-747A239BF9B4} = {70E18C43-9E62-4D64-91E2-747A239BF9B4}
	EndProjectSection
EndProject
Project("{8BC9CEB8-8B4A-11D0-8D11-00A0C91BC942}") = "FlyCapture2Test", "FlyCapture2Test\FlyCapture2Test_2010.vcxproj", "{32F8174B-12F1-4641-AC1A-6FB3DB0485D9}"
EndProject
Project("{8BC9CEB8-8B4A-11D0-8D11-00A0C91BC942}") = "GigEGrabEx", "GigEGrabEx\GigEGrabEx_2010.vcxproj", "{62AAFF7F-D766-4CD3-8800-18B2E1836EE2}"
EndProject
Project("{8BC9CEB8-8B4A-11D0-8D11-00A0C91BC942}") = "GrabCallbackEx", "GrabCallbackEx\GrabCallbackEx_2010.vcxproj", "{91410327-87A6-42DA-AC54-C18873A2BF28}"
EndProject
Project("{8BC9CEB8-8B4A-11D0-8D11-00A0C91BC942}") = "HighDynamicRangeEx", "HighDynamicRangeEx\HighDynamicRangeEx_2010.vcxproj", "{6FF29AA9-639B-4DD9-AFCF-BA2411AEF0A6}"
EndProject
Project("{8BC9CEB8-8B4A-11D0-8D11-00A0C91BC942}") = "ImageEventEx", "ImageEventEx\ImageEventEx_2010.vcxproj", "{AA6FD96B-EC78-4586-9CA7-1DEA01182AC9}"
EndProject
Project("{8BC9CEB8-8B4A-11D0-8D11-00A0C91BC942}") = "MultipleCameraEx", "MultipleCameraEx\MultipleCameraEx_2010.vcxproj", "{A8DAE3FE-69CF-4047-862C-E238E5622260}"
EndProject
Project("{8BC9CEB8-8B4A-11D0-8D11-00A0C91BC942}") = "MultipleCameraWriteToDiskEx", "MultipleCameraWriteToDiskEx\MultipleCameraWriteToDiskEx_2010.vcxproj", "{A9F4103F-4D95-40A8-8685-7C33659A03A0}"
EndProject
Project("{8BC9CEB8-8B4A-11D0-8D11-00A0C91BC942}") = "SaveImageToAviEx", "SaveImageToAviEx\SaveImageToAviEx_2010.vcxproj", "{5A396AF5-AD77-41CF-8C94-7571A9833F97}"
EndProject
Project("{8BC9CEB8-8B4A-11D0-8D11-00A0C91BC942}") = "SaveImageToFlashEx", "SaveImageToFlashEx\SaveImageToFlashEx_2010.vcxproj", "{4AC9715E-3B7C-476F-A5A1-8FEBC9FEAE06}"
EndProject
Project("{8BC9CEB8-8B4A-11D0-8D11-00A0C91BC942}") = "SerialPortEx", "SerialPortEx\SerialPortEx_2010.vcxproj", "{55D6964A-9E2B-4FAF-BF3D-BD1CFEBB9038}"
	ProjectSection(ProjectDependencies) = postProject
		{79A21F36-8D38-447B-B475-BF6E8BC97F55} = {79A21F36-8D38-447B-B475-BF6E8BC97F55}
	EndProjectSection
EndProject
Project("{FAE04EC0-301F-11D3-BF4B-00C04F79EFBC}") = "BusEventsEx_CSharp_2010", "BusEventsEx_CSharp\BusEventsEx_CSharp_2010.csproj", "{20E47E10-8F4D-47A7-8E5D-9DDE69F71C66}"
EndProject
Project("{FAE04EC0-301F-11D3-BF4B-00C04F79EFBC}") = "CustomImageEx_CSharp_2010", "CustomImageEx_CSharp\CustomImageEx_CSharp_2010.csproj", "{277C41AF-EC61-47BF-BC59-10C6329CD0B3}"
EndProject
Project("{FAE04EC0-301F-11D3-BF4B-00C04F79EFBC}") = "FlyCap2CameraControl_2010", "FlyCap2CameraControl\FlyCap2CameraControl_2010.csproj", "{70E18C43-9E62-4D64-91E2-747A239BF9B4}"
EndProject
Project("{FAE04EC0-301F-11D3-BF4B-00C04F79EFBC}") = "FlyCapture2SimpleGUI_CSharp_2010", "FlyCapture2SimpleGUI_CSharp\FlyCapture2SimpleGUI_CSharp_2010.csproj", "{349C8F44-6F3F-47E3-8599-C0BCA956BDCA}"
	ProjectSection(ProjectDependencies) = postProject
		{70E18C43-9E62-4D64-91E2-747A239BF9B4} = {70E18C43-9E62-4D64-91E2-747A239BF9B4}
	EndProjectSection
EndProject
Project("{FAE04EC0-301F-11D3-BF4B-00C04F79EFBC}") = "FlyCapture2SimpleGUI_WPF_2010", "FlyCapture2SimpleGUI_WPF\FlyCapture2SimpleGUI_WPF_2010.csproj", "{07B8B18E-31A8-4B7F-8C26-D759616FA26F}"
EndProject
Project("{FAE04EC0-301F-11D3-BF4B-00C04F79EFBC}") = "FlyCapture2Test_CSharp_2010", "FlyCapture2Test_CSharp\FlyCapture2Test_CSharp_2010.csproj", "{6DA61450-0FDC-4E8A-8603-A70E459390D3}"
EndProject
Project("{FAE04EC0-301F-11D3-BF4B-00C04F79EFBC}") = "GigEGrabEx_CSharp_2010", "GigEGrabEx_CSharp\GigEGrabEx_CSharp_2010.csproj", "{9BBEADA8-AE18-42A5-AB55-1EC34203B545}"
EndProject
Project("{FAE04EC0-301F-11D3-BF4B-00C04F79EFBC}") = "GrabCallbackEx_CSharp_2010", "GrabCallbackEx_CSharp\GrabCallbackEx_CSharp_2010.csproj", "{9C5074A9-614A-4276-82AF-2098F4A26D5A}"
EndProject
Project("{FAE04EC0-301F-11D3-BF4B-00C04F79EFBC}") = "MultipleCameraEx_CSharp_2010", "MultipleCameraEx_CSharp\MultipleCameraEx_CSharp_2010.csproj", "{F4DBDE30-7495-4C16-92F6-703DB9469AC8}"
EndProject
Project("{FAE04EC0-301F-11D3-BF4B-00C04F79EFBC}") = "SaveImageToAviEx_CSharp_2010", "SaveImageToAviEx_CSharp\SaveImageToAviEx_CSharp_2010.csproj", "{D3E8AD28-81FD-4A18-BF7B-D13B473A28F5}"
EndProject
Project("{F184B08F-C81C-45F6-A57F-5ABD9991F28F}") = "BusEventsEx_VB.Net_2010", "BusEventsEx_VB.Net\BusEventsEx_VB.Net_2010.vbproj", "{8EA01BA2-F0B0-42E1-9077-580314174432}"
EndProject
Project("{F184B08F-C81C-45F6-A57F-5ABD9991F28F}") = "CustomImageEx_VB.Net_2010", "CustomImageEx_VB.Net\CustomImageEx_VB.Net_2010.vbproj", "{F1C8FF7F-B281-4086-B73D-44961587F65E}"
EndProject
Project("{F184B08F-C81C-45F6-A57F-5ABD9991F28F}") = "FlyCapture2Test_VB.Net_2010", "FlyCapture2Test_VB.Net\FlyCapture2Test_VB.Net_2010.vbproj", "{4D470DBD-0A48-4CC7-ACC0-26AE3A531E81}"
EndProject
Project("{F184B08F-C81C-45F6-A57F-5ABD9991F28F}") = "GigEGrabEx_VB.Net_2010", "GigEGrabEx_VB.Net\GigEGrabEx_VB.Net_2010.vbproj", "{0A5AEF6F-03E9-4E9C-8A24-5D831D620270}"
EndProject
Project("{F184B08F-C81C-45F6-A57F-5ABD9991F28F}") = "GrabCallbackEx_VB.Net_2010", "GrabCallbackEx_VB.Net\GrabCallbackEx_VB.Net_2010.vbproj", "{787B31AF-8AD5-4ACE-8F9F-A18D204B4392}"
EndProject
Project("{8BC9CEB8-8B4A-11D0-8D11-00A0C91BC942}") = "EventsEx", "EventsEx\EventsEx_2010.vcxproj", "{C231160A-555C-4DAE-A25B-6178E492EE8D}"
EndProject
Project("{8BC9CEB8-8B4A-11D0-8D11-00A0C91BC942}") = "EventsEx_C", "EventsEx_C\EventsEx_C_2010.vcxproj", "{88B62C1B-461A-45B5-B80E-CC8BB105B0CC}"
EndProject
Project("{FAE04EC0-301F-11D3-BF4B-00C04F79EFBC}") = "EventsEx_CSharp_2010", "EventsEx_CSharp\EventsEx_CSharp_2010.csproj", "{32918C0A-9188-4ED0-A7BF-C733C5F70A21}"
EndProject
Project("{8BC9CEB8-8B4A-11D0-8D11-00A0C91BC942}") = "MultiSyncEx_C", "MultiSyncEx_C\MultiSyncEx_C_2010.vcxproj", "{EDD302C1-1D78-497A-9343-9D83DC1D5034}"
EndProject
Project("{8BC9CEB8-8B4A-11D0-8D11-00A0C91BC942}") = "MultiSyncEx", "MultiSyncEx\MultiSyncEx_2010.vcxproj", "{703F8A33-81D8-464F-93FF-EF313C0D5C97}"
EndProject
Project("{FAE04EC0-301F-11D3-BF4B-00C04F79EFBC}") = "MultiSyncEx_CSharp_2010", "MultiSyncEx_CSharp\MultiSyncEx_CSharp_2010.csproj", "{D04F9B8C-1D1F-4F92-AF06-EC5599D8F9D7}"
EndProject
Project("{8BC9CEB8-8B4A-11D0-8D11-00A0C91BC942}") = "BusEventsEx", "BusEventsEx\BusEventsEx_2010.vcxproj", "{4E7CA86D-1E3C-47BE-88F2-B2767AC5A557}"
EndProject
Global
	GlobalSection(SolutionConfigurationPlatforms) = preSolution
		Debug|Any CPU = Debug|Any CPU
		Debug|Win32 = Debug|Win32
		Debug|x64 = Debug|x64
		Debug|x86 = Debug|x86
		Release|Any CPU = Release|Any CPU
		Release|Win32 = Release|Win32
		Release|x64 = Release|x64
		Release|x86 = Release|x86
	EndGlobalSection
	GlobalSection(ProjectConfigurationPlatforms) = postSolution
		{A522A710-4B96-4B5B-895A-D47EBCF04A67}.Debug|Any CPU.ActiveCfg = Debug|x64
		{A522A710-4B96-4B5B-895A-D47EBCF04A67}.Debug|Win32.ActiveCfg = Debug|Win32
		{A522A710-4B96-4B5B-895A-D47EBCF04A67}.Debug|Win32.Build.0 = Debug|Win32
		{A522A710-4B96-4B5B-895A-D47EBCF04A67}.Debug|x64.ActiveCfg = Debug|x64
		{A522A710-4B96-4B5B-895A-D47EBCF04A67}.Debug|x64.Build.0 = Debug|x64
		{A522A710-4B96-4B5B-895A-D47EBCF04A67}.Debug|x86.ActiveCfg = Debug|Win32
		{A522A710-4B96-4B5B-895A-D47EBCF04A67}.Debug|x86.Build.0 = Debug|Win32
		{A522A710-4B96-4B5B-895A-D47EBCF04A67}.Release|Any CPU.ActiveCfg = Release|x64
		{A522A710-4B96-4B5B-895A-D47EBCF04A67}.Release|Win32.ActiveCfg = Release|Win32
		{A522A710-4B96-4B5B-895A-D47EBCF04A67}.Release|Win32.Build.0 = Release|Win32
		{A522A710-4B96-4B5B-895A-D47EBCF04A67}.Release|x64.ActiveCfg = Release|x64
		{A522A710-4B96-4B5B-895A-D47EBCF04A67}.Release|x64.Build.0 = Release|x64
		{A522A710-4B96-4B5B-895A-D47EBCF04A67}.Release|x86.ActiveCfg = Release|Win32
		{A522A710-4B96-4B5B-895A-D47EBCF04A67}.Release|x86.Build.0 = Release|Win32
		{6821A4E0-62F3-4955-8A20-2F10A7A35571}.Debug|Any CPU.ActiveCfg = Debug|x64
		{6821A4E0-62F3-4955-8A20-2F10A7A35571}.Debug|Win32.ActiveCfg = Debug|Win32
		{6821A4E0-62F3-4955-8A20-2F10A7A35571}.Debug|Win32.Build.0 = Debug|Win32
		{6821A4E0-62F3-4955-8A20-2F10A7A35571}.Debug|x64.ActiveCfg = Debug|x64
		{6821A4E0-62F3-4955-8A20-2F10A7A35571}.Debug|x64.Build.0 = Debug|x64
		{6821A4E0-62F3-4955-8A20-2F10A7A35571}.Debug|x86.ActiveCfg = Debug|Win32
		{6821A4E0-62F3-4955-8A20-2F10A7A35571}.Debug|x86.Build.0 = Debug|Win32
		{6821A4E0-62F3-4955-8A20-2F10A7A35571}.Release|Any CPU.ActiveCfg = Release|x64
		{6821A4E0-62F3-4955-8A20-2F10A7A35571}.Release|Win32.ActiveCfg = Release|Win32
		{6821A4E0-62F3-4955-8A20-2F10A7A35571}.Release|Win32.Build.0 = Release|Win32
		{6821A4E0-62F3-4955-8A20-2F10A7A35571}.Release|x64.ActiveCfg = Release|x64
		{6821A4E0-62F3-4955-8A20-2F10A7A35571}.Release|x64.Build.0 = Release|x64
		{6821A4E0-62F3-4955-8A20-2F10A7A35571}.Release|x86.ActiveCfg = Release|Win32
		{6821A4E0-62F3-4955-8A20-2F10A7A35571}.Release|x86.Build.0 = Release|Win32
		{9DDCEE88-2D96-491E-8D64-876AE183C7CC}.Debug|Any CPU.ActiveCfg = Debug|Any CPU
		{9DDCEE88-2D96-491E-8D64-876AE183C7CC}.Debug|Any CPU.Build.0 = Debug|Any CPU
		{9DDCEE88-2D96-491E-8D64-876AE183C7CC}.Debug|Win32.ActiveCfg = Debug|x86
		{9DDCEE88-2D96-491E-8D64-876AE183C7CC}.Debug|Win32.Build.0 = Debug|x86
		{9DDCEE88-2D96-491E-8D64-876AE183C7CC}.Debug|x64.ActiveCfg = Debug|x64
		{9DDCEE88-2D96-491E-8D64-876AE183C7CC}.Debug|x64.Build.0 = Debug|x64
		{9DDCEE88-2D96-491E-8D64-876AE183C7CC}.Debug|x86.ActiveCfg = Debug|x86
		{9DDCEE88-2D96-491E-8D64-876AE183C7CC}.Debug|x86.Build.0 = Debug|x86
		{9DDCEE88-2D96-491E-8D64-876AE183C7CC}.Release|Any CPU.ActiveCfg = Release|Any CPU
		{9DDCEE88-2D96-491E-8D64-876AE183C7CC}.Release|Any CPU.Build.0 = Release|Any CPU
		{9DDCEE88-2D96-491E-8D64-876AE183C7CC}.Release|Win32.ActiveCfg = Release|x86
		{9DDCEE88-2D96-491E-8D64-876AE183C7CC}.Release|Win32.Build.0 = Release|x86
		{9DDCEE88-2D96-491E-8D64-876AE183C7CC}.Release|x64.ActiveCfg = Release|x64
		{9DDCEE88-2D96-491E-8D64-876AE183C7CC}.Release|x64.Build.0 = Release|x64
		{9DDCEE88-2D96-491E-8D64-876AE183C7CC}.Release|x86.ActiveCfg = Release|x86
		{9DDCEE88-2D96-491E-8D64-876AE183C7CC}.Release|x86.Build.0 = Release|x86
		{0E2291D6-937C-47C6-992A-33035FBAC8CC}.Debug|Any CPU.ActiveCfg = Debug|Any CPU
		{0E2291D6-937C-47C6-992A-33035FBAC8CC}.Debug|Any CPU.Build.0 = Debug|Any CPU
		{0E2291D6-937C-47C6-992A-33035FBAC8CC}.Debug|Win32.ActiveCfg = Debug|x86
		{0E2291D6-937C-47C6-992A-33035FBAC8CC}.Debug|Win32.Build.0 = Debug|x86
		{0E2291D6-937C-47C6-992A-33035FBAC8CC}.Debug|x64.ActiveCfg = Debug|x64
		{0E2291D6-937C-47C6-992A-33035FBAC8CC}.Debug|x64.Build.0 = Debug|x64
		{0E2291D6-937C-47C6-992A-33035FBAC8CC}.Debug|x86.ActiveCfg = Debug|x86
		{0E2291D6-937C-47C6-992A-33035FBAC8CC}.Debug|x86.Build.0 = Debug|x86
		{0E2291D6-937C-47C6-992A-33035FBAC8CC}.Release|Any CPU.ActiveCfg = Release|Any CPU
		{0E2291D6-937C-47C6-992A-33035FBAC8CC}.Release|Any CPU.Build.0 = Release|Any CPU
		{0E2291D6-937C-47C6-992A-33035FBAC8CC}.Release|Win32.ActiveCfg = Release|x86
		{0E2291D6-937C-47C6-992A-33035FBAC8CC}.Release|Win32.Build.0 = Release|x86
		{0E2291D6-937C-47C6-992A-33035FBAC8CC}.Release|x64.ActiveCfg = Release|x64
		{0E2291D6-937C-47C6-992A-33035FBAC8CC}.Release|x64.Build.0 = Release|x64
		{0E2291D6-937C-47C6-992A-33035FBAC8CC}.Release|x86.ActiveCfg = Release|x86
		{0E2291D6-937C-47C6-992A-33035FBAC8CC}.Release|x86.Build.0 = Release|x86
		{A59B57AC-651D-4B6F-B112-0AD31668106A}.Debug|Any CPU.ActiveCfg = Debug|x64
		{A59B57AC-651D-4B6F-B112-0AD31668106A}.Debug|Win32.ActiveCfg = Debug|Win32
		{A59B57AC-651D-4B6F-B112-0AD31668106A}.Debug|Win32.Build.0 = Debug|Win32
		{A59B57AC-651D-4B6F-B112-0AD31668106A}.Debug|x64.ActiveCfg = Debug|x64
		{A59B57AC-651D-4B6F-B112-0AD31668106A}.Debug|x64.Build.0 = Debug|x64
		{A59B57AC-651D-4B6F-B112-0AD31668106A}.Debug|x86.ActiveCfg = Debug|Win32
		{A59B57AC-651D-4B6F-B112-0AD31668106A}.Debug|x86.Build.0 = Debug|Win32
		{A59B57AC-651D-4B6F-B112-0AD31668106A}.Release|Any CPU.ActiveCfg = Release|x64
		{A59B57AC-651D-4B6F-B112-0AD31668106A}.Release|Win32.ActiveCfg = Release|Win32
		{A59B57AC-651D-4B6F-B112-0AD31668106A}.Release|Win32.Build.0 = Release|Win32
		{A59B57AC-651D-4B6F-B112-0AD31668106A}.Release|x64.ActiveCfg = Release|x64
		{A59B57AC-651D-4B6F-B112-0AD31668106A}.Release|x64.Build.0 = Release|x64
		{A59B57AC-651D-4B6F-B112-0AD31668106A}.Release|x86.ActiveCfg = Release|Win32
		{A59B57AC-651D-4B6F-B112-0AD31668106A}.Release|x86.Build.0 = Release|Win32
		{5D5FF269-7D43-4616-9AD4-3FE00B6F94F0}.Debug|Any CPU.ActiveCfg = Debug|x64
		{5D5FF269-7D43-4616-9AD4-3FE00B6F94F0}.Debug|Win32.ActiveCfg = Debug|Win32
		{5D5FF269-7D43-4616-9AD4-3FE00B6F94F0}.Debug|Win32.Build.0 = Debug|Win32
		{5D5FF269-7D43-4616-9AD4-3FE00B6F94F0}.Debug|x64.ActiveCfg = Debug|x64
		{5D5FF269-7D43-4616-9AD4-3FE00B6F94F0}.Debug|x64.Build.0 = Debug|x64
		{5D5FF269-7D43-4616-9AD4-3FE00B6F94F0}.Debug|x86.ActiveCfg = Debug|Win32
		{5D5FF269-7D43-4616-9AD4-3FE00B6F94F0}.Debug|x86.Build.0 = Debug|Win32
		{5D5FF269-7D43-4616-9AD4-3FE00B6F94F0}.Release|Any CPU.ActiveCfg = Release|x64
		{5D5FF269-7D43-4616-9AD4-3FE00B6F94F0}.Release|Win32.ActiveCfg = Release|Win32
		{5D5FF269-7D43-4616-9AD4-3FE00B6F94F0}.Release|Win32.Build.0 = Release|Win32
		{5D5FF269-7D43-4616-9AD4-3FE00B6F94F0}.Release|x64.ActiveCfg = Release|x64
		{5D5FF269-7D43-4616-9AD4-3FE00B6F94F0}.Release|x64.Build.0 = Release|x64
		{5D5FF269-7D43-4616-9AD4-3FE00B6F94F0}.Release|x86.ActiveCfg = Release|Win32
		{5D5FF269-7D43-4616-9AD4-3FE00B6F94F0}.Release|x86.Build.0 = Release|Win32
		{D53CA513-DA98-4F45-894F-6A2A509A6F61}.Debug|Any CPU.ActiveCfg = Debug|x64
		{D53CA513-DA98-4F45-894F-6A2A509A6F61}.Debug|Win32.ActiveCfg = Debug|Win32
		{D53CA513-DA98-4F45-894F-6A2A509A6F61}.Debug|Win32.Build.0 = Debug|Win32
		{D53CA513-DA98-4F45-894F-6A2A509A6F61}.Debug|x64.ActiveCfg = Debug|x64
		{D53CA513-DA98-4F45-894F-6A2A509A6F61}.Debug|x64.Build.0 = Debug|x64
		{D53CA513-DA98-4F45-894F-6A2A509A6F61}.Debug|x86.ActiveCfg = Debug|Win32
		{D53CA513-DA98-4F45-894F-6A2A509A6F61}.Debug|x86.Build.0 = Debug|Win32
		{D53CA513-DA98-4F45-894F-6A2A509A6F61}.Release|Any CPU.ActiveCfg = Release|x64
		{D53CA513-DA98-4F45-894F-6A2A509A6F61}.Release|Win32.ActiveCfg = Release|Win32
		{D53CA513-DA98-4F45-894F-6A2A509A6F61}.Release|Win32.Build.0 = Release|Win32
		{D53CA513-DA98-4F45-894F-6A2A509A6F61}.Release|x64.ActiveCfg = Release|x64
		{D53CA513-DA98-4F45-894F-6A2A509A6F61}.Release|x64.Build.0 = Release|x64
		{D53CA513-DA98-4F45-894F-6A2A509A6F61}.Release|x86.ActiveCfg = Release|Win32
		{D53CA513-DA98-4F45-894F-6A2A509A6F61}.Release|x86.Build.0 = Release|Win32
		{589E34A5-DDE7-4AFF-9D53-EAB88F9F389F}.Debug|Any CPU.ActiveCfg = Debug|x64
		{589E34A5-DDE7-4AFF-9D53-EAB88F9F389F}.Debug|Win32.ActiveCfg = Debug|Win32
		{589E34A5-DDE7-4AFF-9D53-EAB88F9F389F}.Debug|Win32.Build.0 = Debug|Win32
		{589E34A5-DDE7-4AFF-9D53-EAB88F9F389F}.Debug|x64.ActiveCfg = Debug|x64
		{589E34A5-DDE7-4AFF-9D53-EAB88F9F389F}.Debug|x64.Build.0 = Debug|x64
		{589E34A5-DDE7-4AFF-9D53-EAB88F9F389F}.Debug|x86.ActiveCfg = Debug|Win32
		{589E34A5-DDE7-4AFF-9D53-EAB88F9F389F}.Debug|x86.Build.0 = Debug|Win32
		{589E34A5-DDE7-4AFF-9D53-EAB88F9F389F}.Release|Any CPU.ActiveCfg = Release|x64
		{589E34A5-DDE7-4AFF-9D53-EAB88F9F389F}.Release|Win32.ActiveCfg = Release|Win32
		{589E34A5-DDE7-4AFF-9D53-EAB88F9F389F}.Release|Win32.Build.0 = Release|Win32
		{589E34A5-DDE7-4AFF-9D53-EAB88F9F389F}.Release|x64.ActiveCfg = Release|x64
		{589E34A5-DDE7-4AFF-9D53-EAB88F9F389F}.Release|x64.Build.0 = Release|x64
		{589E34A5-DDE7-4AFF-9D53-EAB88F9F389F}.Release|x86.ActiveCfg = Release|Win32
		{589E34A5-DDE7-4AFF-9D53-EAB88F9F389F}.Release|x86.Build.0 = Release|Win32
		{E683D03A-0B1C-4430-B223-763F4B47F04F}.Debug|Any CPU.ActiveCfg = Debug|x64
		{E683D03A-0B1C-4430-B223-763F4B47F04F}.Debug|Win32.ActiveCfg = Debug|Win32
		{E683D03A-0B1C-4430-B223-763F4B47F04F}.Debug|Win32.Build.0 = Debug|Win32
		{E683D03A-0B1C-4430-B223-763F4B47F04F}.Debug|x64.ActiveCfg = Debug|x64
		{E683D03A-0B1C-4430-B223-763F4B47F04F}.Debug|x64.Build.0 = Debug|x64
		{E683D03A-0B1C-4430-B223-763F4B47F04F}.Debug|x86.ActiveCfg = Debug|Win32
		{E683D03A-0B1C-4430-B223-763F4B47F04F}.Debug|x86.Build.0 = Debug|Win32
		{E683D03A-0B1C-4430-B223-763F4B47F04F}.Release|Any CPU.ActiveCfg = Release|x64
		{E683D03A-0B1C-4430-B223-763F4B47F04F}.Release|Win32.ActiveCfg = Release|Win32
		{E683D03A-0B1C-4430-B223-763F4B47F04F}.Release|Win32.Build.0 = Release|Win32
		{E683D03A-0B1C-4430-B223-763F4B47F04F}.Release|x64.ActiveCfg = Release|x64
		{E683D03A-0B1C-4430-B223-763F4B47F04F}.Release|x64.Build.0 = Release|x64
		{E683D03A-0B1C-4430-B223-763F4B47F04F}.Release|x86.ActiveCfg = Release|Win32
		{E683D03A-0B1C-4430-B223-763F4B47F04F}.Release|x86.Build.0 = Release|Win32
		{A823EADD-2E45-4D0A-A4FA-E6D989709752}.Debug|Any CPU.ActiveCfg = Debug|x64
		{A823EADD-2E45-4D0A-A4FA-E6D989709752}.Debug|Win32.ActiveCfg = Debug|Win32
		{A823EADD-2E45-4D0A-A4FA-E6D989709752}.Debug|Win32.Build.0 = Debug|Win32
		{A823EADD-2E45-4D0A-A4FA-E6D989709752}.Debug|x64.ActiveCfg = Debug|x64
		{A823EADD-2E45-4D0A-A4FA-E6D989709752}.Debug|x64.Build.0 = Debug|x64
		{A823EADD-2E45-4D0A-A4FA-E6D989709752}.Debug|x86.ActiveCfg = Debug|Win32
		{A823EADD-2E45-4D0A-A4FA-E6D989709752}.Debug|x86.Build.0 = Debug|Win32
		{A823EADD-2E45-4D0A-A4FA-E6D989709752}.Release|Any CPU.ActiveCfg = Release|x64
		{A823EADD-2E45-4D0A-A4FA-E6D989709752}.Release|Win32.ActiveCfg = Release|Win32
		{A823EADD-2E45-4D0A-A4FA-E6D989709752}.Release|Win32.Build.0 = Release|Win32
		{A823EADD-2E45-4D0A-A4FA-E6D989709752}.Release|x64.ActiveCfg = Release|x64
		{A823EADD-2E45-4D0A-A4FA-E6D989709752}.Release|x64.Build.0 = Release|x64
		{A823EADD-2E45-4D0A-A4FA-E6D989709752}.Release|x86.ActiveCfg = Release|Win32
		{A823EADD-2E45-4D0A-A4FA-E6D989709752}.Release|x86.Build.0 = Release|Win32
		{79A21F36-8D38-447B-B475-BF6E8BC97F55}.Debug|Any CPU.ActiveCfg = Debug|x64
		{79A21F36-8D38-447B-B475-BF6E8BC97F55}.Debug|Win32.ActiveCfg = Debug|Win32
		{79A21F36-8D38-447B-B475-BF6E8BC97F55}.Debug|Win32.Build.0 = Debug|Win32
		{79A21F36-8D38-447B-B475-BF6E8BC97F55}.Debug|x64.ActiveCfg = Debug|x64
		{79A21F36-8D38-447B-B475-BF6E8BC97F55}.Debug|x64.Build.0 = Debug|x64
		{79A21F36-8D38-447B-B475-BF6E8BC97F55}.Debug|x86.ActiveCfg = Debug|Win32
		{79A21F36-8D38-447B-B475-BF6E8BC97F55}.Debug|x86.Build.0 = Debug|Win32
		{79A21F36-8D38-447B-B475-BF6E8BC97F55}.Release|Any CPU.ActiveCfg = Release|x64
		{79A21F36-8D38-447B-B475-BF6E8BC97F55}.Release|Win32.ActiveCfg = Release|Win32
		{79A21F36-8D38-447B-B475-BF6E8BC97F55}.Release|Win32.Build.0 = Release|Win32
		{79A21F36-8D38-447B-B475-BF6E8BC97F55}.Release|x64.ActiveCfg = Release|x64
		{79A21F36-8D38-447B-B475-BF6E8BC97F55}.Release|x64.Build.0 = Release|x64
		{79A21F36-8D38-447B-B475-BF6E8BC97F55}.Release|x86.ActiveCfg = Release|Win32
		{79A21F36-8D38-447B-B475-BF6E8BC97F55}.Release|x86.Build.0 = Release|Win32
		{B20C445B-DA40-4AC1-A524-7BD8CFF46055}.Debug|Any CPU.ActiveCfg = Debug|x64
		{B20C445B-DA40-4AC1-A524-7BD8CFF46055}.Debug|Win32.ActiveCfg = Debug|Win32
		{B20C445B-DA40-4AC1-A524-7BD8CFF46055}.Debug|Win32.Build.0 = Debug|Win32
		{B20C445B-DA40-4AC1-A524-7BD8CFF46055}.Debug|x64.ActiveCfg = Debug|x64
		{B20C445B-DA40-4AC1-A524-7BD8CFF46055}.Debug|x64.Build.0 = Debug|x64
		{B20C445B-DA40-4AC1-A524-7BD8CFF46055}.Debug|x86.ActiveCfg = Debug|Win32
		{B20C445B-DA40-4AC1-A524-7BD8CFF46055}.Debug|x86.Build.0 = Debug|Win32
		{B20C445B-DA40-4AC1-A524-7BD8CFF46055}.Release|Any CPU.ActiveCfg = Release|x64
		{B20C445B-DA40-4AC1-A524-7BD8CFF46055}.Release|Win32.ActiveCfg = Release|Win32
		{B20C445B-DA40-4AC1-A524-7BD8CFF46055}.Release|Win32.Build.0 = Release|Win32
		{B20C445B-DA40-4AC1-A524-7BD8CFF46055}.Release|x64.ActiveCfg = Release|x64
		{B20C445B-DA40-4AC1-A524-7BD8CFF46055}.Release|x64.Build.0 = Release|x64
		{B20C445B-DA40-4AC1-A524-7BD8CFF46055}.Release|x86.ActiveCfg = Release|Win32
		{B20C445B-DA40-4AC1-A524-7BD8CFF46055}.Release|x86.Build.0 = Release|Win32
		{79BD5B89-FAFE-4F2E-BC9C-A448174F28EE}.Debug|Any CPU.ActiveCfg = Debug|x64
		{79BD5B89-FAFE-4F2E-BC9C-A448174F28EE}.Debug|Win32.ActiveCfg = Debug|Win32
		{79BD5B89-FAFE-4F2E-BC9C-A448174F28EE}.Debug|Win32.Build.0 = Debug|Win32
		{79BD5B89-FAFE-4F2E-BC9C-A448174F28EE}.Debug|x64.ActiveCfg = Debug|x64
		{79BD5B89-FAFE-4F2E-BC9C-A448174F28EE}.Debug|x64.Build.0 = Debug|x64
		{79BD5B89-FAFE-4F2E-BC9C-A448174F28EE}.Debug|x86.ActiveCfg = Debug|Win32
		{79BD5B89-FAFE-4F2E-BC9C-A448174F28EE}.Debug|x86.Build.0 = Debug|Win32
		{79BD5B89-FAFE-4F2E-BC9C-A448174F28EE}.Release|Any CPU.ActiveCfg = Release|x64
		{79BD5B89-FAFE-4F2E-BC9C-A448174F28EE}.Release|Win32.ActiveCfg = Release|Win32
		{79BD5B89-FAFE-4F2E-BC9C-A448174F28EE}.Release|Win32.Build.0 = Release|Win32
		{79BD5B89-FAFE-4F2E-BC9C-A448174F28EE}.Release|x64.ActiveCfg = Release|x64
		{79BD5B89-FAFE-4F2E-BC9C-A448174F28EE}.Release|x64.Build.0 = Release|x64
		{79BD5B89-FAFE-4F2E-BC9C-A448174F28EE}.Release|x86.ActiveCfg = Release|Win32
		{79BD5B89-FAFE-4F2E-BC9C-A448174F28EE}.Release|x86.Build.0 = Release|Win32
		{32F8174B-12F1-4641-AC1A-6FB3DB0485D9}.Debug|Any CPU.ActiveCfg = Debug|x64
		{32F8174B-12F1-4641-AC1A-6FB3DB0485D9}.Debug|Win32.ActiveCfg = Debug|Win32
		{32F8174B-12F1-4641-AC1A-6FB3DB0485D9}.Debug|Win32.Build.0 = Debug|Win32
		{32F8174B-12F1-4641-AC1A-6FB3DB0485D9}.Debug|x64.ActiveCfg = Debug|x64
		{32F8174B-12F1-4641-AC1A-6FB3DB0485D9}.Debug|x64.Build.0 = Debug|x64
		{32F8174B-12F1-4641-AC1A-6FB3DB0485D9}.Debug|x86.ActiveCfg = Debug|Win32
		{32F8174B-12F1-4641-AC1A-6FB3DB0485D9}.Debug|x86.Build.0 = Debug|Win32
		{32F8174B-12F1-4641-AC1A-6FB3DB0485D9}.Release|Any CPU.ActiveCfg = Release|x64
		{32F8174B-12F1-4641-AC1A-6FB3DB0485D9}.Release|Win32.ActiveCfg = Release|Win32
		{32F8174B-12F1-4641-AC1A-6FB3DB0485D9}.Release|Win32.Build.0 = Release|Win32
		{32F8174B-12F1-4641-AC1A-6FB3DB0485D9}.Release|x64.ActiveCfg = Release|x64
		{32F8174B-12F1-4641-AC1A-6FB3DB0485D9}.Release|x64.Build.0 = Release|x64
		{32F8174B-12F1-4641-AC1A-6FB3DB0485D9}.Release|x86.ActiveCfg = Release|Win32
		{32F8174B-12F1-4641-AC1A-6FB3DB0485D9}.Release|x86.Build.0 = Release|Win32
		{62AAFF7F-D766-4CD3-8800-18B2E1836EE2}.Debug|Any CPU.ActiveCfg = Debug|x64
		{62AAFF7F-D766-4CD3-8800-18B2E1836EE2}.Debug|Win32.ActiveCfg = Debug|Win32
		{62AAFF7F-D766-4CD3-8800-18B2E1836EE2}.Debug|Win32.Build.0 = Debug|Win32
		{62AAFF7F-D766-4CD3-8800-18B2E1836EE2}.Debug|x64.ActiveCfg = Debug|x64
		{62AAFF7F-D766-4CD3-8800-18B2E1836EE2}.Debug|x64.Build.0 = Debug|x64
		{62AAFF7F-D766-4CD3-8800-18B2E1836EE2}.Debug|x86.ActiveCfg = Debug|Win32
		{62AAFF7F-D766-4CD3-8800-18B2E1836EE2}.Debug|x86.Build.0 = Debug|Win32
		{62AAFF7F-D766-4CD3-8800-18B2E1836EE2}.Release|Any CPU.ActiveCfg = Release|x64
		{62AAFF7F-D766-4CD3-8800-18B2E1836EE2}.Release|Win32.ActiveCfg = Release|Win32
		{62AAFF7F-D766-4CD3-8800-18B2E1836EE2}.Release|Win32.Build.0 = Release|Win32
		{62AAFF7F-D766-4CD3-8800-18B2E1836EE2}.Release|x64.ActiveCfg = Release|x64
		{62AAFF7F-D766-4CD3-8800-18B2E1836EE2}.Release|x64.Build.0 = Release|x64
		{62AAFF7F-D766-4CD3-8800-18B2E1836EE2}.Release|x86.ActiveCfg = Release|Win32
		{62AAFF7F-D766-4CD3-8800-18B2E1836EE2}.Release|x86.Build.0 = Release|Win32
		{91410327-87A6-42DA-AC54-C18873A2BF28}.Debug|Any CPU.ActiveCfg = Debug|x64
		{91410327-87A6-42DA-AC54-C18873A2BF28}.Debug|Win32.ActiveCfg = Debug|Win32
		{91410327-87A6-42DA-AC54-C18873A2BF28}.Debug|Win32.Build.0 = Debug|Win32
		{91410327-87A6-42DA-AC54-C18873A2BF28}.Debug|x64.ActiveCfg = Debug|x64
		{91410327-87A6-42DA-AC54-C18873A2BF28}.Debug|x64.Build.0 = Debug|x64
		{91410327-87A6-42DA-AC54-C18873A2BF28}.Debug|x86.ActiveCfg = Debug|Win32
		{91410327-87A6-42DA-AC54-C18873A2BF28}.Debug|x86.Build.0 = Debug|Win32
		{91410327-87A6-42DA-AC54-C18873A2BF28}.Release|Any CPU.ActiveCfg = Release|x64
		{91410327-87A6-42DA-AC54-C18873A2BF28}.Release|Win32.ActiveCfg = Release|Win32
		{91410327-87A6-42DA-AC54-C18873A2BF28}.Release|Win32.Build.0 = Release|Win32
		{91410327-87A6-42DA-AC54-C18873A2BF28}.Release|x64.ActiveCfg = Release|x64
		{91410327-87A6-42DA-AC54-C18873A2BF28}.Release|x64.Build.0 = Release|x64
		{91410327-87A6-42DA-AC54-C18873A2BF28}.Release|x86.ActiveCfg = Release|Win32
		{91410327-87A6-42DA-AC54-C18873A2BF28}.Release|x86.Build.0 = Release|Win32
		{6FF29AA9-639B-4DD9-AFCF-BA2411AEF0A6}.Debug|Any CPU.ActiveCfg = Debug|x64
		{6FF29AA9-639B-4DD9-AFCF-BA2411AEF0A6}.Debug|Win32.ActiveCfg = Debug|Win32
		{6FF29AA9-639B-4DD9-AFCF-BA2411AEF0A6}.Debug|Win32.Build.0 = Debug|Win32
		{6FF29AA9-639B-4DD9-AFCF-BA2411AEF0A6}.Debug|x64.ActiveCfg = Debug|x64
		{6FF29AA9-639B-4DD9-AFCF-BA2411AEF0A6}.Debug|x64.Build.0 = Debug|x64
		{6FF29AA9-639B-4DD9-AFCF-BA2411AEF0A6}.Debug|x86.ActiveCfg = Debug|Win32
		{6FF29AA9-639B-4DD9-AFCF-BA2411AEF0A6}.Debug|x86.Build.0 = Debug|Win32
		{6FF29AA9-639B-4DD9-AFCF-BA2411AEF0A6}.Release|Any CPU.ActiveCfg = Release|x64
		{6FF29AA9-639B-4DD9-AFCF-BA2411AEF0A6}.Release|Win32.ActiveCfg = Release|Win32
		{6FF29AA9-639B-4DD9-AFCF-BA2411AEF0A6}.Release|Win32.Build.0 = Release|Win32
		{6FF29AA9-639B-4DD9-AFCF-BA2411AEF0A6}.Release|x64.ActiveCfg = Release|x64
		{6FF29AA9-639B-4DD9-AFCF-BA2411AEF0A6}.Release|x64.Build.0 = Release|x64
		{6FF29AA9-639B-4DD9-AFCF-BA2411AEF0A6}.Release|x86.ActiveCfg = Release|Win32
		{6FF29AA9-639B-4DD9-AFCF-BA2411AEF0A6}.Release|x86.Build.0 = Release|Win32
		{AA6FD96B-EC78-4586-9CA7-1DEA01182AC9}.Debug|Any CPU.ActiveCfg = Debug|x64
		{AA6FD96B-EC78-4586-9CA7-1DEA01182AC9}.Debug|Win32.ActiveCfg = Debug|Win32
		{AA6FD96B-EC78-4586-9CA7-1DEA01182AC9}.Debug|Win32.Build.0 = Debug|Win32
		{AA6FD96B-EC78-4586-9CA7-1DEA01182AC9}.Debug|x64.ActiveCfg = Debug|x64
		{AA6FD96B-EC78-4586-9CA7-1DEA01182AC9}.Debug|x64.Build.0 = Debug|x64
		{AA6FD96B-EC78-4586-9CA7-1DEA01182AC9}.Debug|x86.ActiveCfg = Debug|Win32
		{AA6FD96B-EC78-4586-9CA7-1DEA01182AC9}.Debug|x86.Build.0 = Debug|Win32
		{AA6FD96B-EC78-4586-9CA7-1DEA01182AC9}.Release|Any CPU.ActiveCfg = Release|x64
		{AA6FD96B-EC78-4586-9CA7-1DEA01182AC9}.Release|Win32.ActiveCfg = Release|Win32
		{AA6FD96B-EC78-4586-9CA7-1DEA01182AC9}.Release|Win32.Build.0 = Release|Win32
		{AA6FD96B-EC78-4586-9CA7-1DEA01182AC9}.Release|x64.ActiveCfg = Release|x64
		{AA6FD96B-EC78-4586-9CA7-1DEA01182AC9}.Release|x64.Build.0 = Release|x64
		{AA6FD96B-EC78-4586-9CA7-1DEA01182AC9}.Release|x86.ActiveCfg = Release|Win32
		{AA6FD96B-EC78-4586-9CA7-1DEA01182AC9}.Release|x86.Build.0 = Release|Win32
		{A8DAE3FE-69CF-4047-862C-E238E5622260}.Debug|Any CPU.ActiveCfg = Debug|x64
		{A8DAE3FE-69CF-4047-862C-E238E5622260}.Debug|Win32.ActiveCfg = Debug|Win32
		{A8DAE3FE-69CF-4047-862C-E238E5622260}.Debug|Win32.Build.0 = Debug|Win32
		{A8DAE3FE-69CF-4047-862C-E238E5622260}.Debug|x64.ActiveCfg = Debug|x64
		{A8DAE3FE-69CF-4047-862C-E238E5622260}.Debug|x64.Build.0 = Debug|x64
		{A8DAE3FE-69CF-4047-862C-E238E5622260}.Debug|x86.ActiveCfg = Debug|Win32
		{A8DAE3FE-69CF-4047-862C-E238E5622260}.Debug|x86.Build.0 = Debug|Win32
		{A8DAE3FE-69CF-4047-862C-E238E5622260}.Release|Any CPU.ActiveCfg = Release|x64
		{A8DAE3FE-69CF-4047-862C-E238E5622260}.Release|Win32.ActiveCfg = Release|Win32
		{A8DAE3FE-69CF-4047-862C-E238E5622260}.Release|Win32.Build.0 = Release|Win32
		{A8DAE3FE-69CF-4047-862C-E238E5622260}.Release|x64.ActiveCfg = Release|x64
		{A8DAE3FE-69CF-4047-862C-E238E5622260}.Release|x64.Build.0 = Release|x64
		{A8DAE3FE-69CF-4047-862C-E238E5622260}.Release|x86.ActiveCfg = Release|Win32
		{A8DAE3FE-69CF-4047-862C-E238E5622260}.Release|x86.Build.0 = Release|Win32
		{A9F4103F-4D95-40A8-8685-7C33659A03A0}.Debug|Any CPU.ActiveCfg = Debug|x64
		{A9F4103F-4D95-40A8-8685-7C33659A03A0}.Debug|Win32.ActiveCfg = Debug|Win32
		{A9F4103F-4D95-40A8-8685-7C33659A03A0}.Debug|Win32.Build.0 = Debug|Win32
		{A9F4103F-4D95-40A8-8685-7C33659A03A0}.Debug|x64.ActiveCfg = Debug|x64
		{A9F4103F-4D95-40A8-8685-7C33659A03A0}.Debug|x64.Build.0 = Debug|x64
		{A9F4103F-4D95-40A8-8685-7C33659A03A0}.Debug|x86.ActiveCfg = Debug|Win32
		{A9F4103F-4D95-40A8-8685-7C33659A03A0}.Debug|x86.Build.0 = Debug|Win32
		{A9F4103F-4D95-40A8-8685-7C33659A03A0}.Release|Any CPU.ActiveCfg = Release|x64
		{A9F4103F-4D95-40A8-8685-7C33659A03A0}.Release|Win32.ActiveCfg = Release|Win32
		{A9F4103F-4D95-40A8-8685-7C33659A03A0}.Release|Win32.Build.0 = Release|Win32
		{A9F4103F-4D95-40A8-8685-7C33659A03A0}.Release|x64.ActiveCfg = Release|x64
		{A9F4103F-4D95-40A8-8685-7C33659A03A0}.Release|x64.Build.0 = Release|x64
		{A9F4103F-4D95-40A8-8685-7C33659A03A0}.Release|x86.ActiveCfg = Release|Win32
		{A9F4103F-4D95-40A8-8685-7C33659A03A0}.Release|x86.Build.0 = Release|Win32
		{5A396AF5-AD77-41CF-8C94-7571A9833F97}.Debug|Any CPU.ActiveCfg = Debug|x64
		{5A396AF5-AD77-41CF-8C94-7571A9833F97}.Debug|Win32.ActiveCfg = Debug|Win32
		{5A396AF5-AD77-41CF-8C94-7571A9833F97}.Debug|Win32.Build.0 = Debug|Win32
		{5A396AF5-AD77-41CF-8C94-7571A9833F97}.Debug|x64.ActiveCfg = Debug|x64
		{5A396AF5-AD77-41CF-8C94-7571A9833F97}.Debug|x64.Build.0 = Debug|x64
		{5A396AF5-AD77-41CF-8C94-7571A9833F97}.Debug|x86.ActiveCfg = Debug|Win32
		{5A396AF5-AD77-41CF-8C94-7571A9833F97}.Debug|x86.Build.0 = Debug|Win32
		{5A396AF5-AD77-41CF-8C94-7571A9833F97}.Release|Any CPU.ActiveCfg = Release|x64
		{5A396AF5-AD77-41CF-8C94-7571A9833F97}.Release|Win32.ActiveCfg = Release|Win32
		{5A396AF5-AD77-41CF-8C94-7571A9833F97}.Release|Win32.Build.0 = Release|Win32
		{5A396AF5-AD77-41CF-8C94-7571A9833F97}.Release|x64.ActiveCfg = Release|x64
		{5A396AF5-AD77-41CF-8C94-7571A9833F97}.Release|x64.Build.0 = Release|x64
		{5A396AF5-AD77-41CF-8C94-7571A9833F97}.Release|x86.ActiveCfg = Release|Win32
		{5A396AF5-AD77-41CF-8C94-7571A9833F97}.Release|x86.Build.0 = Release|Win32
		{4AC9715E-3B7C-476F-A5A1-8FEBC9FEAE06}.Debug|Any CPU.ActiveCfg = Debug|x64
		{4AC9715E-3B7C-476F-A5A1-8FEBC9FEAE06}.Debug|Win32.ActiveCfg = Debug|Win32
		{4AC9715E-3B7C-476F-A5A1-8FEBC9FEAE06}.Debug|Win32.Build.0 = Debug|Win32
		{4AC9715E-3B7C-476F-A5A1-8FEBC9FEAE06}.Debug|x64.ActiveCfg = Debug|x64
		{4AC9715E-3B7C-476F-A5A1-8FEBC9FEAE06}.Debug|x64.Build.0 = Debug|x64
		{4AC9715E-3B7C-476F-A5A1-8FEBC9FEAE06}.Debug|x86.ActiveCfg = Debug|Win32
		{4AC9715E-3B7C-476F-A5A1-8FEBC9FEAE06}.Debug|x86.Build.0 = Debug|Win32
		{4AC9715E-3B7C-476F-A5A1-8FEBC9FEAE06}.Release|Any CPU.ActiveCfg = Release|x64
		{4AC9715E-3B7C-476F-A5A1-8FEBC9FEAE06}.Release|Win32.ActiveCfg = Release|Win32
		{4AC9715E-3B7C-476F-A5A1-8FEBC9FEAE06}.Release|Win32.Build.0 = Release|Win32
		{4AC9715E-3B7C-476F-A5A1-8FEBC9FEAE06}.Release|x64.ActiveCfg = Release|x64
		{4AC9715E-3B7C-476F-A5A1-8FEBC9FEAE06}.Release|x64.Build.0 = Release|x64
		{4AC9715E-3B7C-476F-A5A1-8FEBC9FEAE06}.Release|x86.ActiveCfg = Release|Win32
		{4AC9715E-3B7C-476F-A5A1-8FEBC9FEAE06}.Release|x86.Build.0 = Release|Win32
		{55D6964A-9E2B-4FAF-BF3D-BD1CFEBB9038}.Debug|Any CPU.ActiveCfg = Debug|x64
		{55D6964A-9E2B-4FAF-BF3D-BD1CFEBB9038}.Debug|Win32.ActiveCfg = Debug|Win32
		{55D6964A-9E2B-4FAF-BF3D-BD1CFEBB9038}.Debug|Win32.Build.0 = Debug|Win32
		{55D6964A-9E2B-4FAF-BF3D-BD1CFEBB9038}.Debug|x64.ActiveCfg = Debug|x64
		{55D6964A-9E2B-4FAF-BF3D-BD1CFEBB9038}.Debug|x64.Build.0 = Debug|x64
		{55D6964A-9E2B-4FAF-BF3D-BD1CFEBB9038}.Debug|x86.ActiveCfg = Debug|Win32
		{55D6964A-9E2B-4FAF-BF3D-BD1CFEBB9038}.Debug|x86.Build.0 = Debug|Win32
		{55D6964A-9E2B-4FAF-BF3D-BD1CFEBB9038}.Release|Any CPU.ActiveCfg = Release|x64
		{55D6964A-9E2B-4FAF-BF3D-BD1CFEBB9038}.Release|Win32.ActiveCfg = Release|Win32
		{55D6964A-9E2B-4FAF-BF3D-BD1CFEBB9038}.Release|Win32.Build.0 = Release|Win32
		{55D6964A-9E2B-4FAF-BF3D-BD1CFEBB9038}.Release|x64.ActiveCfg = Release|x64
		{55D6964A-9E2B-4FAF-BF3D-BD1CFEBB9038}.Release|x64.Build.0 = Release|x64
		{55D6964A-9E2B-4FAF-BF3D-BD1CFEBB9038}.Release|x86.ActiveCfg = Release|Win32
		{55D6964A-9E2B-4FAF-BF3D-BD1CFEBB9038}.Release|x86.Build.0 = Release|Win32
		{20E47E10-8F4D-47A7-8E5D-9DDE69F71C66}.Debug|Any CPU.ActiveCfg = Debug|Any CPU
		{20E47E10-8F4D-47A7-8E5D-9DDE69F71C66}.Debug|Any CPU.Build.0 = Debug|Any CPU
		{20E47E10-8F4D-47A7-8E5D-9DDE69F71C66}.Debug|Win32.ActiveCfg = Debug|x86
		{20E47E10-8F4D-47A7-8E5D-9DDE69F71C66}.Debug|Win32.Build.0 = Debug|x86
		{20E47E10-8F4D-47A7-8E5D-9DDE69F71C66}.Debug|x64.ActiveCfg = Debug|x64
		{20E47E10-8F4D-47A7-8E5D-9DDE69F71C66}.Debug|x64.Build.0 = Debug|x64
		{20E47E10-8F4D-47A7-8E5D-9DDE69F71C66}.Debug|x86.ActiveCfg = Debug|x86
		{20E47E10-8F4D-47A7-8E5D-9DDE69F71C66}.Debug|x86.Build.0 = Debug|x86
		{20E47E10-8F4D-47A7-8E5D-9DDE69F71C66}.Release|Any CPU.ActiveCfg = Release|Any CPU
		{20E47E10-8F4D-47A7-8E5D-9DDE69F71C66}.Release|Any CPU.Build.0 = Release|Any CPU
		{20E47E10-8F4D-47A7-8E5D-9DDE69F71C66}.Release|Win32.ActiveCfg = Release|x86
		{20E47E10-8F4D-47A7-8E5D-9DDE69F71C66}.Release|Win32.Build.0 = Release|x86
		{20E47E10-8F4D-47A7-8E5D-9DDE69F71C66}.Release|x64.ActiveCfg = Release|x64
		{20E47E10-8F4D-47A7-8E5D-9DDE69F71C66}.Release|x64.Build.0 = Release|x64
		{20E47E10-8F4D-47A7-8E5D-9DDE69F71C66}.Release|x86.ActiveCfg = Release|x86
		{20E47E10-8F4D-47A7-8E5D-9DDE69F71C66}.Release|x86.Build.0 = Release|x86
		{277C41AF-EC61-47BF-BC59-10C6329CD0B3}.Debug|Any CPU.ActiveCfg = Debug|Any CPU
		{277C41AF-EC61-47BF-BC59-10C6329CD0B3}.Debug|Any CPU.Build.0 = Debug|Any CPU
		{277C41AF-EC61-47BF-BC59-10C6329CD0B3}.Debug|Win32.ActiveCfg = Debug|x86
		{277C41AF-EC61-47BF-BC59-10C6329CD0B3}.Debug|Win32.Build.0 = Debug|x86
		{277C41AF-EC61-47BF-BC59-10C6329CD0B3}.Debug|x64.ActiveCfg = Debug|x64
		{277C41AF-EC61-47BF-BC59-10C6329CD0B3}.Debug|x64.Build.0 = Debug|x64
		{277C41AF-EC61-47BF-BC59-10C6329CD0B3}.Debug|x86.ActiveCfg = Debug|x86
		{277C41AF-EC61-47BF-BC59-10C6329CD0B3}.Debug|x86.Build.0 = Debug|x86
		{277C41AF-EC61-47BF-BC59-10C6329CD0B3}.Release|Any CPU.ActiveCfg = Release|Any CPU
		{277C41AF-EC61-47BF-BC59-10C6329CD0B3}.Release|Any CPU.Build.0 = Release|Any CPU
		{277C41AF-EC61-47BF-BC59-10C6329CD0B3}.Release|Win32.ActiveCfg = Release|x86
		{277C41AF-EC61-47BF-BC59-10C6329CD0B3}.Release|Win32.Build.0 = Release|x86
		{277C41AF-EC61-47BF-BC59-10C6329CD0B3}.Release|x64.ActiveCfg = Release|x64
		{277C41AF-EC61-47BF-BC59-10C6329CD0B3}.Release|x64.Build.0 = Release|x64
		{277C41AF-EC61-47BF-BC59-10C6329CD0B3}.Release|x86.ActiveCfg = Release|x86
		{277C41AF-EC61-47BF-BC59-10C6329CD0B3}.Release|x86.Build.0 = Release|x86
		{70E18C43-9E62-4D64-91E2-747A239BF9B4}.Debug|Any CPU.ActiveCfg = Debug|Any CPU
		{70E18C43-9E62-4D64-91E2-747A239BF9B4}.Debug|Any CPU.Build.0 = Debug|Any CPU
		{70E18C43-9E62-4D64-91E2-747A239BF9B4}.Debug|Win32.ActiveCfg = Debug|x86
		{70E18C43-9E62-4D64-91E2-747A239BF9B4}.Debug|Win32.Build.0 = Debug|x86
		{70E18C43-9E62-4D64-91E2-747A239BF9B4}.Debug|x64.ActiveCfg = Debug|x64
		{70E18C43-9E62-4D64-91E2-747A239BF9B4}.Debug|x64.Build.0 = Debug|x64
		{70E18C43-9E62-4D64-91E2-747A239BF9B4}.Debug|x86.ActiveCfg = Debug|x86
		{70E18C43-9E62-4D64-91E2-747A239BF9B4}.Debug|x86.Build.0 = Debug|x86
		{70E18C43-9E62-4D64-91E2-747A239BF9B4}.Release|Any CPU.ActiveCfg = Release|Any CPU
		{70E18C43-9E62-4D64-91E2-747A239BF9B4}.Release|Any CPU.Build.0 = Release|Any CPU
		{70E18C43-9E62-4D64-91E2-747A239BF9B4}.Release|Win32.ActiveCfg = Release|x86
		{70E18C43-9E62-4D64-91E2-747A239BF9B4}.Release|Win32.Build.0 = Release|x86
		{70E18C43-9E62-4D64-91E2-747A239BF9B4}.Release|x64.ActiveCfg = Release|x64
		{70E18C43-9E62-4D64-91E2-747A239BF9B4}.Release|x64.Build.0 = Release|x64
		{70E18C43-9E62-4D64-91E2-747A239BF9B4}.Release|x86.ActiveCfg = Release|x86
		{70E18C43-9E62-4D64-91E2-747A239BF9B4}.Release|x86.Build.0 = Release|x86
		{349C8F44-6F3F-47E3-8599-C0BCA956BDCA}.Debug|Any CPU.ActiveCfg = Debug|Any CPU
		{349C8F44-6F3F-47E3-8599-C0BCA956BDCA}.Debug|Any CPU.Build.0 = Debug|Any CPU
		{349C8F44-6F3F-47E3-8599-C0BCA956BDCA}.Debug|Win32.ActiveCfg = Debug|x86
		{349C8F44-6F3F-47E3-8599-C0BCA956BDCA}.Debug|Win32.Build.0 = Debug|x86
		{349C8F44-6F3F-47E3-8599-C0BCA956BDCA}.Debug|x64.ActiveCfg = Debug|x64
		{349C8F44-6F3F-47E3-8599-C0BCA956BDCA}.Debug|x64.Build.0 = Debug|x64
		{349C8F44-6F3F-47E3-8599-C0BCA956BDCA}.Debug|x86.ActiveCfg = Debug|x86
		{349C8F44-6F3F-47E3-8599-C0BCA956BDCA}.Debug|x86.Build.0 = Debug|x86
		{349C8F44-6F3F-47E3-8599-C0BCA956BDCA}.Release|Any CPU.ActiveCfg = Release|Any CPU
		{349C8F44-6F3F-47E3-8599-C0BCA956BDCA}.Release|Any CPU.Build.0 = Release|Any CPU
		{349C8F44-6F3F-47E3-8599-C0BCA956BDCA}.Release|Win32.ActiveCfg = Release|x86
		{349C8F44-6F3F-47E3-8599-C0BCA956BDCA}.Release|Win32.Build.0 = Release|x86
		{349C8F44-6F3F-47E3-8599-C0BCA956BDCA}.Release|x64.ActiveCfg = Release|x64
		{349C8F44-6F3F-47E3-8599-C0BCA956BDCA}.Release|x64.Build.0 = Release|x64
		{349C8F44-6F3F-47E3-8599-C0BCA956BDCA}.Release|x86.ActiveCfg = Release|x86
		{349C8F44-6F3F-47E3-8599-C0BCA956BDCA}.Release|x86.Build.0 = Release|x86
		{07B8B18E-31A8-4B7F-8C26-D759616FA26F}.Debug|Any CPU.ActiveCfg = Debug|Any CPU
		{07B8B18E-31A8-4B7F-8C26-D759616FA26F}.Debug|Any CPU.Build.0 = Debug|Any CPU
		{07B8B18E-31A8-4B7F-8C26-D759616FA26F}.Debug|Win32.ActiveCfg = Debug|x86
		{07B8B18E-31A8-4B7F-8C26-D759616FA26F}.Debug|Win32.Build.0 = Debug|x86
		{07B8B18E-31A8-4B7F-8C26-D759616FA26F}.Debug|x64.ActiveCfg = Debug|x64
		{07B8B18E-31A8-4B7F-8C26-D759616FA26F}.Debug|x64.Build.0 = Debug|x64
		{07B8B18E-31A8-4B7F-8C26-D759616FA26F}.Debug|x86.ActiveCfg = Debug|x86
		{07B8B18E-31A8-4B7F-8C26-D759616FA26F}.Debug|x86.Build.0 = Debug|x86
		{07B8B18E-31A8-4B7F-8C26-D759616FA26F}.Release|Any CPU.ActiveCfg = Release|Any CPU
		{07B8B18E-31A8-4B7F-8C26-D759616FA26F}.Release|Any CPU.Build.0 = Release|Any CPU
		{07B8B18E-31A8-4B7F-8C26-D759616FA26F}.Release|Win32.ActiveCfg = Release|x86
		{07B8B18E-31A8-4B7F-8C26-D759616FA26F}.Release|Win32.Build.0 = Release|x86
		{07B8B18E-31A8-4B7F-8C26-D759616FA26F}.Release|x64.ActiveCfg = Release|x64
		{07B8B18E-31A8-4B7F-8C26-D759616FA26F}.Release|x64.Build.0 = Release|x64
		{07B8B18E-31A8-4B7F-8C26-D759616FA26F}.Release|x86.ActiveCfg = Release|x86
		{07B8B18E-31A8-4B7F-8C26-D759616FA26F}.Release|x86.Build.0 = Release|x86
		{6DA61450-0FDC-4E8A-8603-A70E459390D3}.Debug|Any CPU.ActiveCfg = Debug|Any CPU
		{6DA61450-0FDC-4E8A-8603-A70E459390D3}.Debug|Any CPU.Build.0 = Debug|Any CPU
		{6DA61450-0FDC-4E8A-8603-A70E459390D3}.Debug|Win32.ActiveCfg = Debug|x86
		{6DA61450-0FDC-4E8A-8603-A70E459390D3}.Debug|Win32.Build.0 = Debug|x86
		{6DA61450-0FDC-4E8A-8603-A70E459390D3}.Debug|x64.ActiveCfg = Debug|x64
		{6DA61450-0FDC-4E8A-8603-A70E459390D3}.Debug|x64.Build.0 = Debug|x64
		{6DA61450-0FDC-4E8A-8603-A70E459390D3}.Debug|x86.ActiveCfg = Debug|x86
		{6DA61450-0FDC-4E8A-8603-A70E459390D3}.Debug|x86.Build.0 = Debug|x86
		{6DA61450-0FDC-4E8A-8603-A70E459390D3}.Release|Any CPU.ActiveCfg = Release|Any CPU
		{6DA61450-0FDC-4E8A-8603-A70E459390D3}.Release|Any CPU.Build.0 = Release|Any CPU
		{6DA61450-0FDC-4E8A-8603-A70E459390D3}.Release|Win32.ActiveCfg = Release|x86
		{6DA61450-0FDC-4E8A-8603-A70E459390D3}.Release|Win32.Build.0 = Release|x86
		{6DA61450-0FDC-4E8A-8603-A70E459390D3}.Release|x64.ActiveCfg = Release|x64
		{6DA61450-0FDC-4E8A-8603-A70E459390D3}.Release|x64.Build.0 = Release|x64
		{6DA61450-0FDC-4E8A-8603-A70E459390D3}.Release|x86.ActiveCfg = Release|x86
		{6DA61450-0FDC-4E8A-8603-A70E459390D3}.Release|x86.Build.0 = Release|x86
		{9BBEADA8-AE18-42A5-AB55-1EC34203B545}.Debug|Any CPU.ActiveCfg = Debug|Any CPU
		{9BBEADA8-AE18-42A5-AB55-1EC34203B545}.Debug|Any CPU.Build.0 = Debug|Any CPU
		{9BBEADA8-AE18-42A5-AB55-1EC34203B545}.Debug|Win32.ActiveCfg = Debug|x86
		{9BBEADA8-AE18-42A5-AB55-1EC34203B545}.Debug|Win32.Build.0 = Debug|x86
		{9BBEADA8-AE18-42A5-AB55-1EC34203B545}.Debug|x64.ActiveCfg = Debug|x64
		{9BBEADA8-AE18-42A5-AB55-1EC34203B545}.Debug|x64.Build.0 = Debug|x64
		{9BBEADA8-AE18-42A5-AB55-1EC34203B545}.Debug|x86.ActiveCfg = Debug|x86
		{9BBEADA8-AE18-42A5-AB55-1EC34203B545}.Debug|x86.Build.0 = Debug|x86
		{9BBEADA8-AE18-42A5-AB55-1EC34203B545}.Release|Any CPU.ActiveCfg = Release|Any CPU
		{9BBEADA8-AE18-42A5-AB55-1EC34203B545}.Release|Any CPU.Build.0 = Release|Any CPU
		{9BBEADA8-AE18-42A5-AB55-1EC34203B545}.Release|Win32.ActiveCfg = Release|x86
		{9BBEADA8-AE18-42A5-AB55-1EC34203B545}.Release|Win32.Build.0 = Release|x86
		{9BBEADA8-AE18-42A5-AB55-1EC34203B545}.Release|x64.ActiveCfg = Release|x64
		{9BBEADA8-AE18-42A5-AB55-1EC34203B545}.Release|x64.Build.0 = Release|x64
		{9BBEADA8-AE18-42A5-AB55-1EC34203B545}.Release|x86.ActiveCfg = Release|x86
		{9BBEADA8-AE18-42A5-AB55-1EC34203B545}.Release|x86.Build.0 = Release|x86
		{9C5074A9-614A-4276-82AF-2098F4A26D5A}.Debug|Any CPU.ActiveCfg = Debug|Any CPU
		{9C5074A9-614A-4276-82AF-2098F4A26D5A}.Debug|Any CPU.Build.0 = Debug|Any CPU
		{9C5074A9-614A-4276-82AF-2098F4A26D5A}.Debug|Win32.ActiveCfg = Debug|x86
		{9C5074A9-614A-4276-82AF-2098F4A26D5A}.Debug|Win32.Build.0 = Debug|x86
		{9C5074A9-614A-4276-82AF-2098F4A26D5A}.Debug|x64.ActiveCfg = Debug|x64
		{9C5074A9-614A-4276-82AF-2098F4A26D5A}.Debug|x64.Build.0 = Debug|x64
		{9C5074A9-614A-4276-82AF-2098F4A26D5A}.Debug|x86.ActiveCfg = Debug|x86
		{9C5074A9-614A-4276-82AF-2098F4A26D5A}.Debug|x86.Build.0 = Debug|x86
		{9C5074A9-614A-4276-82AF-2098F4A26D5A}.Release|Any CPU.ActiveCfg = Release|Any CPU
		{9C5074A9-614A-4276-82AF-2098F4A26D5A}.Release|Any CPU.Build.0 = Release|Any CPU
		{9C5074A9-614A-4276-82AF-2098F4A26D5A}.Release|Win32.ActiveCfg = Release|x86
		{9C5074A9-614A-4276-82AF-2098F4A26D5A}.Release|Win32.Build.0 = Release|x86
		{9C5074A9-614A-4276-82AF-2098F4A26D5A}.Release|x64.ActiveCfg = Release|x64
		{9C5074A9-614A-4276-82AF-2098F4A26D5A}.Release|x64.Build.0 = Release|x64
		{9C5074A9-614A-4276-82AF-2098F4A26D5A}.Release|x86.ActiveCfg = Release|x86
		{9C5074A9-614A-4276-82AF-2098F4A26D5A}.Release|x86.Build.0 = Release|x86
		{F4DBDE30-7495-4C16-92F6-703DB9469AC8}.Debug|Any CPU.ActiveCfg = Debug|Any CPU
		{F4DBDE30-7495-4C16-92F6-703DB9469AC8}.Debug|Any CPU.Build.0 = Debug|Any CPU
		{F4DBDE30-7495-4C16-92F6-703DB9469AC8}.Debug|Win32.ActiveCfg = Debug|x86
		{F4DBDE30-7495-4C16-92F6-703DB9469AC8}.Debug|Win32.Build.0 = Debug|x86
		{F4DBDE30-7495-4C16-92F6-703DB9469AC8}.Debug|x64.ActiveCfg = Debug|x64
		{F4DBDE30-7495-4C16-92F6-703DB9469AC8}.Debug|x64.Build.0 = Debug|x64
		{F4DBDE30-7495-4C16-92F6-703DB9469AC8}.Debug|x86.ActiveCfg = Debug|x86
		{F4DBDE30-7495-4C16-92F6-703DB9469AC8}.Debug|x86.Build.0 = Debug|x86
		{F4DBDE30-7495-4C16-92F6-703DB9469AC8}.Release|Any CPU.ActiveCfg = Release|Any CPU
		{F4DBDE30-7495-4C16-92F6-703DB9469AC8}.Release|Any CPU.Build.0 = Release|Any CPU
		{F4DBDE30-7495-4C16-92F6-703DB9469AC8}.Release|Win32.ActiveCfg = Release|x86
		{F4DBDE30-7495-4C16-92F6-703DB9469AC8}.Release|Win32.Build.0 = Release|x86
		{F4DBDE30-7495-4C16-92F6-703DB9469AC8}.Release|x64.ActiveCfg = Release|x64
		{F4DBDE30-7495-4C16-92F6-703DB9469AC8}.Release|x64.Build.0 = Release|x64
		{F4DBDE30-7495-4C16-92F6-703DB9469AC8}.Release|x86.ActiveCfg = Release|x86
		{F4DBDE30-7495-4C16-92F6-703DB9469AC8}.Release|x86.Build.0 = Release|x86
		{D3E8AD28-81FD-4A18-BF7B-D13B473A28F5}.Debug|Any CPU.ActiveCfg = Debug|Any CPU
		{D3E8AD28-81FD-4A18-BF7B-D13B473A28F5}.Debug|Any CPU.Build.0 = Debug|Any CPU
		{D3E8AD28-81FD-4A18-BF7B-D13B473A28F5}.Debug|Win32.ActiveCfg = Debug|x86
		{D3E8AD28-81FD-4A18-BF7B-D13B473A28F5}.Debug|Win32.Build.0 = Debug|x86
		{D3E8AD28-81FD-4A18-BF7B-D13B473A28F5}.Debug|x64.ActiveCfg = Debug|x64
		{D3E8AD28-81FD-4A18-BF7B-D13B473A28F5}.Debug|x64.Build.0 = Debug|x64
		{D3E8AD28-81FD-4A18-BF7B-D13B473A28F5}.Debug|x86.ActiveCfg = Debug|x86
		{D3E8AD28-81FD-4A18-BF7B-D13B473A28F5}.Debug|x86.Build.0 = Debug|x86
		{D3E8AD28-81FD-4A18-BF7B-D13B473A28F5}.Release|Any CPU.ActiveCfg = Release|Any CPU
		{D3E8AD28-81FD-4A18-BF7B-D13B473A28F5}.Release|Any CPU.Build.0 = Release|Any CPU
		{D3E8AD28-81FD-4A18-BF7B-D13B473A28F5}.Release|Win32.ActiveCfg = Release|x86
		{D3E8AD28-81FD-4A18-BF7B-D13B473A28F5}.Release|Win32.Build.0 = Release|x86
		{D3E8AD28-81FD-4A18-BF7B-D13B473A28F5}.Release|x64.ActiveCfg = Release|x64
		{D3E8AD28-81FD-4A18-BF7B-D13B473A28F5}.Release|x64.Build.0 = Release|x64
		{D3E8AD28-81FD-4A18-BF7B-D13B473A28F5}.Release|x86.ActiveCfg = Release|x86
		{D3E8AD28-81FD-4A18-BF7B-D13B473A28F5}.Release|x86.Build.0 = Release|x86
		{8EA01BA2-F0B0-42E1-9077-580314174432}.Debug|Any CPU.ActiveCfg = Debug|Any CPU
		{8EA01BA2-F0B0-42E1-9077-580314174432}.Debug|Any CPU.Build.0 = Debug|Any CPU
		{8EA01BA2-F0B0-42E1-9077-580314174432}.Debug|Win32.ActiveCfg = Debug|x86
		{8EA01BA2-F0B0-42E1-9077-580314174432}.Debug|Win32.Build.0 = Debug|x86
		{8EA01BA2-F0B0-42E1-9077-580314174432}.Debug|x64.ActiveCfg = Debug|x64
		{8EA01BA2-F0B0-42E1-9077-580314174432}.Debug|x64.Build.0 = Debug|x64
		{8EA01BA2-F0B0-42E1-9077-580314174432}.Debug|x86.ActiveCfg = Debug|x86
		{8EA01BA2-F0B0-42E1-9077-580314174432}.Debug|x86.Build.0 = Debug|x86
		{8EA01BA2-F0B0-42E1-9077-580314174432}.Release|Any CPU.ActiveCfg = Release|Any CPU
		{8EA01BA2-F0B0-42E1-9077-580314174432}.Release|Any CPU.Build.0 = Release|Any CPU
		{8EA01BA2-F0B0-42E1-9077-580314174432}.Release|Win32.ActiveCfg = Release|x86
		{8EA01BA2-F0B0-42E1-9077-580314174432}.Release|Win32.Build.0 = Release|x86
		{8EA01BA2-F0B0-42E1-9077-580314174432}.Release|x64.ActiveCfg = Release|x64
		{8EA01BA2-F0B0-42E1-9077-580314174432}.Release|x64.Build.0 = Release|x64
		{8EA01BA2-F0B0-42E1-9077-580314174432}.Release|x86.ActiveCfg = Release|x86
		{8EA01BA2-F0B0-42E1-9077-580314174432}.Release|x86.Build.0 = Release|x86
		{F1C8FF7F-B281-4086-B73D-44961587F65E}.Debug|Any CPU.ActiveCfg = Debug|Any CPU
		{F1C8FF7F-B281-4086-B73D-44961587F65E}.Debug|Any CPU.Build.0 = Debug|Any CPU
		{F1C8FF7F-B281-4086-B73D-44961587F65E}.Debug|Win32.ActiveCfg = Debug|x86
		{F1C8FF7F-B281-4086-B73D-44961587F65E}.Debug|Win32.Build.0 = Debug|x86
		{F1C8FF7F-B281-4086-B73D-44961587F65E}.Debug|x64.ActiveCfg = Debug|x64
		{F1C8FF7F-B281-4086-B73D-44961587F65E}.Debug|x64.Build.0 = Debug|x64
		{F1C8FF7F-B281-4086-B73D-44961587F65E}.Debug|x86.ActiveCfg = Debug|x86
		{F1C8FF7F-B281-4086-B73D-44961587F65E}.Debug|x86.Build.0 = Debug|x86
		{F1C8FF7F-B281-4086-B73D-44961587F65E}.Release|Any CPU.ActiveCfg = Release|Any CPU
		{F1C8FF7F-B281-4086-B73D-44961587F65E}.Release|Any CPU.Build.0 = Release|Any CPU
		{F1C8FF7F-B281-4086-B73D-44961587F65E}.Release|Win32.ActiveCfg = Release|x86
		{F1C8FF7F-B281-4086-B73D-44961587F65E}.Release|Win32.Build.0 = Release|x86
		{F1C8FF7F-B281-4086-B73D-44961587F65E}.Release|x64.ActiveCfg = Release|x64
		{F1C8FF7F-B281-4086-B73D-44961587F65E}.Release|x64.Build.0 = Release|x64
		{F1C8FF7F-B281-4086-B73D-44961587F65E}.Release|x86.ActiveCfg = Release|x86
		{F1C8FF7F-B281-4086-B73D-44961587F65E}.Release|x86.Build.0 = Release|x86
		{4D470DBD-0A48-4CC7-ACC0-26AE3A531E81}.Debug|Any CPU.ActiveCfg = Debug|Any CPU
		{4D470DBD-0A48-4CC7-ACC0-26AE3A531E81}.Debug|Any CPU.Build.0 = Debug|Any CPU
		{4D470DBD-0A48-4CC7-ACC0-26AE3A531E81}.Debug|Win32.ActiveCfg = Debug|x86
		{4D470DBD-0A48-4CC7-ACC0-26AE3A531E81}.Debug|Win32.Build.0 = Debug|x86
		{4D470DBD-0A48-4CC7-ACC0-26AE3A531E81}.Debug|x64.ActiveCfg = Debug|x64
		{4D470DBD-0A48-4CC7-ACC0-26AE3A531E81}.Debug|x64.Build.0 = Debug|x64
		{4D470DBD-0A48-4CC7-ACC0-26AE3A531E81}.Debug|x86.ActiveCfg = Debug|x86
		{4D470DBD-0A48-4CC7-ACC0-26AE3A531E81}.Debug|x86.Build.0 = Debug|x86
		{4D470DBD-0A48-4CC7-ACC0-26AE3A531E81}.Release|Any CPU.ActiveCfg = Release|Any CPU
		{4D470DBD-0A48-4CC7-ACC0-26AE3A531E81}.Release|Any CPU.Build.0 = Release|Any CPU
		{4D470DBD-0A48-4CC7-ACC0-26AE3A531E81}.Release|Win32.ActiveCfg = Release|x86
		{4D470DBD-0A48-4CC7-ACC0-26AE3A531E81}.Release|Win32.Build.0 = Release|x86
		{4D470DBD-0A48-4CC7-ACC0-26AE3A531E81}.Release|x64.ActiveCfg = Release|x64
		{4D470DBD-0A48-4CC7-ACC0-26AE3A531E81}.Release|x64.Build.0 = Release|x64
		{4D470DBD-0A48-4CC7-ACC0-26AE3A531E81}.Release|x86.ActiveCfg = Release|x86
		{4D470DBD-0A48-4CC7-ACC0-26AE3A531E81}.Release|x86.Build.0 = Release|x86
		{0A5AEF6F-03E9-4E9C-8A24-5D831D620270}.Debug|Any CPU.ActiveCfg = Debug|Any CPU
		{0A5AEF6F-03E9-4E9C-8A24-5D831D620270}.Debug|Any CPU.Build.0 = Debug|Any CPU
		{0A5AEF6F-03E9-4E9C-8A24-5D831D620270}.Debug|Win32.ActiveCfg = Debug|x86
		{0A5AEF6F-03E9-4E9C-8A24-5D831D620270}.Debug|Win32.Build.0 = Debug|x86
		{0A5AEF6F-03E9-4E9C-8A24-5D831D620270}.Debug|x64.ActiveCfg = Debug|x64
		{0A5AEF6F-03E9-4E9C-8A24-5D831D620270}.Debug|x64.Build.0 = Debug|x64
		{0A5AEF6F-03E9-4E9C-8A24-5D831D620270}.Debug|x86.ActiveCfg = Debug|x86
		{0A5AEF6F-03E9-4E9C-8A24-5D831D620270}.Debug|x86.Build.0 = Debug|x86
		{0A5AEF6F-03E9-4E9C-8A24-5D831D620270}.Release|Any CPU.ActiveCfg = Release|Any CPU
		{0A5AEF6F-03E9-4E9C-8A24-5D831D620270}.Release|Any CPU.Build.0 = Release|Any CPU
		{0A5AEF6F-03E9-4E9C-8A24-5D831D620270}.Release|Win32.ActiveCfg = Release|x86
		{0A5AEF6F-03E9-4E9C-8A24-5D831D620270}.Release|Win32.Build.0 = Release|x86
		{0A5AEF6F-03E9-4E9C-8A24-5D831D620270}.Release|x64.ActiveCfg = Release|x64
		{0A5AEF6F-03E9-4E9C-8A24-5D831D620270}.Release|x64.Build.0 = Release|x64
		{0A5AEF6F-03E9-4E9C-8A24-5D831D620270}.Release|x86.ActiveCfg = Release|x86
		{0A5AEF6F-03E9-4E9C-8A24-5D831D620270}.Release|x86.Build.0 = Release|x86
		{787B31AF-8AD5-4ACE-8F9F-A18D204B4392}.Debug|Any CPU.ActiveCfg = Debug|Any CPU
		{787B31AF-8AD5-4ACE-8F9F-A18D204B4392}.Debug|Any CPU.Build.0 = Debug|Any CPU
		{787B31AF-8AD5-4ACE-8F9F-A18D204B4392}.Debug|Win32.ActiveCfg = Debug|x86
		{787B31AF-8AD5-4ACE-8F9F-A18D204B4392}.Debug|Win32.Build.0 = Debug|x86
		{787B31AF-8AD5-4ACE-8F9F-A18D204B4392}.Debug|x64.ActiveCfg = Debug|x64
		{787B31AF-8AD5-4ACE-8F9F-A18D204B4392}.Debug|x64.Build.0 = Debug|x64
		{787B31AF-8AD5-4ACE-8F9F-A18D204B4392}.Debug|x86.ActiveCfg = Debug|x86
		{787B31AF-8AD5-4ACE-8F9F-A18D204B4392}.Debug|x86.Build.0 = Debug|x86
		{787B31AF-8AD5-4ACE-8F9F-A18D204B4392}.Release|Any CPU.ActiveCfg = Release|Any CPU
		{787B31AF-8AD5-4ACE-8F9F-A18D204B4392}.Release|Any CPU.Build.0 = Release|Any CPU
		{787B31AF-8AD5-4ACE-8F9F-A18D204B4392}.Release|Win32.ActiveCfg = Release|x86
		{787B31AF-8AD5-4ACE-8F9F-A18D204B4392}.Release|Win32.Build.0 = Release|x86
		{787B31AF-8AD5-4ACE-8F9F-A18D204B4392}.Release|x64.ActiveCfg = Release|x64
		{787B31AF-8AD5-4ACE-8F9F-A18D204B4392}.Release|x64.Build.0 = Release|x64
		{787B31AF-8AD5-4ACE-8F9F-A18D204B4392}.Release|x86.ActiveCfg = Release|x86
		{787B31AF-8AD5-4ACE-8F9F-A18D204B4392}.Release|x86.Build.0 = Release|x86
		{C231160A-555C-4DAE-A25B-6178E492EE8D}.Debug|Any CPU.ActiveCfg = Debug|x64
		{C231160A-555C-4DAE-A25B-6178E492EE8D}.Debug|Win32.ActiveCfg = Debug|Win32
		{C231160A-555C-4DAE-A25B-6178E492EE8D}.Debug|Win32.Build.0 = Debug|Win32
		{C231160A-555C-4DAE-A25B-6178E492EE8D}.Debug|x64.ActiveCfg = Debug|x64
		{C231160A-555C-4DAE-A25B-6178E492EE8D}.Debug|x64.Build.0 = Debug|x64
		{C231160A-555C-4DAE-A25B-6178E492EE8D}.Debug|x86.ActiveCfg = Debug|Win32
		{C231160A-555C-4DAE-A25B-6178E492EE8D}.Debug|x86.Build.0 = Debug|Win32
		{C231160A-555C-4DAE-A25B-6178E492EE8D}.Release|Any CPU.ActiveCfg = Release|x64
		{C231160A-555C-4DAE-A25B-6178E492EE8D}.Release|Win32.ActiveCfg = Release|Win32
		{C231160A-555C-4DAE-A25B-6178E492EE8D}.Release|Win32.Build.0 = Release|Win32
		{C231160A-555C-4DAE-A25B-6178E492EE8D}.Release|x64.ActiveCfg = Release|x64
		{C231160A-555C-4DAE-A25B-6178E492EE8D}.Release|x64.Build.0 = Release|x64
		{C231160A-555C-4DAE-A25B-6178E492EE8D}.Release|x86.ActiveCfg = Release|Win32
		{C231160A-555C-4DAE-A25B-6178E492EE8D}.Release|x86.Build.0 = Release|Win32
		{88B62C1B-461A-45B5-B80E-CC8BB105B0CC}.Debug|Any CPU.ActiveCfg = Debug|x64
		{88B62C1B-461A-45B5-B80E-CC8BB105B0CC}.Debug|Win32.ActiveCfg = Debug|Win32
		{88B62C1B-461A-45B5-B80E-CC8BB105B0CC}.Debug|Win32.Build.0 = Debug|Win32
		{88B62C1B-461A-45B5-B80E-CC8BB105B0CC}.Debug|x64.ActiveCfg = Debug|x64
		{88B62C1B-461A-45B5-B80E-CC8BB105B0CC}.Debug|x64.Build.0 = Debug|x64
		{88B62C1B-461A-45B5-B80E-CC8BB105B0CC}.Debug|x86.ActiveCfg = Debug|Win32
		{88B62C1B-461A-45B5-B80E-CC8BB105B0CC}.Debug|x86.Build.0 = Debug|Win32
		{88B62C1B-461A-45B5-B80E-CC8BB105B0CC}.Release|Any CPU.ActiveCfg = Release|x64
		{88B62C1B-461A-45B5-B80E-CC8BB105B0CC}.Release|Win32.ActiveCfg = Release|Win32
		{88B62C1B-461A-45B5-B80E-CC8BB105B0CC}.Release|Win32.Build.0 = Release|Win32
		{88B62C1B-461A-45B5-B80E-CC8BB105B0CC}.Release|x64.ActiveCfg = Release|x64
		{88B62C1B-461A-45B5-B80E-CC8BB105B0CC}.Release|x64.Build.0 = Release|x64
		{88B62C1B-461A-45B5-B80E-CC8BB105B0CC}.Release|x86.ActiveCfg = Release|Win32
		{88B62C1B-461A-45B5-B80E-CC8BB105B0CC}.Release|x86.Build.0 = Release|Win32
		{32918C0A-9188-4ED0-A7BF-C733C5F70A21}.Debug|Any CPU.ActiveCfg = Debug|Any CPU
		{32918C0A-9188-4ED0-A7BF-C733C5F70A21}.Debug|Any CPU.Build.0 = Debug|Any CPU
		{32918C0A-9188-4ED0-A7BF-C733C5F70A21}.Debug|Win32.ActiveCfg = Debug|x86
		{32918C0A-9188-4ED0-A7BF-C733C5F70A21}.Debug|Win32.Build.0 = Debug|x86
		{32918C0A-9188-4ED0-A7BF-C733C5F70A21}.Debug|x64.ActiveCfg = Debug|x64
		{32918C0A-9188-4ED0-A7BF-C733C5F70A21}.Debug|x64.Build.0 = Debug|x64
		{32918C0A-9188-4ED0-A7BF-C733C5F70A21}.Debug|x86.ActiveCfg = Debug|x86
		{32918C0A-9188-4ED0-A7BF-C733C5F70A21}.Debug|x86.Build.0 = Debug|x86
		{32918C0A-9188-4ED0-A7BF-C733C5F70A21}.Release|Any CPU.ActiveCfg = Release|Any CPU
		{32918C0A-9188-4ED0-A7BF-C733C5F70A21}.Release|Any CPU.Build.0 = Release|Any CPU
		{32918C0A-9188-4ED0-A7BF-C733C5F70A21}.Release|Win32.ActiveCfg = Release|x86
		{32918C0A-9188-4ED0-A7BF-C733C5F70A21}.Release|Win32.Build.0 = Release|x86
		{32918C0A-9188-4ED0-A7BF-C733C5F70A21}.Release|x64.ActiveCfg = Release|x64
		{32918C0A-9188-4ED0-A7BF-C733C5F70A21}.Release|x64.Build.0 = Release|x64
		{32918C0A-9188-4ED0-A7BF-C733C5F70A21}.Release|x86.ActiveCfg = Release|x86
		{32918C0A-9188-4ED0-A7BF-C733C5F70A21}.Release|x86.Build.0 = Release|x86
		{EDD302C1-1D78-497A-9343-9D83DC1D5034}.Debug|Any CPU.ActiveCfg = Debug|x64
		{EDD302C1-1D78-497A-9343-9D83DC1D5034}.Debug|Win32.ActiveCfg = Debug|Win32
		{EDD302C1-1D78-497A-9343-9D83DC1D5034}.Debug|Win32.Build.0 = Debug|Win32
		{EDD302C1-1D78-497A-9343-9D83DC1D5034}.Debug|x64.ActiveCfg = Debug|x64
		{EDD302C1-1D78-497A-9343-9D83DC1D5034}.Debug|x64.Build.0 = Debug|x64
		{EDD302C1-1D78-497A-9343-9D83DC1D5034}.Debug|x86.ActiveCfg = Debug|Win32
		{EDD302C1-1D78-497A-9343-9D83DC1D5034}.Debug|x86.Build.0 = Debug|Win32
		{EDD302C1-1D78-497A-9343-9D83DC1D5034}.Release|Any CPU.ActiveCfg = Release|x64
		{EDD302C1-1D78-497A-9343-9D83DC1D5034}.Release|Win32.ActiveCfg = Release|Win32
		{EDD302C1-1D78-497A-9343-9D83DC1D5034}.Release|Win32.Build.0 = Release|Win32
		{EDD302C1-1D78-497A-9343-9D83DC1D5034}.Release|x64.ActiveCfg = Release|x64
		{EDD302C1-1D78-497A-9343-9D83DC1D5034}.Release|x64.Build.0 = Release|x64
		{EDD302C1-1D78-497A-9343-9D83DC1D5034}.Release|x86.ActiveCfg = Release|Win32
		{EDD302C1-1D78-497A-9343-9D83DC1D5034}.Release|x86.Build.0 = Release|Win32
		{703F8A33-81D8-464F-93FF-EF313C0D5C97}.Debug|Any CPU.ActiveCfg = Debug|x64
		{703F8A33-81D8-464F-93FF-EF313C0D5C97}.Debug|Win32.ActiveCfg = Debug|Win32
		{703F8A33-81D8-464F-93FF-EF313C0D5C97}.Debug|Win32.Build.0 = Debug|Win32
		{703F8A33-81D8-464F-93FF-EF313C0D5C97}.Debug|x64.ActiveCfg = Debug|x64
		{703F8A33-81D8-464F-93FF-EF313C0D5C97}.Debug|x64.Build.0 = Debug|x64
		{703F8A33-81D8-464F-93FF-EF313C0D5C97}.Debug|x86.ActiveCfg = Debug|Win32
		{703F8A33-81D8-464F-93FF-EF313C0D5C97}.Debug|x86.Build.0 = Debug|Win32
		{703F8A33-81D8-464F-93FF-EF313C0D5C97}.Release|Any CPU.ActiveCfg = Release|x64
		{703F8A33-81D8-464F-93FF-EF313C0D5C97}.Release|Win32.ActiveCfg = Release|Win32
		{703F8A33-81D8-464F-93FF-EF313C0D5C97}.Release|Win32.Build.0 = Release|Win32
		{703F8A33-81D8-464F-93FF-EF313C0D5C97}.Release|x64.ActiveCfg = Release|x64
		{703F8A33-81D8-464F-93FF-EF313C0D5C97}.Release|x64.Build.0 = Release|x64
		{703F8A33-81D8-464F-93FF-EF313C0D5C97}.Release|x86.ActiveCfg = Release|Win32
		{703F8A33-81D8-464F-93FF-EF313C0D5C97}.Release|x86.Build.0 = Release|Win32
		{D04F9B8C-1D1F-4F92-AF06-EC5599D8F9D7}.Debug|Any CPU.ActiveCfg = Debug|Any CPU
		{D04F9B8C-1D1F-4F92-AF06-EC5599D8F9D7}.Debug|Any CPU.Build.0 = Debug|Any CPU
		{D04F9B8C-1D1F-4F92-AF06-EC5599D8F9D7}.Debug|Win32.ActiveCfg = Debug|x86
		{D04F9B8C-1D1F-4F92-AF06-EC5599D8F9D7}.Debug|Win32.Build.0 = Debug|x86
		{D04F9B8C-1D1F-4F92-AF06-EC5599D8F9D7}.Debug|x64.ActiveCfg = Debug|x64
		{D04F9B8C-1D1F-4F92-AF06-EC5599D8F9D7}.Debug|x64.Build.0 = Debug|x64
		{D04F9B8C-1D1F-4F92-AF06-EC5599D8F9D7}.Debug|x86.ActiveCfg = Debug|x86
		{D04F9B8C-1D1F-4F92-AF06-EC5599D8F9D7}.Debug|x86.Build.0 = Debug|x86
		{D04F9B8C-1D1F-4F92-AF06-EC5599D8F9D7}.Release|Any CPU.ActiveCfg = Release|Any CPU
		{D04F9B8C-1D1F-4F92-AF06-EC5599D8F9D7}.Release|Any CPU.Build.0 = Release|Any CPU
		{D04F9B8C-1D1F-4F92-AF06-EC5599D8F9D7}.Release|Win32.ActiveCfg = Release|x86
		{D04F9B8C-1D1F-4F92-AF06-EC5599D8F9D7}.Release|Win32.Build.0 = Release|x86
		{D04F9B8C-1D1F-4F92-AF06-EC5599D8F9D7}.Release|x64.ActiveCfg = Release|x64
		{D04F9B8C-1D1F-4F92-AF06-EC5599D8F9D7}.Release|x64.Build.0 = Release|x64
		{D04F9B8C-1D1F-4F92-AF06-EC5599D8F9D7}.Release|x86.ActiveCfg = Release|x86
		{D04F9B8C-1D1F-4F92-AF06-EC5599D8F9D7}.Release|x86.Build.0 = Release|x86
		{4E7CA86D-1E3C-47BE-88F2-B2767AC5A557}.Debug|Any CPU.ActiveCfg = Debug|x64
		{4E7CA86D-1E3C-47BE-88F2-B2767AC5A557}.Debug|Win32.ActiveCfg = Debug|Win32
		{4E7CA86D-1E3C-47BE-88F2-B2767AC5A557}.Debug|Win32.Build.0 = Debug|Win32
		{4E7CA86D-1E3C-47BE-88F2-B2767AC5A557}.Debug|x64.ActiveCfg = Debug|x64
		{4E7CA86D-1E3C-47BE-88F2-B2767AC5A557}.Debug|x64.Build.0 = Debug|x64
		{4E7CA86D-1E3C-47BE-88F2-B2767AC5A557}.Debug|x86.ActiveCfg = Debug|Win32
		{4E7CA86D-1E3C-47BE-88F2-B2767AC5A557}.Debug|x86.Build.0 = Debug|Win32
		{4E7CA86D-1E3C-47BE-88F2-B2767AC5A557}.Release|Any CPU.ActiveCfg = Release|Win32
		{4E7CA86D-1E3C-47BE-88F2-B2767AC5A557}.Release|Win32.ActiveCfg = Release|Win32
		{4E7CA86D-1E3C-47BE-88F2-B2767AC5A557}.Release|Win32.Build.0 = Release|Win32
		{4E7CA86D-1E3C-47BE-88F2-B2767AC5A557}.Release|x64.ActiveCfg = Release|x64
		{4E7CA86D-1E3C-47BE-88F2-B2767AC5A557}.Release|x64.Build.0 = Release|x64
		{4E7CA86D-1E3C-47BE-88F2-B2767AC5A557}.Release|x86.ActiveCfg = Release|Win32
		{4E7CA86D-1E3C-47BE-88F2-B2767AC5A557}.Release|x86.Build.0 = Release|Win32
	EndGlobalSection
	GlobalSection(SolutionProperties) = preSolution
		HideSolutionNode = FALSE
	EndGlobalSection
	GlobalSection(NestedProjects) = preSolution
		{6821A4E0-62F3-4955-8A20-2F10A7A35571} = {9C1FABDE-5CEC-4A3B-9E75-EB06BA1892B6}
		{D53CA513-DA98-4F45-894F-6A2A509A6F61} = {9C1FABDE-5CEC-4A3B-9E75-EB06BA1892B6}
		{589E34A5-DDE7-4AFF-9D53-EAB88F9F389F} = {9C1FABDE-5CEC-4A3B-9E75-EB06BA1892B6}
		{E683D03A-0B1C-4430-B223-763F4B47F04F} = {9C1FABDE-5CEC-4A3B-9E75-EB06BA1892B6}
		{A823EADD-2E45-4D0A-A4FA-E6D989709752} = {9C1FABDE-5CEC-4A3B-9E75-EB06BA1892B6}
		{79A21F36-8D38-447B-B475-BF6E8BC97F55} = {9C1FABDE-5CEC-4A3B-9E75-EB06BA1892B6}
		{B20C445B-DA40-4AC1-A524-7BD8CFF46055} = {9C1FABDE-5CEC-4A3B-9E75-EB06BA1892B6}
		{79BD5B89-FAFE-4F2E-BC9C-A448174F28EE} = {9C1FABDE-5CEC-4A3B-9E75-EB06BA1892B6}
		{32F8174B-12F1-4641-AC1A-6FB3DB0485D9} = {9C1FABDE-5CEC-4A3B-9E75-EB06BA1892B6}
		{62AAFF7F-D766-4CD3-8800-18B2E1836EE2} = {9C1FABDE-5CEC-4A3B-9E75-EB06BA1892B6}
		{91410327-87A6-42DA-AC54-C18873A2BF28} = {9C1FABDE-5CEC-4A3B-9E75-EB06BA1892B6}
		{6FF29AA9-639B-4DD9-AFCF-BA2411AEF0A6} = {9C1FABDE-5CEC-4A3B-9E75-EB06BA1892B6}
		{AA6FD96B-EC78-4586-9CA7-1DEA01182AC9} = {9C1FABDE-5CEC-4A3B-9E75-EB06BA1892B6}
		{A8DAE3FE-69CF-4047-862C-E238E5622260} = {9C1FABDE-5CEC-4A3B-9E75-EB06BA1892B6}
		{A9F4103F-4D95-40A8-8685-7C33659A03A0} = {9C1FABDE-5CEC-4A3B-9E75-EB06BA1892B6}
		{5A396AF5-AD77-41CF-8C94-7571A9833F97} = {9C1FABDE-5CEC-4A3B-9E75-EB06BA1892B6}
		{4AC9715E-3B7C-476F-A5A1-8FEBC9FEAE06} = {9C1FABDE-5CEC-4A3B-9E75-EB06BA1892B6}
		{55D6964A-9E2B-4FAF-BF3D-BD1CFEBB9038} = {9C1FABDE-5CEC-4A3B-9E75-EB06BA1892B6}
		{C231160A-555C-4DAE-A25B-6178E492EE8D} = {9C1FABDE-5CEC-4A3B-9E75-EB06BA1892B6}
		{703F8A33-81D8-464F-93FF-EF313C0D5C97} = {9C1FABDE-5CEC-4A3B-9E75-EB06BA1892B6}
		{4E7CA86D-1E3C-47BE-88F2-B2767AC5A557} = {9C1FABDE-5CEC-4A3B-9E75-EB06BA1892B6}
		{9DDCEE88-2D96-491E-8D64-876AE183C7CC} = {D5F09DD5-98D0-4389-BE3F-1B6779F306BD}
		{20E47E10-8F4D-47A7-8E5D-9DDE69F71C66} = {D5F09DD5-98D0-4389-BE3F-1B6779F306BD}
		{277C41AF-EC61-47BF-BC59-10C6329CD0B3} = {D5F09DD5-98D0-4389-BE3F-1B6779F306BD}
		{70E18C43-9E62-4D64-91E2-747A239BF9B4} = {D5F09DD5-98D0-4389-BE3F-1B6779F306BD}
		{349C8F44-6F3F-47E3-8599-C0BCA956BDCA} = {D5F09DD5-98D0-4389-BE3F-1B6779F306BD}
		{07B8B18E-31A8-4B7F-8C26-D759616FA26F} = {D5F09DD5-98D0-4389-BE3F-1B6779F306BD}
		{6DA61450-0FDC-4E8A-8603-A70E459390D3} = {D5F09DD5-98D0-4389-BE3F-1B6779F306BD}
		{9BBEADA8-AE18-42A5-AB55-1EC34203B545} = {D5F09DD5-98D0-4389-BE3F-1B6779F306BD}
		{9C5074A9-614A-4276-82AF-2098F4A26D5A} = {D5F09DD5-98D0-4389-BE3F-1B6779F306BD}
		{F4DBDE30-7495-4C16-92F6-703DB9469AC8} = {D5F09DD5-98D0-4389-BE3F-1B6779F306BD}
		{D3E8AD28-81FD-4A18-BF7B-D13B473A28F5} = {D5F09DD5-98D0-4389-BE3F-1B6779F306BD}
		{32918C0A-9188-4ED0-A7BF-C733C5F70A21} = {D5F09DD5-98D0-4389-BE3F-1B6779F306BD}
		{D04F9B8C-1D1F-4F92-AF06-EC5599D8F9D7} = {D5F09DD5-98D0-4389-BE3F-1B6779F306BD}
		{0E2291D6-937C-47C6-992A-33035FBAC8CC} = {BECA5205-2F89-4AA9-8300-2D6E3296353B}
		{8EA01BA2-F0B0-42E1-9077-580314174432} = {BECA5205-2F89-4AA9-8300-2D6E3296353B}
		{F1C8FF7F-B281-4086-B73D-44961587F65E} = {BECA5205-2F89-4AA9-8300-2D6E3296353B}
		{4D470DBD-0A48-4CC7-ACC0-26AE3A531E81} = {BECA5205-2F89-4AA9-8300-2D6E3296353B}
		{0A5AEF6F-03E9-4E9C-8A24-5D831D620270} = {BECA5205-2F89-4AA9-8300-2D6E3296353B}
		{787B31AF-8AD5-4ACE-8F9F-A18D204B4392} = {BECA5205-2F89-4AA9-8300-2D6E3296353B}
		{A522A710-4B96-4B5B-895A-D47EBCF04A67} = {54258C88-C30D-43AB-B7AF-98DEA1D73711}
		{A59B57AC-651D-4B6F-B112-0AD31668106A} = {54258C88-C30D-43AB-B7AF-98DEA1D73711}
		{5D5FF269-7D43-4616-9AD4-3FE00B6F94F0} = {54258C88-C30D-43AB-B7AF-98DEA1D73711}
		{88B62C1B-461A-45B5-B80E-CC8BB105B0CC} = {54258C88-C30D-43AB-B7AF-98DEA1D73711}
		{EDD302C1-1D78-497A-9343-9D83DC1D5034} = {54258C88-C30D-43AB-B7AF-98DEA1D73711}
	EndGlobalSection
EndGlobal
