Microsoft Visual Studio Solution File, Format Version 12.00
# Visual Studio 2013
Project("{FAE04EC0-301F-11D3-BF4B-00C04F79EFBC}") = "GrabCallbackEx_VB.Net", "GrabCallbackEx_VB.Net_vs2013.vbproj", "{787B31AF-8AD5-4ACE-8F9F-A18D204B4392}"
EndProject
Global
	GlobalSection(SolutionConfigurationPlatforms) = preSolution
		Debug|x64 = Debug|x64
		Debug|x86 = Debug|x86
		Release|x64 = Release|x64
		Release|x86 = Release|x86
	EndGlobalSection
	GlobalSection(ProjectConfigurationPlatforms) = postSolution
		{787B31AF-8AD5-4ACE-8F9F-A18D204B4392}.Debug|x64.ActiveCfg = Debug|x64
		{787B31AF-8AD5-4ACE-8F9F-A18D204B4392}.Debug|x64.Build.0 = Debug|x64
		{787B31AF-8AD5-4ACE-8F9F-A18D204B4392}.Debug|x86.ActiveCfg = Debug|x86
		{787B31AF-8AD5-4ACE-8F9F-A18D204B4392}.Debug|x86.Build.0 = Debug|x86
		{787B31AF-8AD5-4ACE-8F9F-A18D204B4392}.Release|x64.ActiveCfg = Release|x64
		{787B31AF-8AD5-4ACE-8F9F-A18D204B4392}.Release|x64.Build.0 = Release|x64
		{787B31AF-8AD5-4ACE-8F9F-A18D204B4392}.Release|x86.ActiveCfg = Release|x86
		{787B31AF-8AD5-4ACE-8F9F-A18D204B4392}.Release|x86.Build.0 = Release|x86
	EndGlobalSection
	GlobalSection(SolutionProperties) = preSolution
		HideSolutionNode = FALSE
	EndGlobalSection
EndGlobal
