Microsoft Visual Studio Solution File, Format Version 12.00
# Visual Studio 2015
Project("{FAE04EC0-301F-11D3-BF4B-00C04F79EFBC}") = "EventsEx_CSharp", "EventsEx_CSharp_vs2015.csproj", "{F79B77DA-6327-E59E-6C38-6893D842419F}"
EndProject
Project("{FAE04EC0-301F-11D3-BF4B-00C04F79EFBC}") = "FlyCapture2SimpleGUI_CSharp", "..\FlyCapture2SimpleGUI_CSharp\FlyCapture2SimpleGUI_CSharp_vs2015.csproj", "{851056FF-F11D-84E5-7A04-80D0E610509C}"
EndProject
Project("{FAE04EC0-301F-11D3-BF4B-00C04F79EFBC}") = "FlyCapture2SimpleGUI_WPF", "..\FlyCapture2SimpleGUI_WPF\FlyCapture2SimpleGUI_WPF_vs2015.csproj", "{912037D3-7D45-8653-A690-6BE392148571}"
EndProject
Global
	GlobalSection(SolutionConfigurationPlatforms) = preSolution
		Debug|x64 = Debug|x64
		Debug|x86 = Debug|x86
		Release|x64 = Release|x64
		Release|x86 = Release|x86
	EndGlobalSection
	GlobalSection(ProjectConfigurationPlatforms) = postSolution
		{F79B77DA-6327-E59E-6C38-6893D842419F}.Debug|x64.ActiveCfg = Debug|x64
		{F79B77DA-6327-E59E-6C38-6893D842419F}.Debug|x64.Build.0 = Debug|x64
		{F79B77DA-6327-E59E-6C38-6893D842419F}.Debug|x86.ActiveCfg = Debug|x86
		{F79B77DA-6327-E59E-6C38-6893D842419F}.Debug|x86.Build.0 = Debug|x86
		{F79B77DA-6327-E59E-6C38-6893D842419F}.Release|x64.ActiveCfg = Release|x64
		{F79B77DA-6327-E59E-6C38-6893D842419F}.Release|x64.Build.0 = Release|x64
		{F79B77DA-6327-E59E-6C38-6893D842419F}.Release|x86.ActiveCfg = Release|x86
		{F79B77DA-6327-E59E-6C38-6893D842419F}.Release|x86.Build.0 = Release|x86
		{851056FF-F11D-84E5-7A04-80D0E610509C}.Debug|x64.ActiveCfg = Debug|x64
		{851056FF-F11D-84E5-7A04-80D0E610509C}.Debug|x64.Build.0 = Debug|x64
		{851056FF-F11D-84E5-7A04-80D0E610509C}.Debug|x86.ActiveCfg = Debug|x86
		{851056FF-F11D-84E5-7A04-80D0E610509C}.Debug|x86.Build.0 = Debug|x86
		{851056FF-F11D-84E5-7A04-80D0E610509C}.Release|x64.ActiveCfg = Release|x64
		{851056FF-F11D-84E5-7A04-80D0E610509C}.Release|x64.Build.0 = Release|x64
		{851056FF-F11D-84E5-7A04-80D0E610509C}.Release|x86.ActiveCfg = Release|x86
		{851056FF-F11D-84E5-7A04-80D0E610509C}.Release|x86.Build.0 = Release|x86
		{912037D3-7D45-8653-A690-6BE392148571}.Debug|x64.ActiveCfg = Debug|x64
		{912037D3-7D45-8653-A690-6BE392148571}.Debug|x64.Build.0 = Debug|x64
		{912037D3-7D45-8653-A690-6BE392148571}.Debug|x86.ActiveCfg = Debug|x86
		{912037D3-7D45-8653-A690-6BE392148571}.Debug|x86.Build.0 = Debug|x86
		{912037D3-7D45-8653-A690-6BE392148571}.Release|x64.ActiveCfg = Release|x64
		{912037D3-7D45-8653-A690-6BE392148571}.Release|x64.Build.0 = Release|x64
		{912037D3-7D45-8653-A690-6BE392148571}.Release|x86.ActiveCfg = Release|x86
		{912037D3-7D45-8653-A690-6BE392148571}.Release|x86.Build.0 = Release|x86
	EndGlobalSection
	GlobalSection(SolutionProperties) = preSolution
		HideSolutionNode = FALSE
	EndGlobalSection
EndGlobal
