
Microsoft Visual Studio Solution File, Format Version 11.00
# Visual Studio 2010
Project("{FAE04EC0-301F-11D3-BF4B-00C04F79EFBC}") = "AsyncTriggerEx_CSharp_2010", "AsyncTriggerEx_CSharp_2010.csproj", "{9DDCEE88-2D96-491E-8D64-876AE183C7CC}"
EndProject
Global
	GlobalSection(SolutionConfigurationPlatforms) = preSolution
		Debug|Any CPU = Debug|Any CPU
		Debug|x64 = Debug|x64
		Debug|x86 = Debug|x86
		Release|Any CPU = Release|Any CPU
		Release|x64 = Release|x64
		Release|x86 = Release|x86
	EndGlobalSection
	GlobalSection(ProjectConfigurationPlatforms) = postSolution
		{9DDCEE88-2D96-491E-8D64-876AE183C7CC}.Debug|Any CPU.ActiveCfg = Debug|Any CPU
		{9DDCEE88-2D96-491E-8D64-876AE183C7CC}.Debug|Any CPU.Build.0 = Debug|Any CPU
		{9DDCEE88-2D96-491E-8D64-876AE183C7CC}.Debug|x64.ActiveCfg = Debug|x64
		{9DDCEE88-2D96-491E-8D64-876AE183C7CC}.Debug|x64.Build.0 = Debug|x64
		{9DDCEE88-2D96-491E-8D64-876AE183C7CC}.Debug|x86.ActiveCfg = Debug|x86
		{9DDCEE88-2D96-491E-8D64-876AE183C7CC}.Debug|x86.Build.0 = Debug|x86
		{9DDCEE88-2D96-491E-8D64-876AE183C7CC}.Release|Any CPU.ActiveCfg = Release|Any CPU
		{9DDCEE88-2D96-491E-8D64-876AE183C7CC}.Release|Any CPU.Build.0 = Release|Any CPU
		{9DDCEE88-2D96-491E-8D64-876AE183C7CC}.Release|x64.ActiveCfg = Release|x64
		{9DDCEE88-2D96-491E-8D64-876AE183C7CC}.Release|x64.Build.0 = Release|x64
		{9DDCEE88-2D96-491E-8D64-876AE183C7CC}.Release|x86.ActiveCfg = Release|x86
		{9DDCEE88-2D96-491E-8D64-876AE183C7CC}.Release|x86.Build.0 = Release|x86
	EndGlobalSection
	GlobalSection(SolutionProperties) = preSolution
		HideSolutionNode = FALSE
	EndGlobalSection
EndGlobal
