
Microsoft Visual Studio Solution File, Format Version 12.00
# Visual Studio 14
VisualStudioVersion = 14.0.24720.0
MinimumVisualStudioVersion = 10.0.40219.1
Project("{FAE04EC0-301F-11D3-BF4B-00C04F79EFBC}") = "AsyncTriggerEx_VB.Net_vs2015", "AsyncTriggerEx_VB.Net_vs2015.vbproj", "{0E2291D6-937C-47C6-992A-33035FBAC8CC}"
EndProject
Global
	GlobalSection(SolutionConfigurationPlatforms) = preSolution
		Debug|x64 = Debug|x64
		Debug|x86 = Debug|x86
		Release|x64 = Release|x64
		Release|x86 = Release|x86
	EndGlobalSection
	GlobalSection(ProjectConfigurationPlatforms) = postSolution
		{0E2291D6-937C-47C6-992A-33035FBAC8CC}.Debug|x64.ActiveCfg = Debug|x64
		{0E2291D6-937C-47C6-992A-33035FBAC8CC}.Debug|x64.Build.0 = Debug|x64
		{0E2291D6-937C-47C6-992A-33035FBAC8CC}.Debug|x86.ActiveCfg = Debug|x86
		{0E2291D6-937C-47C6-992A-33035FBAC8CC}.Debug|x86.Build.0 = Debug|x86
		{0E2291D6-937C-47C6-992A-33035FBAC8CC}.Release|x64.ActiveCfg = Release|x64
		{0E2291D6-937C-47C6-992A-33035FBAC8CC}.Release|x64.Build.0 = Release|x64
		{0E2291D6-937C-47C6-992A-33035FBAC8CC}.Release|x86.ActiveCfg = Release|x86
		{0E2291D6-937C-47C6-992A-33035FBAC8CC}.Release|x86.Build.0 = Release|x86
	EndGlobalSection
	GlobalSection(SolutionProperties) = preSolution
		HideSolutionNode = FALSE
	EndGlobalSection
EndGlobal
